{"version":4,"terraform_version":"1.11.2","serial":27,"lineage":"a257bf3b-03bd-4a1d-a382-188631baae12","outputs":{"jump_server_public_ip":{"value":"52.59.236.127","type":"string"},"jump_server_ssh_command":{"value":"ssh -i cnd-prod-eks-jump-server-key.pem ec2-user@52.59.236.127","type":"string"},"private_key_path":{"value":"./cnd-prod-eks-jump-server-key.pem","type":"string"}},"resources":[{"mode":"data","type":"aws_ami","name":"amazon_linux","provider":"provider[\"registry.opentofu.org/hashicorp/aws\"]","instances":[{"schema_version":0,"attributes":{"allow_unsafe_filter":null,"architecture":"x86_64","arn":"arn:aws:ec2:eu-central-1::image/ami-0ce4c51a88450da52","block_device_mappings":[{"device_name":"/dev/xvda","ebs":{"delete_on_termination":"true","encrypted":"false","iops":"3000","snapshot_id":"snap-0b74978feff2ef4b0","throughput":"125","volume_initialization_rate":"0","volume_size":"30","volume_type":"gp3"},"no_device":"","virtual_name":""}],"boot_mode":"uefi-preferred","creation_date":"2025-12-18T01:56:12.000Z","deprecation_time":"2027-12-18T01:56:12.000Z","description":"Amazon Linux AMI 2023.0.20251217 x86_64 ECS HVM EBS","ena_support":true,"executable_users":null,"filter":[{"name":"name","values":["al2023-ami-*-x86_64"]},{"name":"virtualization-type","values":["hvm"]}],"hypervisor":"xen","id":"ami-0ce4c51a88450da52","image_id":"ami-0ce4c51a88450da52","image_location":"amazon/al2023-ami-ecs-neuron-hvm-2023.0.20251217-kernel-6.1-x86_64","image_owner_alias":"amazon","image_type":"machine","imds_support":"v2.0","include_deprecated":false,"kernel_id":"","last_launched_time":"","most_recent":true,"name":"al2023-ami-ecs-neuron-hvm-2023.0.20251217-kernel-6.1-x86_64","name_regex":null,"owner_id":"591542846629","owners":["amazon"],"platform":"","platform_details":"Linux/UNIX","product_codes":[],"public":true,"ramdisk_id":"","region":"eu-central-1","root_device_name":"/dev/xvda","root_device_type":"ebs","root_snapshot_id":"snap-0b74978feff2ef4b0","sriov_net_support":"simple","state":"available","state_reason":{"code":"UNSET","message":"UNSET"},"tags":{},"timeouts":null,"tpm_support":"","uefi_data":null,"usage_operation":"RunInstances","virtualization_type":"hvm"},"sensitive_attributes":[]}]},{"mode":"data","type":"aws_availability_zones","name":"available","provider":"provider[\"registry.opentofu.org/hashicorp/aws\"]","instances":[{"schema_version":0,"attributes":{"all_availability_zones":null,"exclude_names":null,"exclude_zone_ids":null,"filter":null,"group_names":["eu-central-1-zg-1"],"id":"eu-central-1","names":["eu-central-1a","eu-central-1b","eu-central-1c"],"region":"eu-central-1","state":"available","timeouts":null,"zone_ids":["euc1-az2","euc1-az3","euc1-az1"]},"sensitive_attributes":[]}]},{"mode":"data","type":"aws_eks_cluster","name":"this","provider":"provider[\"registry.opentofu.org/hashicorp/aws\"]","instances":[{"schema_version":0,"attributes":{"access_config":[{"authentication_mode":"API_AND_CONFIG_MAP","bootstrap_cluster_creator_admin_permissions":true}],"arn":"arn:aws:eks:eu-central-1:758280076486:cluster/cnd-prod-eks","certificate_authority":[{"data":"LS0tLS1CRUdJTiBDRVJUSUZJQ0FURS0tLS0tCk1JSURCVENDQWUyZ0F3SUJBZ0lJYkVPQ0hCTHRYTXN3RFFZSktvWklodmNOQVFFTEJRQXdGVEVUTUJFR0ExVUUKQXhNS2EzVmlaWEp1WlhSbGN6QWVGdzB5TlRFeU1qa3hOakF5TXpGYUZ3MHpOVEV5TWpjeE5qQTNNekZhTUJVeApFekFSQmdOVkJBTVRDbXQxWW1WeWJtVjBaWE13Z2dFaU1BMEdDU3FHU0liM0RRRUJBUVVBQTRJQkR3QXdnZ0VLCkFvSUJBUUNmS0g0Q1pza2xsdGVkUDQ5N29hYkpnR0tNeW9sWVVVTndHV3NyWVp1cllwYTMvTitPVVFMakorN1MKaTJ6czhHcEpreWpDZ3RtSURqSUtQeG9nSGpJSkJHR1FYQUFZVlVVR2Z2T1RBekZndlZ6anRRMUNOQ21wUlVhcgpqNnM4ZU9zZ3doTUcxZ3ljZGQ1a3VvQmhsZkRHa3d1blA4eEgzODU4UUlpZUl0b1ZxZnozWll2Wm40bXBTbDZqCitCNy9GVmNseS9TMXBGN2I1K3QyWWtTTHIxbGFXbzVpdjFxV3NrYkxGeFF0eFdlR2YxSTN2VlRNc3ZGK2RWNWwKakIrM0trOE5EMTc1Y3RJOFZyYitwbDBjVjBDc1VFMnNVN1QvN1lEdUdBTWZIVlBFUmFJbmswd24yOFNqM1FRYgpJODh1T2pzcDR2Z2RXVmN1WmdKSnJGYVhjQjZ4QWdNQkFBR2pXVEJYTUE0R0ExVWREd0VCL3dRRUF3SUNwREFQCkJnTlZIUk1CQWY4RUJUQURBUUgvTUIwR0ExVWREZ1FXQkJSZGZ5WnMvajlMdFJCUWJvT0cycFQzbDVpS29UQVYKQmdOVkhSRUVEakFNZ2dwcmRXSmxjbTVsZEdWek1BMEdDU3FHU0liM0RRRUJDd1VBQTRJQkFRQ2VIcVlCQXIzTwpOTmJtZXU1Z0NOektidk5HS25CSVpLZlZQZHZVNk5mcE1HK2kwVlJEUDBuaEhVelorWVFDZ1BDb3R0NGNqQkY1CnVSWkNpNkJzdUIvdzNrKzhnTnNuR04xVUg2S1cyTzFHejZ5ZVI4cVdoc1I1VDJidjdjNjdSMU1ORXNjSWVEVlIKWkRaSjNFNjdYNXY4WXRlSDR0czZrNkkra3B4cUhPRXByaWxGWm1rMnRhUE50N2Y5ajVqUmxzMDVseDZGbmpyZgp2WVJhVERiMkhBQ0VEclVmNXY2RjM0M3RKL0lCWHhtL2xyeGhBZjhMZC92clh6dDVIOER3Y0kyejZlRk82ZzRJCkpJWTY2MTZTVU9CN1ZITENrRTNiVVVjcVU0STJCN040eUVVOW0zeFkzTm51MkozUTV5UmorcVN5V2pIRDN4MEQKNTdPUGEwbDNZTVpICi0tLS0tRU5EIENFUlRJRklDQVRFLS0tLS0K"}],"cluster_id":null,"compute_config":[{"enabled":false,"node_pools":[],"node_role_arn":""}],"control_plane_scaling_config":[{"tier":"standard"}],"created_at":"2025-12-29T16:01:45Z","deletion_protection":false,"enabled_cluster_log_types":[],"endpoint":"https://E4421214751AD8DEDF5A2944BE03CF05.gr7.eu-central-1.eks.amazonaws.com","id":"cnd-prod-eks","identity":[{"oidc":[{"issuer":"https://oidc.eks.eu-central-1.amazonaws.com/id/E4421214751AD8DEDF5A2944BE03CF05"}]}],"kubernetes_network_config":[{"elastic_load_balancing":[{"enabled":false}],"ip_family":"ipv4","service_ipv4_cidr":"172.20.0.0/16","service_ipv6_cidr":""}],"name":"cnd-prod-eks","outpost_config":[],"platform_version":"eks.10","region":"eu-central-1","remote_network_config":[],"role_arn":"arn:aws:iam::758280076486:role/cnd-prod-eks-iam-role","status":"ACTIVE","storage_config":[{"block_storage":[{"enabled":false}]}],"tags":{},"upgrade_policy":[{"support_type":"EXTENDED"}],"version":"1.34","vpc_config":[{"cluster_security_group_id":"sg-06146225f0a8054c9","endpoint_private_access":false,"endpoint_public_access":true,"public_access_cidrs":["0.0.0.0/0"],"security_group_ids":["sg-045dea213a1d05be7"],"subnet_ids":["subnet-01172f6fab62d6851","subnet-027638245714e9233"],"vpc_id":"vpc-0e5aaec7c5afa57bc"}],"zonal_shift_config":[]},"sensitive_attributes":[]}]},{"mode":"data","type":"aws_eks_cluster_auth","name":"this","provider":"provider[\"registry.opentofu.org/hashicorp/aws\"]","instances":[{"schema_version":0,"attributes":{"id":"cnd-prod-eks","name":"cnd-prod-eks","region":"eu-central-1","token":"k8s-aws-v1.aHR0cHM6Ly9zdHMuZXUtY2VudHJhbC0xLmFtYXpvbmF3cy5jb20vP0FjdGlvbj1HZXRDYWxsZXJJZGVudGl0eSZWZXJzaW9uPTIwMTEtMDYtMTUmWC1BbXotQWxnb3JpdGhtPUFXUzQtSE1BQy1TSEEyNTYmWC1BbXotQ3JlZGVudGlhbD1BS0lBM0JESURYVERKR0RaV1dQNyUyRjIwMjUxMjI5JTJGZXUtY2VudHJhbC0xJTJGc3RzJTJGYXdzNF9yZXF1ZXN0JlgtQW16LURhdGU9MjAyNTEyMjlUMTgyMDM2WiZYLUFtei1FeHBpcmVzPTAmWC1BbXotU2lnbmVkSGVhZGVycz1ob3N0JTNCeC1rOHMtYXdzLWlkJlgtQW16LVNpZ25hdHVyZT1lOTM4ZDNkNDllM2Q5MGFhYmI2YjRiYWE5N2Q1Y2JmZDk5OTM5NmRmNjQwYWE5YmVhYzhjYmFjMDNjZWViNmI2"},"sensitive_attributes":[]}]},{"mode":"managed","type":"aws_eks_access_entry","name":"dev_role_access","provider":"provider[\"registry.opentofu.org/hashicorp/aws\"]","instances":[{"schema_version":0,"attributes":{"access_entry_arn":"arn:aws:eks:eu-central-1:758280076486:access-entry/cnd-prod-eks/role/758280076486/cnd-prod-eks-dev-admin/7acdb5ab-bf2d-1222-9179-12cecca02424","cluster_name":"cnd-prod-eks","created_at":"2025-12-29T18:20:54Z","id":"cnd-prod-eks:arn:aws:iam::758280076486:role/cnd-prod-eks-dev-admin","kubernetes_groups":[],"modified_at":"2025-12-29T18:20:54Z","principal_arn":"arn:aws:iam::758280076486:role/cnd-prod-eks-dev-admin","region":"eu-central-1","tags":null,"tags_all":{},"timeouts":null,"type":"STANDARD","user_name":"arn:aws:sts::758280076486:assumed-role/cnd-prod-eks-dev-admin/{{SessionName}}"},"sensitive_attributes":[],"private":"eyJlMmJmYjczMC1lY2FhLTExZTYtOGY4OC0zNDM2M2JjN2M0YzAiOnsiY3JlYXRlIjo2MDAwMDAwMDAwMDAsImRlbGV0ZSI6NjAwMDAwMDAwMDAwfX0=","dependencies":["aws_eks_cluster.cluster","aws_iam_role.cluster-iam-role","aws_iam_role.eks_dev_admin_role","aws_iam_role_policy_attachment.cluster-AmazonEKSClusterPolicy","aws_iam_role_policy_attachment.cluster-AmazonEKSVPCResourceController","aws_security_group.security-group","aws_subnet.subnet","aws_vpc.vpc","data.aws_availability_zones.available"]}]},{"mode":"managed","type":"aws_eks_access_entry","name":"jump_server_access","provider":"provider[\"registry.opentofu.org/hashicorp/aws\"]","instances":[{"schema_version":0,"attributes":{"access_entry_arn":"arn:aws:eks:eu-central-1:758280076486:access-entry/cnd-prod-eks/role/758280076486/cnd-prod-eks-jump-server-role/b4cdb56f-8e50-1b8c-3af4-6b923ca6bcda","cluster_name":"cnd-prod-eks","created_at":"2025-12-29T16:09:25Z","id":"cnd-prod-eks:arn:aws:iam::758280076486:role/cnd-prod-eks-jump-server-role","kubernetes_groups":[],"modified_at":"2025-12-29T16:09:25Z","principal_arn":"arn:aws:iam::758280076486:role/cnd-prod-eks-jump-server-role","region":"eu-central-1","tags":{},"tags_all":{},"timeouts":null,"type":"STANDARD","user_name":"arn:aws:sts::758280076486:assumed-role/cnd-prod-eks-jump-server-role/{{SessionName}}"},"sensitive_attributes":[],"private":"eyJlMmJmYjczMC1lY2FhLTExZTYtOGY4OC0zNDM2M2JjN2M0YzAiOnsiY3JlYXRlIjo2MDAwMDAwMDAwMDAsImRlbGV0ZSI6NjAwMDAwMDAwMDAwfX0=","dependencies":["aws_eks_cluster.cluster","aws_iam_role.cluster-iam-role","aws_iam_role.jump_server_role","aws_iam_role_policy_attachment.cluster-AmazonEKSClusterPolicy","aws_iam_role_policy_attachment.cluster-AmazonEKSVPCResourceController","aws_security_group.security-group","aws_subnet.subnet","aws_vpc.vpc","data.aws_availability_zones.available"]}]},{"mode":"managed","type":"aws_eks_access_policy_association","name":"dev_role_admin","provider":"provider[\"registry.opentofu.org/hashicorp/aws\"]","instances":[{"schema_version":0,"attributes":{"access_scope":[{"namespaces":null,"type":"cluster"}],"associated_at":"2025-12-29 18:20:55.61 +0000 UTC","cluster_name":"cnd-prod-eks","id":"cnd-prod-eks#arn:aws:iam::758280076486:role/cnd-prod-eks-dev-admin#arn:aws:eks::aws:cluster-access-policy/AmazonEKSClusterAdminPolicy","modified_at":"2025-12-29 18:20:55.61 +0000 UTC","policy_arn":"arn:aws:eks::aws:cluster-access-policy/AmazonEKSClusterAdminPolicy","principal_arn":"arn:aws:iam::758280076486:role/cnd-prod-eks-dev-admin","region":"eu-central-1","timeouts":null},"sensitive_attributes":[],"private":"eyJlMmJmYjczMC1lY2FhLTExZTYtOGY4OC0zNDM2M2JjN2M0YzAiOnsiY3JlYXRlIjo2MDAwMDAwMDAwMDAsImRlbGV0ZSI6NjAwMDAwMDAwMDAwfX0=","dependencies":["aws_eks_access_entry.dev_role_access","aws_eks_cluster.cluster","aws_iam_role.cluster-iam-role","aws_iam_role.eks_dev_admin_role","aws_iam_role_policy_attachment.cluster-AmazonEKSClusterPolicy","aws_iam_role_policy_attachment.cluster-AmazonEKSVPCResourceController","aws_security_group.security-group","aws_subnet.subnet","aws_vpc.vpc","data.aws_availability_zones.available"]}]},{"mode":"managed","type":"aws_eks_access_policy_association","name":"jump_server_admin","provider":"provider[\"registry.opentofu.org/hashicorp/aws\"]","instances":[{"schema_version":0,"attributes":{"access_scope":[{"namespaces":[],"type":"cluster"}],"associated_at":"2025-12-29 16:09:26.034 +0000 UTC","cluster_name":"cnd-prod-eks","id":"cnd-prod-eks#arn:aws:iam::758280076486:role/cnd-prod-eks-jump-server-role#arn:aws:eks::aws:cluster-access-policy/AmazonEKSClusterAdminPolicy","modified_at":"2025-12-29 16:09:26.034 +0000 UTC","policy_arn":"arn:aws:eks::aws:cluster-access-policy/AmazonEKSClusterAdminPolicy","principal_arn":"arn:aws:iam::758280076486:role/cnd-prod-eks-jump-server-role","region":"eu-central-1","timeouts":null},"sensitive_attributes":[],"private":"eyJlMmJmYjczMC1lY2FhLTExZTYtOGY4OC0zNDM2M2JjN2M0YzAiOnsiY3JlYXRlIjo2MDAwMDAwMDAwMDAsImRlbGV0ZSI6NjAwMDAwMDAwMDAwfX0=","dependencies":["aws_eks_cluster.cluster","aws_iam_role.cluster-iam-role","aws_iam_role.jump_server_role","aws_iam_role_policy_attachment.cluster-AmazonEKSClusterPolicy","aws_iam_role_policy_attachment.cluster-AmazonEKSVPCResourceController","aws_security_group.security-group","aws_subnet.subnet","aws_vpc.vpc","data.aws_availability_zones.available"]}]},{"mode":"managed","type":"aws_eks_cluster","name":"cluster","provider":"provider[\"registry.opentofu.org/hashicorp/aws\"]","instances":[{"schema_version":1,"attributes":{"access_config":[{"authentication_mode":"API_AND_CONFIG_MAP","bootstrap_cluster_creator_admin_permissions":false}],"arn":"arn:aws:eks:eu-central-1:758280076486:cluster/cnd-prod-eks","bootstrap_self_managed_addons":true,"certificate_authority":[{"data":"LS0tLS1CRUdJTiBDRVJUSUZJQ0FURS0tLS0tCk1JSURCVENDQWUyZ0F3SUJBZ0lJYkVPQ0hCTHRYTXN3RFFZSktvWklodmNOQVFFTEJRQXdGVEVUTUJFR0ExVUUKQXhNS2EzVmlaWEp1WlhSbGN6QWVGdzB5TlRFeU1qa3hOakF5TXpGYUZ3MHpOVEV5TWpjeE5qQTNNekZhTUJVeApFekFSQmdOVkJBTVRDbXQxWW1WeWJtVjBaWE13Z2dFaU1BMEdDU3FHU0liM0RRRUJBUVVBQTRJQkR3QXdnZ0VLCkFvSUJBUUNmS0g0Q1pza2xsdGVkUDQ5N29hYkpnR0tNeW9sWVVVTndHV3NyWVp1cllwYTMvTitPVVFMakorN1MKaTJ6czhHcEpreWpDZ3RtSURqSUtQeG9nSGpJSkJHR1FYQUFZVlVVR2Z2T1RBekZndlZ6anRRMUNOQ21wUlVhcgpqNnM4ZU9zZ3doTUcxZ3ljZGQ1a3VvQmhsZkRHa3d1blA4eEgzODU4UUlpZUl0b1ZxZnozWll2Wm40bXBTbDZqCitCNy9GVmNseS9TMXBGN2I1K3QyWWtTTHIxbGFXbzVpdjFxV3NrYkxGeFF0eFdlR2YxSTN2VlRNc3ZGK2RWNWwKakIrM0trOE5EMTc1Y3RJOFZyYitwbDBjVjBDc1VFMnNVN1QvN1lEdUdBTWZIVlBFUmFJbmswd24yOFNqM1FRYgpJODh1T2pzcDR2Z2RXVmN1WmdKSnJGYVhjQjZ4QWdNQkFBR2pXVEJYTUE0R0ExVWREd0VCL3dRRUF3SUNwREFQCkJnTlZIUk1CQWY4RUJUQURBUUgvTUIwR0ExVWREZ1FXQkJSZGZ5WnMvajlMdFJCUWJvT0cycFQzbDVpS29UQVYKQmdOVkhSRUVEakFNZ2dwcmRXSmxjbTVsZEdWek1BMEdDU3FHU0liM0RRRUJDd1VBQTRJQkFRQ2VIcVlCQXIzTwpOTmJtZXU1Z0NOektidk5HS25CSVpLZlZQZHZVNk5mcE1HK2kwVlJEUDBuaEhVelorWVFDZ1BDb3R0NGNqQkY1CnVSWkNpNkJzdUIvdzNrKzhnTnNuR04xVUg2S1cyTzFHejZ5ZVI4cVdoc1I1VDJidjdjNjdSMU1ORXNjSWVEVlIKWkRaSjNFNjdYNXY4WXRlSDR0czZrNkkra3B4cUhPRXByaWxGWm1rMnRhUE50N2Y5ajVqUmxzMDVseDZGbmpyZgp2WVJhVERiMkhBQ0VEclVmNXY2RjM0M3RKL0lCWHhtL2xyeGhBZjhMZC92clh6dDVIOER3Y0kyejZlRk82ZzRJCkpJWTY2MTZTVU9CN1ZITENrRTNiVVVjcVU0STJCN040eUVVOW0zeFkzTm51MkozUTV5UmorcVN5V2pIRDN4MEQKNTdPUGEwbDNZTVpICi0tLS0tRU5EIENFUlRJRklDQVRFLS0tLS0K"}],"cluster_id":null,"compute_config":[{"enabled":false,"node_pools":[],"node_role_arn":""}],"control_plane_scaling_config":[{"tier":"standard"}],"created_at":"2025-12-29T16:01:45Z","deletion_protection":false,"enabled_cluster_log_types":[],"encryption_config":[],"endpoint":"https://E4421214751AD8DEDF5A2944BE03CF05.gr7.eu-central-1.eks.amazonaws.com","force_update_version":null,"id":"cnd-prod-eks","identity":[{"oidc":[{"issuer":"https://oidc.eks.eu-central-1.amazonaws.com/id/E4421214751AD8DEDF5A2944BE03CF05"}]}],"kubernetes_network_config":[{"elastic_load_balancing":[{"enabled":false}],"ip_family":"ipv4","service_ipv4_cidr":"172.20.0.0/16","service_ipv6_cidr":""}],"name":"cnd-prod-eks","outpost_config":[],"platform_version":"eks.10","region":"eu-central-1","remote_network_config":[],"role_arn":"arn:aws:iam::758280076486:role/cnd-prod-eks-iam-role","status":"ACTIVE","storage_config":[{"block_storage":[{"enabled":false}]}],"tags":{},"tags_all":{},"timeouts":null,"upgrade_policy":[{"support_type":"EXTENDED"}],"version":"1.34","vpc_config":[{"cluster_security_group_id":"sg-06146225f0a8054c9","endpoint_private_access":false,"endpoint_public_access":true,"public_access_cidrs":["0.0.0.0/0"],"security_group_ids":["sg-045dea213a1d05be7"],"subnet_ids":["subnet-01172f6fab62d6851","subnet-027638245714e9233"],"vpc_id":"vpc-0e5aaec7c5afa57bc"}],"zonal_shift_config":[]},"sensitive_attributes":[],"private":"eyJlMmJmYjczMC1lY2FhLTExZTYtOGY4OC0zNDM2M2JjN2M0YzAiOnsiY3JlYXRlIjoxODAwMDAwMDAwMDAwLCJkZWxldGUiOjkwMDAwMDAwMDAwMCwidXBkYXRlIjozNjAwMDAwMDAwMDAwfSwic2NoZW1hX3ZlcnNpb24iOiIxIn0=","dependencies":["aws_iam_role.cluster-iam-role","aws_iam_role_policy_attachment.cluster-AmazonEKSClusterPolicy","aws_iam_role_policy_attachment.cluster-AmazonEKSVPCResourceController","aws_security_group.security-group","aws_subnet.subnet","aws_vpc.vpc","data.aws_availability_zones.available"]}]},{"mode":"managed","type":"aws_eks_node_group","name":"group","provider":"provider[\"registry.opentofu.org/hashicorp/aws\"]","instances":[{"schema_version":0,"attributes":{"ami_type":"AL2023_x86_64_STANDARD","arn":"arn:aws:eks:eu-central-1:758280076486:nodegroup/cnd-prod-eks/cnd-prod-eks-node-group/c8cdb56f-8e2b-ff72-b4cc-09df6dad010b","capacity_type":"ON_DEMAND","cluster_name":"cnd-prod-eks","disk_size":20,"force_update_version":null,"id":"cnd-prod-eks:cnd-prod-eks-node-group","instance_types":["t3.small"],"labels":{},"launch_template":[],"node_group_name":"cnd-prod-eks-node-group","node_group_name_prefix":"","node_repair_config":[],"node_role_arn":"arn:aws:iam::758280076486:role/cnd-prod-eks-node-iam-role","region":"eu-central-1","release_version":"1.34.2-20251217","remote_access":[],"resources":[{"autoscaling_groups":[{"name":"eks-cnd-prod-eks-node-group-c8cdb56f-8e2b-ff72-b4cc-09df6dad010b"}],"remote_access_security_group_id":""}],"scaling_config":[{"desired_size":2,"max_size":3,"min_size":2}],"status":"ACTIVE","subnet_ids":["subnet-01172f6fab62d6851","subnet-027638245714e9233"],"tags":{},"tags_all":{},"taint":[],"timeouts":null,"update_config":[{"max_unavailable":1,"max_unavailable_percentage":0,"update_strategy":""}],"version":"1.34"},"sensitive_attributes":[],"private":"eyJlMmJmYjczMC1lY2FhLTExZTYtOGY4OC0zNDM2M2JjN2M0YzAiOnsiY3JlYXRlIjozNjAwMDAwMDAwMDAwLCJkZWxldGUiOjM2MDAwMDAwMDAwMDAsInVwZGF0ZSI6MzYwMDAwMDAwMDAwMH19","dependencies":["aws_eks_cluster.cluster","aws_iam_role.cluster-iam-role","aws_iam_role.node-iam-role","aws_iam_role_policy_attachment.cluster-AmazonEKSClusterPolicy","aws_iam_role_policy_attachment.cluster-AmazonEKSVPCResourceController","aws_iam_role_policy_attachment.node-AmazonEC2ContainerRegistryReadOnly","aws_iam_role_policy_attachment.node-AmazonEKSWorkerNodePolicy","aws_iam_role_policy_attachment.node-AmazonEKS_CNI_Policy","aws_security_group.security-group","aws_subnet.subnet","aws_vpc.vpc","data.aws_availability_zones.available"]}]},{"mode":"managed","type":"aws_iam_instance_profile","name":"jump_server_profile","provider":"provider[\"registry.opentofu.org/hashicorp/aws\"]","instances":[{"schema_version":0,"attributes":{"arn":"arn:aws:iam::758280076486:instance-profile/cnd-prod-eks-jump-server-profile","create_date":"2025-12-29T14:02:05Z","id":"cnd-prod-eks-jump-server-profile","name":"cnd-prod-eks-jump-server-profile","name_prefix":"","path":"/","role":"cnd-prod-eks-jump-server-role","tags":{},"tags_all":{},"unique_id":"AIPA3BDIDXTDESC7LHS2Y"},"sensitive_attributes":[],"private":"bnVsbA==","dependencies":["aws_iam_role.jump_server_role"]}]},{"mode":"managed","type":"aws_iam_policy","name":"jump_server_eks_access","provider":"provider[\"registry.opentofu.org/hashicorp/aws\"]","instances":[{"schema_version":0,"attributes":{"arn":"arn:aws:iam::758280076486:policy/cnd-prod-eks-jump-server-eks-access","attachment_count":1,"description":"Policy for jump server to describe EKS clusters","id":"arn:aws:iam::758280076486:policy/cnd-prod-eks-jump-server-eks-access","name":"cnd-prod-eks-jump-server-eks-access","name_prefix":"","path":"/","policy":"{\"Statement\":[{\"Action\":[\"eks:DescribeCluster\",\"eks:ListClusters\"],\"Effect\":\"Allow\",\"Resource\":\"*\"}],\"Version\":\"2012-10-17\"}","policy_id":"ANPA3BDIDXTDLBFCSLNYJ","tags":{},"tags_all":{}},"sensitive_attributes":[],"private":"bnVsbA=="}]},{"mode":"managed","type":"aws_iam_role","name":"cluster-iam-role","provider":"provider[\"registry.opentofu.org/hashicorp/aws\"]","instances":[{"schema_version":0,"attributes":{"arn":"arn:aws:iam::758280076486:role/cnd-prod-eks-iam-role","assume_role_policy":"{\"Statement\":[{\"Action\":\"sts:AssumeRole\",\"Effect\":\"Allow\",\"Principal\":{\"Service\":\"eks.amazonaws.com\"}}],\"Version\":\"2012-10-17\"}","create_date":"2025-12-29T13:10:51Z","description":"","force_detach_policies":false,"id":"cnd-prod-eks-iam-role","inline_policy":[],"managed_policy_arns":["arn:aws:iam::aws:policy/AmazonEKSClusterPolicy","arn:aws:iam::aws:policy/AmazonEKSVPCResourceController"],"max_session_duration":3600,"name":"cnd-prod-eks-iam-role","name_prefix":"","path":"/","permissions_boundary":"","tags":{},"tags_all":{},"unique_id":"AROA3BDIDXTDJIUNOMCRX"},"sensitive_attributes":[],"private":"bnVsbA=="}]},{"mode":"managed","type":"aws_iam_role","name":"eks_dev_admin_role","provider":"provider[\"registry.opentofu.org/hashicorp/aws\"]","instances":[{"schema_version":0,"attributes":{"arn":"arn:aws:iam::758280076486:role/cnd-prod-eks-dev-admin","assume_role_policy":"{\"Statement\":[{\"Action\":\"sts:AssumeRole\",\"Effect\":\"Allow\",\"Principal\":{\"AWS\":\"arn:aws:iam::758280076486:user/steven\"}}],\"Version\":\"2012-10-17\"}","create_date":"2025-12-29T18:20:45Z","description":"","force_detach_policies":false,"id":"cnd-prod-eks-dev-admin","inline_policy":[],"managed_policy_arns":[],"max_session_duration":3600,"name":"cnd-prod-eks-dev-admin","name_prefix":"","path":"/","permissions_boundary":"","tags":null,"tags_all":{},"unique_id":"AROA3BDIDXTDJTZEPUFHP"},"sensitive_attributes":[],"private":"bnVsbA=="}]},{"mode":"managed","type":"aws_iam_role","name":"jump_server_role","provider":"provider[\"registry.opentofu.org/hashicorp/aws\"]","instances":[{"schema_version":0,"attributes":{"arn":"arn:aws:iam::758280076486:role/cnd-prod-eks-jump-server-role","assume_role_policy":"{\"Statement\":[{\"Action\":\"sts:AssumeRole\",\"Effect\":\"Allow\",\"Principal\":{\"Service\":\"ec2.amazonaws.com\"}}],\"Version\":\"2012-10-17\"}","create_date":"2025-12-29T14:02:05Z","description":"","force_detach_policies":false,"id":"cnd-prod-eks-jump-server-role","inline_policy":[],"managed_policy_arns":["arn:aws:iam::758280076486:policy/cnd-prod-eks-jump-server-eks-access"],"max_session_duration":3600,"name":"cnd-prod-eks-jump-server-role","name_prefix":"","path":"/","permissions_boundary":"","tags":{},"tags_all":{},"unique_id":"AROA3BDIDXTDA42KCYLUU"},"sensitive_attributes":[],"private":"bnVsbA=="}]},{"mode":"managed","type":"aws_iam_role","name":"node-iam-role","provider":"provider[\"registry.opentofu.org/hashicorp/aws\"]","instances":[{"schema_version":0,"attributes":{"arn":"arn:aws:iam::758280076486:role/cnd-prod-eks-node-iam-role","assume_role_policy":"{\"Statement\":[{\"Action\":\"sts:AssumeRole\",\"Effect\":\"Allow\",\"Principal\":{\"Service\":\"ec2.amazonaws.com\"}}],\"Version\":\"2012-10-17\"}","create_date":"2025-12-29T13:10:51Z","description":"","force_detach_policies":false,"id":"cnd-prod-eks-node-iam-role","inline_policy":[],"managed_policy_arns":["arn:aws:iam::aws:policy/AmazonEC2ContainerRegistryReadOnly","arn:aws:iam::aws:policy/AmazonEKSWorkerNodePolicy","arn:aws:iam::aws:policy/AmazonEKS_CNI_Policy"],"max_session_duration":3600,"name":"cnd-prod-eks-node-iam-role","name_prefix":"","path":"/","permissions_boundary":"","tags":{},"tags_all":{},"unique_id":"AROA3BDIDXTDHPUWQ2NF3"},"sensitive_attributes":[],"private":"bnVsbA=="}]},{"mode":"managed","type":"aws_iam_role_policy_attachment","name":"cluster-AmazonEKSClusterPolicy","provider":"provider[\"registry.opentofu.org/hashicorp/aws\"]","instances":[{"schema_version":0,"attributes":{"id":"cnd-prod-eks-iam-role/arn:aws:iam::aws:policy/AmazonEKSClusterPolicy","policy_arn":"arn:aws:iam::aws:policy/AmazonEKSClusterPolicy","role":"cnd-prod-eks-iam-role"},"sensitive_attributes":[],"private":"bnVsbA==","dependencies":["aws_iam_role.cluster-iam-role"]}]},{"mode":"managed","type":"aws_iam_role_policy_attachment","name":"cluster-AmazonEKSVPCResourceController","provider":"provider[\"registry.opentofu.org/hashicorp/aws\"]","instances":[{"schema_version":0,"attributes":{"id":"cnd-prod-eks-iam-role/arn:aws:iam::aws:policy/AmazonEKSVPCResourceController","policy_arn":"arn:aws:iam::aws:policy/AmazonEKSVPCResourceController","role":"cnd-prod-eks-iam-role"},"sensitive_attributes":[],"private":"bnVsbA==","dependencies":["aws_iam_role.cluster-iam-role"]}]},{"mode":"managed","type":"aws_iam_role_policy_attachment","name":"jump_server_eks_access","provider":"provider[\"registry.opentofu.org/hashicorp/aws\"]","instances":[{"schema_version":0,"attributes":{"id":"cnd-prod-eks-jump-server-role/arn:aws:iam::758280076486:policy/cnd-prod-eks-jump-server-eks-access","policy_arn":"arn:aws:iam::758280076486:policy/cnd-prod-eks-jump-server-eks-access","role":"cnd-prod-eks-jump-server-role"},"sensitive_attributes":[],"private":"bnVsbA==","dependencies":["aws_iam_policy.jump_server_eks_access","aws_iam_role.jump_server_role"]}]},{"mode":"managed","type":"aws_iam_role_policy_attachment","name":"node-AmazonEC2ContainerRegistryReadOnly","provider":"provider[\"registry.opentofu.org/hashicorp/aws\"]","instances":[{"schema_version":0,"attributes":{"id":"cnd-prod-eks-node-iam-role/arn:aws:iam::aws:policy/AmazonEC2ContainerRegistryReadOnly","policy_arn":"arn:aws:iam::aws:policy/AmazonEC2ContainerRegistryReadOnly","role":"cnd-prod-eks-node-iam-role"},"sensitive_attributes":[],"private":"bnVsbA==","dependencies":["aws_iam_role.node-iam-role"]}]},{"mode":"managed","type":"aws_iam_role_policy_attachment","name":"node-AmazonEKSWorkerNodePolicy","provider":"provider[\"registry.opentofu.org/hashicorp/aws\"]","instances":[{"schema_version":0,"attributes":{"id":"cnd-prod-eks-node-iam-role/arn:aws:iam::aws:policy/AmazonEKSWorkerNodePolicy","policy_arn":"arn:aws:iam::aws:policy/AmazonEKSWorkerNodePolicy","role":"cnd-prod-eks-node-iam-role"},"sensitive_attributes":[],"private":"bnVsbA==","dependencies":["aws_iam_role.node-iam-role"]}]},{"mode":"managed","type":"aws_iam_role_policy_attachment","name":"node-AmazonEKS_CNI_Policy","provider":"provider[\"registry.opentofu.org/hashicorp/aws\"]","instances":[{"schema_version":0,"attributes":{"id":"cnd-prod-eks-node-iam-role/arn:aws:iam::aws:policy/AmazonEKS_CNI_Policy","policy_arn":"arn:aws:iam::aws:policy/AmazonEKS_CNI_Policy","role":"cnd-prod-eks-node-iam-role"},"sensitive_attributes":[],"private":"bnVsbA==","dependencies":["aws_iam_role.node-iam-role"]}]},{"mode":"managed","type":"aws_instance","name":"jump_server","provider":"provider[\"registry.opentofu.org/hashicorp/aws\"]","instances":[{"schema_version":2,"attributes":{"ami":"ami-0ce4c51a88450da52","arn":"arn:aws:ec2:eu-central-1:758280076486:instance/i-0a30fea6e988346f6","associate_public_ip_address":true,"availability_zone":"eu-central-1a","capacity_reservation_specification":[{"capacity_reservation_preference":"open","capacity_reservation_target":[]}],"cpu_options":[{"amd_sev_snp":"","core_count":1,"threads_per_core":2}],"credit_specification":[{"cpu_credits":"unlimited"}],"disable_api_stop":false,"disable_api_termination":false,"ebs_block_device":[],"ebs_optimized":false,"enable_primary_ipv6":null,"enclave_options":[{"enabled":false}],"ephemeral_block_device":[],"force_destroy":false,"get_password_data":false,"hibernation":false,"host_id":"","host_resource_group_arn":null,"iam_instance_profile":"cnd-prod-eks-jump-server-profile","id":"i-0a30fea6e988346f6","instance_initiated_shutdown_behavior":"stop","instance_lifecycle":"","instance_market_options":[],"instance_state":"running","instance_type":"t3.micro","ipv6_address_count":0,"ipv6_addresses":[],"key_name":"cnd-prod-eks-jump-server-key","launch_template":[],"maintenance_options":[{"auto_recovery":"default"}],"metadata_options":[{"http_endpoint":"enabled","http_protocol_ipv6":"disabled","http_put_response_hop_limit":2,"http_tokens":"required","instance_metadata_tags":"disabled"}],"monitoring":false,"network_interface":[],"outpost_arn":"","password_data":"","placement_group":"","placement_group_id":"","placement_partition_number":0,"primary_network_interface":[{"delete_on_termination":true,"network_interface_id":"eni-08b3232afc6ba7dea"}],"primary_network_interface_id":"eni-08b3232afc6ba7dea","private_dns":"ip-10-0-0-10.eu-central-1.compute.internal","private_dns_name_options":[{"enable_resource_name_dns_a_record":false,"enable_resource_name_dns_aaaa_record":false,"hostname_type":"ip-name"}],"private_ip":"10.0.0.10","public_dns":"","public_ip":"52.59.236.127","region":"eu-central-1","root_block_device":[{"delete_on_termination":true,"device_name":"/dev/xvda","encrypted":false,"iops":3000,"kms_key_id":"","tags":{},"tags_all":{},"throughput":125,"volume_id":"vol-088094ccf9af1dd56","volume_size":30,"volume_type":"gp3"}],"secondary_private_ips":[],"security_groups":[],"source_dest_check":true,"spot_instance_request_id":"","subnet_id":"subnet-027638245714e9233","tags":{"Name":"cnd-prod-eks-jump-server"},"tags_all":{"Name":"cnd-prod-eks-jump-server"},"tenancy":"default","timeouts":null,"user_data":"#!/bin/bash\r\n\r\n# Update system\r\nyum update -y\r\n\r\n# Install kubectl\r\ncurl -LO \"https://dl.k8s.io/release/$(curl -L -s https://dl.k8s.io/release/stable.txt)/bin/linux/amd64/kubectl\"\r\nchmod +x kubectl\r\nmv kubectl /usr/local/bin/\r\n\r\n# Install helm\r\ncurl https://raw.githubusercontent.com/helm/helm/main/scripts/get-helm-3 | bash\r\n\r\n# Configure kubectl for ec2-user\r\nsu - ec2-user -c \"aws eks update-kubeconfig --region eu-central-1 --name cnd-prod-eks\"\r\n\r\n# Verify kubectl is working\r\nsu - ec2-user -c \"kubectl get nodes\" \u003e /tmp/kubectl-test.log 2\u003e\u00261 || true\r\n\r\n# Create welcome message\r\ncat \u003e /etc/motd \u003c\u003c'MOTD'\r\n================================\r\nEKS Jump Server Ready!\r\n================================\r\nkubectl is already configured!\r\n\r\nTry these commands:\r\nkubectl get nodes\r\nkubectl cluster-info\r\nkubectl get pods --all-namespaces\r\n================================\r\nMOTD\r\n","user_data_base64":null,"user_data_replace_on_change":false,"volume_tags":null,"vpc_security_group_ids":["sg-065edaa3a94b89d38"]},"sensitive_attributes":[],"private":"eyJlMmJmYjczMC1lY2FhLTExZTYtOGY4OC0zNDM2M2JjN2M0YzAiOnsiY3JlYXRlIjo2MDAwMDAwMDAwMDAsImRlbGV0ZSI6MTIwMDAwMDAwMDAwMCwicmVhZCI6OTAwMDAwMDAwMDAwLCJ1cGRhdGUiOjYwMDAwMDAwMDAwMH0sInNjaGVtYV92ZXJzaW9uIjoiMiJ9","dependencies":["aws_eks_cluster.cluster","aws_eks_node_group.group","aws_iam_instance_profile.jump_server_profile","aws_iam_role.cluster-iam-role","aws_iam_role.jump_server_role","aws_iam_role.node-iam-role","aws_iam_role_policy_attachment.cluster-AmazonEKSClusterPolicy","aws_iam_role_policy_attachment.cluster-AmazonEKSVPCResourceController","aws_iam_role_policy_attachment.node-AmazonEC2ContainerRegistryReadOnly","aws_iam_role_policy_attachment.node-AmazonEKSWorkerNodePolicy","aws_iam_role_policy_attachment.node-AmazonEKS_CNI_Policy","aws_key_pair.jump_server_key","aws_security_group.jump_server_sg","aws_security_group.security-group","aws_subnet.subnet","aws_vpc.vpc","data.aws_ami.amazon_linux","data.aws_availability_zones.available","tls_private_key.jump_server_key"]}]},{"mode":"managed","type":"aws_internet_gateway","name":"internet_gateway","provider":"provider[\"registry.opentofu.org/hashicorp/aws\"]","instances":[{"schema_version":0,"attributes":{"arn":"arn:aws:ec2:eu-central-1:758280076486:internet-gateway/igw-011a40a554edcc419","id":"igw-011a40a554edcc419","owner_id":"758280076486","region":"eu-central-1","tags":{"Name":"cnd-prod-eks-internet-gateway"},"tags_all":{"Name":"cnd-prod-eks-internet-gateway"},"timeouts":null,"vpc_id":"vpc-0e5aaec7c5afa57bc"},"sensitive_attributes":[],"private":"eyJlMmJmYjczMC1lY2FhLTExZTYtOGY4OC0zNDM2M2JjN2M0YzAiOnsiY3JlYXRlIjoxMjAwMDAwMDAwMDAwLCJkZWxldGUiOjEyMDAwMDAwMDAwMDAsInVwZGF0ZSI6MTIwMDAwMDAwMDAwMH19","dependencies":["aws_vpc.vpc"]}]},{"mode":"managed","type":"aws_key_pair","name":"jump_server_key","provider":"provider[\"registry.opentofu.org/hashicorp/aws\"]","instances":[{"schema_version":1,"attributes":{"arn":"arn:aws:ec2:eu-central-1:758280076486:key-pair/cnd-prod-eks-jump-server-key","fingerprint":"20:16:09:94:25:14:79:8d:82:73:b7:37:70:35:a3:da","id":"cnd-prod-eks-jump-server-key","key_name":"cnd-prod-eks-jump-server-key","key_name_prefix":"","key_pair_id":"key-09156536970cfd550","key_type":"rsa","public_key":"ssh-rsa AAAAB3NzaC1yc2EAAAADAQABAAACAQDVq5TUDV5fIFVi2ajU9hSCT2JrtZJrmGhGEdQbeJf9unn1fFtnYCIQSK4VJRxmzjYz6PpNgVZNAk5aK1/aWoZGFz9+RG4LothLYfa8mH9CUaXQ7Oe+ZcduSidc6i1sTbRuXgsgx/9wTfHHCv3r7HBUjYCA2DqnHEPtWnyvX0EAlpzG5MgNXPN20p78VxuiziWTOLEewic4fkDlp/Ecy0r/qNQd/PIwJ6Ohe0QkzEYCtvZAkZXuVcu5LL5dteSFMT/5vpVbBcd35SPYGfzmReto5tF/vb9eT1uuQm5AFfRyz9oV6YL1CxZo+MZGpgJu5N3zfYV5T5r7QQFKQexXZC0gKkhlF3xBhPSm53MoZdX6DJ9SOtZmBXHgawt9p3oSVpM5CdyVhyhsRHH7cFz0FnKM9y4JGs3k4H95A/MSd+s4lxhyxZPzgxKA8Mx3xcHpM8jgZTSC52GQBuaIm5CJNT+18PrnkXb9H7IljrZsvAXLcx5rdT9yvaHPIofBjFixAO6uRj9D4EYVOpLFntW2vsDlI+FLox5Xw4ZDMnDcjrLpsXvnsReeuEZhLoI6AFzuVDNdweY1/7ZCzMcVnj2KBEt79e7j9SLuTPy7tkhE/srlhOd/VZrdH7Dyk0TaEdf5um93tK4jSqMT++yju2MOv/z7Jp4sDjqoNBUUaELWGFLuew==","region":"eu-central-1","tags":{},"tags_all":{}},"sensitive_attributes":[],"private":"eyJzY2hlbWFfdmVyc2lvbiI6IjEifQ==","dependencies":["tls_private_key.jump_server_key"]}]},{"mode":"managed","type":"aws_route_table","name":"route_table","provider":"provider[\"registry.opentofu.org/hashicorp/aws\"]","instances":[{"schema_version":0,"attributes":{"arn":"arn:aws:ec2:eu-central-1:758280076486:route-table/rtb-0008ad0a0b4f34f37","id":"rtb-0008ad0a0b4f34f37","owner_id":"758280076486","propagating_vgws":[],"region":"eu-central-1","route":[{"carrier_gateway_id":"","cidr_block":"0.0.0.0/0","core_network_arn":"","destination_prefix_list_id":"","egress_only_gateway_id":"","gateway_id":"igw-011a40a554edcc419","ipv6_cidr_block":"","local_gateway_id":"","nat_gateway_id":"","network_interface_id":"","transit_gateway_id":"","vpc_endpoint_id":"","vpc_peering_connection_id":""}],"tags":{},"tags_all":{},"timeouts":null,"vpc_id":"vpc-0e5aaec7c5afa57bc"},"sensitive_attributes":[],"private":"eyJlMmJmYjczMC1lY2FhLTExZTYtOGY4OC0zNDM2M2JjN2M0YzAiOnsiY3JlYXRlIjozMDAwMDAwMDAwMDAsImRlbGV0ZSI6MzAwMDAwMDAwMDAwLCJ1cGRhdGUiOjEyMDAwMDAwMDAwMH19","dependencies":["aws_internet_gateway.internet_gateway","aws_vpc.vpc"]}]},{"mode":"managed","type":"aws_route_table_association","name":"route_table_association","provider":"provider[\"registry.opentofu.org/hashicorp/aws\"]","instances":[{"index_key":0,"schema_version":0,"attributes":{"gateway_id":"","id":"rtbassoc-0b178b74082ffbb1a","region":"eu-central-1","route_table_id":"rtb-0008ad0a0b4f34f37","subnet_id":"subnet-027638245714e9233","timeouts":null},"sensitive_attributes":[],"private":"eyJlMmJmYjczMC1lY2FhLTExZTYtOGY4OC0zNDM2M2JjN2M0YzAiOnsiY3JlYXRlIjozMDAwMDAwMDAwMDAsImRlbGV0ZSI6MzAwMDAwMDAwMDAwLCJ1cGRhdGUiOjEyMDAwMDAwMDAwMH19","dependencies":["aws_internet_gateway.internet_gateway","aws_route_table.route_table","aws_subnet.subnet","aws_vpc.vpc","data.aws_availability_zones.available"]},{"index_key":1,"schema_version":0,"attributes":{"gateway_id":"","id":"rtbassoc-0187e875eb0d44628","region":"eu-central-1","route_table_id":"rtb-0008ad0a0b4f34f37","subnet_id":"subnet-01172f6fab62d6851","timeouts":null},"sensitive_attributes":[],"private":"eyJlMmJmYjczMC1lY2FhLTExZTYtOGY4OC0zNDM2M2JjN2M0YzAiOnsiY3JlYXRlIjozMDAwMDAwMDAwMDAsImRlbGV0ZSI6MzAwMDAwMDAwMDAwLCJ1cGRhdGUiOjEyMDAwMDAwMDAwMH19","dependencies":["aws_internet_gateway.internet_gateway","aws_route_table.route_table","aws_subnet.subnet","aws_vpc.vpc","data.aws_availability_zones.available"]}]},{"mode":"managed","type":"aws_security_group","name":"jump_server_sg","provider":"provider[\"registry.opentofu.org/hashicorp/aws\"]","instances":[{"schema_version":1,"attributes":{"arn":"arn:aws:ec2:eu-central-1:758280076486:security-group/sg-065edaa3a94b89d38","description":"Security group for jump server","egress":[{"cidr_blocks":["0.0.0.0/0"],"description":"","from_port":0,"ipv6_cidr_blocks":[],"prefix_list_ids":[],"protocol":"-1","security_groups":[],"self":false,"to_port":0}],"id":"sg-065edaa3a94b89d38","ingress":[{"cidr_blocks":["0.0.0.0/0"],"description":"SSH from anywhere","from_port":22,"ipv6_cidr_blocks":[],"prefix_list_ids":[],"protocol":"tcp","security_groups":[],"self":false,"to_port":22}],"name":"cnd-prod-eks-jump-server-sg","name_prefix":"","owner_id":"758280076486","region":"eu-central-1","revoke_rules_on_delete":false,"tags":{"Name":"cnd-prod-eks-jump-server-sg"},"tags_all":{"Name":"cnd-prod-eks-jump-server-sg"},"timeouts":null,"vpc_id":"vpc-0e5aaec7c5afa57bc"},"sensitive_attributes":[],"private":"eyJlMmJmYjczMC1lY2FhLTExZTYtOGY4OC0zNDM2M2JjN2M0YzAiOnsiY3JlYXRlIjo2MDAwMDAwMDAwMDAsImRlbGV0ZSI6OTAwMDAwMDAwMDAwfSwic2NoZW1hX3ZlcnNpb24iOiIxIn0=","dependencies":["aws_vpc.vpc"]}]},{"mode":"managed","type":"aws_security_group","name":"security-group","provider":"provider[\"registry.opentofu.org/hashicorp/aws\"]","instances":[{"schema_version":1,"attributes":{"arn":"arn:aws:ec2:eu-central-1:758280076486:security-group/sg-045dea213a1d05be7","description":"Cluster communication with worker nodes","egress":[{"cidr_blocks":["0.0.0.0/0"],"description":"","from_port":0,"ipv6_cidr_blocks":[],"prefix_list_ids":[],"protocol":"-1","security_groups":[],"self":false,"to_port":0}],"id":"sg-045dea213a1d05be7","ingress":[{"cidr_blocks":[],"description":"Allow jumpserver to communicate with the cluster API Server","from_port":443,"ipv6_cidr_blocks":[],"prefix_list_ids":[],"protocol":"tcp","security_groups":["sg-065edaa3a94b89d38"],"self":false,"to_port":443}],"name":"cnd-prod-eks-security-group","name_prefix":"","owner_id":"758280076486","region":"eu-central-1","revoke_rules_on_delete":false,"tags":{"Name":"cnd-prod-eks"},"tags_all":{"Name":"cnd-prod-eks"},"timeouts":null,"vpc_id":"vpc-0e5aaec7c5afa57bc"},"sensitive_attributes":[],"private":"eyJlMmJmYjczMC1lY2FhLTExZTYtOGY4OC0zNDM2M2JjN2M0YzAiOnsiY3JlYXRlIjo2MDAwMDAwMDAwMDAsImRlbGV0ZSI6OTAwMDAwMDAwMDAwfSwic2NoZW1hX3ZlcnNpb24iOiIxIn0=","dependencies":["aws_vpc.vpc"]}]},{"mode":"managed","type":"aws_security_group_rule","name":"cluster_ingress_jumpserver_https","provider":"provider[\"registry.opentofu.org/hashicorp/aws\"]","instances":[{"schema_version":2,"attributes":{"cidr_blocks":null,"description":"Allow jumpserver to communicate with the cluster API Server","from_port":443,"id":"sgrule-2263055277","ipv6_cidr_blocks":null,"prefix_list_ids":null,"protocol":"tcp","region":"eu-central-1","security_group_id":"sg-045dea213a1d05be7","security_group_rule_id":"sgr-0e4daa61ac1b35307","self":false,"source_security_group_id":"sg-065edaa3a94b89d38","timeouts":null,"to_port":443,"type":"ingress"},"sensitive_attributes":[],"private":"eyJlMmJmYjczMC1lY2FhLTExZTYtOGY4OC0zNDM2M2JjN2M0YzAiOnsiY3JlYXRlIjozMDAwMDAwMDAwMDB9LCJzY2hlbWFfdmVyc2lvbiI6IjIifQ==","dependencies":["aws_eks_cluster.cluster","aws_iam_role.cluster-iam-role","aws_iam_role_policy_attachment.cluster-AmazonEKSClusterPolicy","aws_iam_role_policy_attachment.cluster-AmazonEKSVPCResourceController","aws_security_group.jump_server_sg","aws_security_group.security-group","aws_subnet.subnet","aws_vpc.vpc","data.aws_availability_zones.available"]}]},{"mode":"managed","type":"aws_subnet","name":"subnet","provider":"provider[\"registry.opentofu.org/hashicorp/aws\"]","instances":[{"index_key":0,"schema_version":1,"attributes":{"arn":"arn:aws:ec2:eu-central-1:758280076486:subnet/subnet-027638245714e9233","assign_ipv6_address_on_creation":false,"availability_zone":"eu-central-1a","availability_zone_id":"euc1-az2","cidr_block":"10.0.0.0/24","customer_owned_ipv4_pool":"","enable_dns64":false,"enable_lni_at_device_index":0,"enable_resource_name_dns_a_record_on_launch":false,"enable_resource_name_dns_aaaa_record_on_launch":false,"id":"subnet-027638245714e9233","ipv6_cidr_block":"","ipv6_cidr_block_association_id":"","ipv6_native":false,"map_customer_owned_ip_on_launch":false,"map_public_ip_on_launch":true,"outpost_arn":"","owner_id":"758280076486","private_dns_hostname_type_on_launch":"ip-name","region":"eu-central-1","tags":{"Name":"cnd-prod-eks-subnet-0","kubernetes.io/cluster/cnd-prod-eks":"shared"},"tags_all":{"Name":"cnd-prod-eks-subnet-0","kubernetes.io/cluster/cnd-prod-eks":"shared"},"timeouts":null,"vpc_id":"vpc-0e5aaec7c5afa57bc"},"sensitive_attributes":[],"private":"eyJlMmJmYjczMC1lY2FhLTExZTYtOGY4OC0zNDM2M2JjN2M0YzAiOnsiY3JlYXRlIjo2MDAwMDAwMDAwMDAsImRlbGV0ZSI6MTIwMDAwMDAwMDAwMH0sInNjaGVtYV92ZXJzaW9uIjoiMSJ9","dependencies":["aws_vpc.vpc","data.aws_availability_zones.available"]},{"index_key":1,"schema_version":1,"attributes":{"arn":"arn:aws:ec2:eu-central-1:758280076486:subnet/subnet-01172f6fab62d6851","assign_ipv6_address_on_creation":false,"availability_zone":"eu-central-1b","availability_zone_id":"euc1-az3","cidr_block":"10.0.1.0/24","customer_owned_ipv4_pool":"","enable_dns64":false,"enable_lni_at_device_index":0,"enable_resource_name_dns_a_record_on_launch":false,"enable_resource_name_dns_aaaa_record_on_launch":false,"id":"subnet-01172f6fab62d6851","ipv6_cidr_block":"","ipv6_cidr_block_association_id":"","ipv6_native":false,"map_customer_owned_ip_on_launch":false,"map_public_ip_on_launch":true,"outpost_arn":"","owner_id":"758280076486","private_dns_hostname_type_on_launch":"ip-name","region":"eu-central-1","tags":{"Name":"cnd-prod-eks-subnet-1","kubernetes.io/cluster/cnd-prod-eks":"shared"},"tags_all":{"Name":"cnd-prod-eks-subnet-1","kubernetes.io/cluster/cnd-prod-eks":"shared"},"timeouts":null,"vpc_id":"vpc-0e5aaec7c5afa57bc"},"sensitive_attributes":[],"private":"eyJlMmJmYjczMC1lY2FhLTExZTYtOGY4OC0zNDM2M2JjN2M0YzAiOnsiY3JlYXRlIjo2MDAwMDAwMDAwMDAsImRlbGV0ZSI6MTIwMDAwMDAwMDAwMH0sInNjaGVtYV92ZXJzaW9uIjoiMSJ9","dependencies":["aws_vpc.vpc","data.aws_availability_zones.available"]}]},{"mode":"managed","type":"aws_vpc","name":"vpc","provider":"provider[\"registry.opentofu.org/hashicorp/aws\"]","instances":[{"schema_version":1,"attributes":{"arn":"arn:aws:ec2:eu-central-1:758280076486:vpc/vpc-0e5aaec7c5afa57bc","assign_generated_ipv6_cidr_block":false,"cidr_block":"10.0.0.0/16","default_network_acl_id":"acl-0e2dee79389903bea","default_route_table_id":"rtb-09125a23a5c435ec2","default_security_group_id":"sg-0d8826f8c703c67fc","dhcp_options_id":"dopt-0ef792c9a7131d7b8","enable_dns_hostnames":false,"enable_dns_support":true,"enable_network_address_usage_metrics":false,"id":"vpc-0e5aaec7c5afa57bc","instance_tenancy":"default","ipv4_ipam_pool_id":null,"ipv4_netmask_length":null,"ipv6_association_id":"","ipv6_cidr_block":"","ipv6_cidr_block_network_border_group":"","ipv6_ipam_pool_id":"","ipv6_netmask_length":0,"main_route_table_id":"rtb-09125a23a5c435ec2","owner_id":"758280076486","region":"eu-central-1","tags":{"Name":"cnd-prod-eks-vpc","kubernetes.io/cluster/cnd-prod-eks":"shared"},"tags_all":{"Name":"cnd-prod-eks-vpc","kubernetes.io/cluster/cnd-prod-eks":"shared"}},"sensitive_attributes":[],"private":"eyJzY2hlbWFfdmVyc2lvbiI6IjEifQ=="}]},{"mode":"managed","type":"local_file","name":"private_key","provider":"provider[\"registry.opentofu.org/hashicorp/local\"]","instances":[{"schema_version":0,"attributes":{"content":"-----BEGIN RSA PRIVATE KEY-----\nMIIJKQIBAAKCAgEA1auU1A1eXyBVYtmo1PYUgk9ia7WSa5hoRhHUG3iX/bp59Xxb\nZ2AiEEiuFSUcZs42M+j6TYFWTQJOWitf2lqGRhc/fkRuC6LYS2H2vJh/QlGl0Ozn\nvmXHbkonXOotbE20bl4LIMf/cE3xxwr96+xwVI2AgNg6pxxD7Vp8r19BAJacxuTI\nDVzzdtKe/Fcbos4lkzixHsInOH5A5afxHMtK/6jUHfzyMCejoXtEJMxGArb2QJGV\n7lXLuSy+XbXkhTE/+b6VWwXHd+Uj2Bn85kXraObRf72/Xk9brkJuQBX0cs/aFemC\n9QsWaPjGRqYCbuTd832FeU+a+0EBSkHsV2QtICpIZRd8QYT0pudzKGXV+gyfUjrW\nZgVx4GsLfad6ElaTOQnclYcobERx+3Bc9BZyjPcuCRrN5OB/eQPzEnfrOJcYcsWT\n84MSgPDMd8XB6TPI4GU0gudhkAbmiJuQiTU/tfD655F2/R+yJY62bLwFy3Mea3U/\ncr2hzyKHwYxYsQDurkY/Q+BGFTqSxZ7Vtr7A5SPhS6MeV8OGQzJw3I6y6bF757EX\nnrhGYS6COgBc7lQzXcHmNf+2QszHFZ49igRLe/Xu4/Ui7kz8u7ZIRP7K5YTnf1Wa\n3R+w8pNE2hHX+bpvd7SuI0qjE/vso7tjDr/8+yaeLA46qDQVFGhC1hhS7nsCAwEA\nAQKCAgABAXxDXUa+8uOEAhtJ2ViyXlZLxICKch63ibjyYihxANI3Jh02CN1QL09m\neRS/pSPbLbMT71JtLWAaC485c2ijZtOdMAxGkL8s56qmK5+Zu9GogJz8p/T+32l9\nBfstwdXiGR47SsW4jR1gvvwAAs5qj3n14U6xX7AwK1df6fZf3tWhGA2bBn985TPr\nYyuVohvKLB+lUeumV+3NRvObG5fgSTaqZ3jqYh1ikrZ4599CfwL8vdKzWwMI/Z1t\nyn/nYpp2/f8s/QN53IHFMCYhHV4k0cVVsRp4Aq6fTN/A/Hl4muLfbIh5x9IUr2sb\nhQeI5xnmXgZlUksb+KvdYh8PMEEIHgb9XKjRJRFsXwikMKf6Frg1XN1sRZuKRvnH\nkJyGtUOdNIFV6CJRhXG6bO+B02N5zNZIez5ae5gfIoy+JXSo05egAIbrpfNo1Elz\nGr+HT7hKBkcdCIU3YtI1XicvCzmKdwYVOCgEzOBA6YTN7RQFrZHV3Ea92kQqaRqn\nb2npaRexnY2nKLLaXmI7JjveyZD4iL0TjvaolB0jrfIclyyUz6PO7uGaiI4dqfBy\na3IIaGIDaYuVlQ0OpPYhOjzhmUhyPK3FZR7vwkRVvIJICMj4OAvqirWndmC2wBi2\nc5nlUtU2Wxm6+/pXwT/uUqg9xOUc4ll2v6z3nbLA1NzF1njcAQKCAQEA74n8dJn8\nfGYDzmyIcvJd+trw3ZOW2Cjt2s/RHqgkpA9VOgLSJkx9vyKdpFVfOFT5ialNM7v+\nB2MhytfpXW3j0K/LkQadAFoU6+aATnnuUDJZcnl+Giv4CVFe6t8LRQ5ezbUai/gP\nxv4NfRDLYfFnjPmYLa5fHKZngpyQ8KdJdVHs8h5uouLP8vZgE/ExOwtJU4BkQcIU\ne2QB8+TZABF4+Mth3dFRN/cG8R1/4Qk1zkB4W9hKID7xN7QTV11iKLk1rH0EvIfV\nj+Am4MlmspxNumBy7Dg7QukeSkApb/TvojSaEQLv48fSzW29FBdwqbAFwzobfRZb\nuyCZbP1rwuUsAQKCAQEA5FqB0nM8amtriQqWkuf4bnXk1ISqo7DFUzGusxC61lhZ\njC+5B+GckLhyaBeL034X8I+sHSU2+CRy4T8YV6SDc3eC+1vRbleD68WxmMdO6OX8\nujAuLoGZnn1bLfQhEvmVvFXH2BKr4L/jJjZ63NHKuH4W0Tt/f8YmQoKZhj6euZSz\nBD4djrNK5F1Ngb+TrJJCBPsBEljomu9kcOyodFlCEWGhDVTlOhDvJabQneoKVKPR\nby9sYgwcCxipLk4+IGjEUOgPcMIytZDA8bHd09rHE9rJgbPP5BpKRvlyjNpjhpEC\nuMHzVSimV9UkZu5S4AuV/XLrhizFEv7UF2YG937KewKCAQEA3UR/OU5M1rR9a58B\n4/xSJ7k6qdL9kissm+U/7KuxPQMU3QNiEBK0TWyyZeyeirCj2S/UqqdLHpPJ0U/k\nt3Mc79aTmiGbwYl0rfw8JUGoi9gWnBHyFEbtVd4eaaMjC+UcWbSjEwxPtqdS2mY7\nGPwfhS/CDOB350UndJUfpc1Bo+fLklPeKwSMxogjdAhmS34/e6yr77pRpTFaRGru\nsItzTY7Bll8WQTYk6XEwgTU6yIzxIRYIUwURWT00aI1QcQG0vOK3D1gCRGbwQtCH\n1xFfE3yoa9/9je89FaVzIYIGIbWpY3FtGuGori5ibD7CyVxZ1l7EqaWPkqmoT+9A\nLcX4AQKCAQEAwajwSKZqKmaHgGV2ZYhNbICXXJRWkxQrhO6xljMuAPJUn0spxMFV\nonaKsDSn5OkfLGjsMpuJDtD6jISSBGIFCTvl3X51EvstahrzDvqYtXO27cBGqjJH\nMd5mIYbVNd5tWpf1MA5FrgmOfq3dbMCPCAAHIdMvwhEuCWHxCaS5v/GYEJUNRCRR\n83IddVgfyU8QpmCo/AJi4mL777kE9AduvIbrqv7AmIocBvZ+Hi6KLFXyHDU/2bcj\nYVW8xQSeM6YmN+dWkO5hSxJET7XkxvLXusLl+hWgzXZuX9rVhxb/KPR6Nm5mC2a6\nC+s7QAAGUPQCdDut+tClIgLzpBRm/CaPWQKCAQALA0sxfE6vRcipiiRFfY/eiJtb\nzt0RpbT8Rsej0uAX8kNPh7f76oHHCQsZ2I9mddrcrOwLqHkQ+2OnFHaHpla28Gcn\nPIXxelHusVWgvPFytTArpxbonEvwwHwQcEQ72TpOaNpOJ3YO6A+/eV7M28IyNfFb\nhUH+NzEKfaPDnNC6NQAFAn0sxRq8Yv59gzwrvE8T9oGrOZFpsmCX4qgOOO8hLaib\n/JGdsuvFIRh3qLW3exDPi/c8lRlkkpnL8Qbbfuj9F1nhEEV2PNg7ABh6orEaoHys\nOlDinVvHmcih0hZN4ky6pPfNhvRJQmFYX9WGJDAzddJLWGzCnmiC4OuP1vmX\n-----END RSA PRIVATE KEY-----\n","content_base64":null,"content_base64sha256":"ZOqK4rBxzJvihypR012zxwI/tfd7JORNVaaE5yzZOm4=","content_base64sha512":"OFBMLIbN/jKAbJdeQwukn2BERwzJ2PaUQgKmddOB4dk68dmn+Ij+Nryf1qiK6NVkkvgDB2fbjldFvQbcjqWVxA==","content_md5":"3a7b97bdd57c5fc0c6c1a05200ee84a3","content_sha1":"aa78c2b23b56192f13b659050af30c7e8286d7fa","content_sha256":"64ea8ae2b071cc9be2872a51d35db3c7023fb5f77b24e44d55a684e72cd93a6e","content_sha512":"38504c2c86cdfe32806c975e430ba49f6044470cc9d8f6944202a675d381e1d93af1d9a7f888fe36bc9fd6a88ae8d56492f8030767db8e5745bd06dc8ea595c4","directory_permission":"0777","file_permission":"0400","filename":"./cnd-prod-eks-jump-server-key.pem","id":"aa78c2b23b56192f13b659050af30c7e8286d7fa","sensitive_content":null,"source":null},"sensitive_attributes":[[{"type":"get_attr","value":"content"}],[{"type":"get_attr","value":"sensitive_content"}]],"dependencies":["tls_private_key.jump_server_key"]}]},{"mode":"managed","type":"tls_private_key","name":"jump_server_key","provider":"provider[\"registry.opentofu.org/hashicorp/tls\"]","instances":[{"schema_version":1,"attributes":{"algorithm":"RSA","ecdsa_curve":"P224","id":"a1b80cb976016c6a9cece72b0751e78f374a1229","private_key_openssh":"-----BEGIN OPENSSH PRIVATE KEY-----\nb3BlbnNzaC1rZXktdjEAAAAABG5vbmUAAAAEbm9uZQAAAAAAAAABAAACFwAAAAdz\nc2gtcnNhAAAAAwEAAQAAAgEA1auU1A1eXyBVYtmo1PYUgk9ia7WSa5hoRhHUG3iX\n/bp59XxbZ2AiEEiuFSUcZs42M+j6TYFWTQJOWitf2lqGRhc/fkRuC6LYS2H2vJh/\nQlGl0OznvmXHbkonXOotbE20bl4LIMf/cE3xxwr96+xwVI2AgNg6pxxD7Vp8r19B\nAJacxuTIDVzzdtKe/Fcbos4lkzixHsInOH5A5afxHMtK/6jUHfzyMCejoXtEJMxG\nArb2QJGV7lXLuSy+XbXkhTE/+b6VWwXHd+Uj2Bn85kXraObRf72/Xk9brkJuQBX0\ncs/aFemC9QsWaPjGRqYCbuTd832FeU+a+0EBSkHsV2QtICpIZRd8QYT0pudzKGXV\n+gyfUjrWZgVx4GsLfad6ElaTOQnclYcobERx+3Bc9BZyjPcuCRrN5OB/eQPzEnfr\nOJcYcsWT84MSgPDMd8XB6TPI4GU0gudhkAbmiJuQiTU/tfD655F2/R+yJY62bLwF\ny3Mea3U/cr2hzyKHwYxYsQDurkY/Q+BGFTqSxZ7Vtr7A5SPhS6MeV8OGQzJw3I6y\n6bF757EXnrhGYS6COgBc7lQzXcHmNf+2QszHFZ49igRLe/Xu4/Ui7kz8u7ZIRP7K\n5YTnf1Wa3R+w8pNE2hHX+bpvd7SuI0qjE/vso7tjDr/8+yaeLA46qDQVFGhC1hhS\n7nsAAAc4YvAk/2LwJP8AAAAHc3NoLXJzYQAAAgEA1auU1A1eXyBVYtmo1PYUgk9i\na7WSa5hoRhHUG3iX/bp59XxbZ2AiEEiuFSUcZs42M+j6TYFWTQJOWitf2lqGRhc/\nfkRuC6LYS2H2vJh/QlGl0OznvmXHbkonXOotbE20bl4LIMf/cE3xxwr96+xwVI2A\ngNg6pxxD7Vp8r19BAJacxuTIDVzzdtKe/Fcbos4lkzixHsInOH5A5afxHMtK/6jU\nHfzyMCejoXtEJMxGArb2QJGV7lXLuSy+XbXkhTE/+b6VWwXHd+Uj2Bn85kXraObR\nf72/Xk9brkJuQBX0cs/aFemC9QsWaPjGRqYCbuTd832FeU+a+0EBSkHsV2QtICpI\nZRd8QYT0pudzKGXV+gyfUjrWZgVx4GsLfad6ElaTOQnclYcobERx+3Bc9BZyjPcu\nCRrN5OB/eQPzEnfrOJcYcsWT84MSgPDMd8XB6TPI4GU0gudhkAbmiJuQiTU/tfD6\n55F2/R+yJY62bLwFy3Mea3U/cr2hzyKHwYxYsQDurkY/Q+BGFTqSxZ7Vtr7A5SPh\nS6MeV8OGQzJw3I6y6bF757EXnrhGYS6COgBc7lQzXcHmNf+2QszHFZ49igRLe/Xu\n4/Ui7kz8u7ZIRP7K5YTnf1Wa3R+w8pNE2hHX+bpvd7SuI0qjE/vso7tjDr/8+yae\nLA46qDQVFGhC1hhS7nsAAAADAQABAAACAAEBfENdRr7y44QCG0nZWLJeVkvEgIpy\nHreJuPJiKHEA0jcmHTYI3VAvT2Z5FL+lI9stsxPvUm0tYBoLjzlzaKNm050wDEaQ\nvyznqqYrn5m70aiAnPyn9P7faX0F+y3B1eIZHjtKxbiNHWC+/AACzmqPefXhTrFf\nsDArV1/p9l/e1aEYDZsGf3zlM+tjK5WiG8osH6VR66ZX7c1G85sbl+BJNqpneOpi\nHWKStnjn30J/Avy90rNbAwj9nW3Kf+dimnb9/yz9A3ncgcUwJiEdXiTRxVWxGngC\nrp9M38D8eXia4t9siHnH0hSvaxuFB4jnGeZeBmVSSxv4q91iHw8wQQgeBv1cqNEl\nEWxfCKQwp/oWuDVc3WxFm4pG+ceQnIa1Q500gVXoIlGFcbps74HTY3nM1kh7Plp7\nmB8ijL4ldKjTl6AAhuul82jUSXMav4dPuEoGRx0IhTdi0jVeJy8LOYp3BhU4KATM\n4EDphM3tFAWtkdXcRr3aRCppGqdvaelpF7GdjacostpeYjsmO97JkPiIvROO9qiU\nHSOt8hyXLJTPo87u4ZqIjh2p8HJrcghoYgNpi5WVDQ6k9iE6POGZSHI8rcVlHu/C\nRFW8gkgIyPg4C+qKtad2YLbAGLZzmeVS1TZbGbr7+lfBP+5SqD3E5RziWXa/rPed\nssDU3MXWeNwBAAABAAsDSzF8Tq9FyKmKJEV9j96Im1vO3RGltPxGx6PS4BfyQ0+H\nt/vqgccJCxnYj2Z12tys7AuoeRD7Y6cUdoemVrbwZyc8hfF6Ue6xVaC88XK1MCun\nFuicS/DAfBBwRDvZOk5o2k4ndg7oD795XszbwjI18VuFQf43MQp9o8Oc0Lo1AAUC\nfSzFGrxi/n2DPCu8TxP2gas5kWmyYJfiqA447yEtqJv8kZ2y68UhGHeotbd7EM+L\n9zyVGWSSmcvxBtt+6P0XWeEQRXY82DsAGHqisRqgfKw6UOKdW8eZyKHSFk3iTLqk\n982G9ElCYVhf1YYkMDN10ktYbMKeaILg64/W+ZcAAAEBAO+J/HSZ/HxmA85siHLy\nXfra8N2Tltgo7drP0R6oJKQPVToC0iZMfb8inaRVXzhU+YmpTTO7/gdjIcrX6V1t\n49Cvy5EGnQBaFOvmgE557lAyWXJ5fhor+AlRXurfC0UOXs21Gov4D8b+DX0Qy2Hx\nZ4z5mC2uXxymZ4KckPCnSXVR7PIebqLiz/L2YBPxMTsLSVOAZEHCFHtkAfPk2QAR\nePjLYd3RUTf3BvEdf+EJNc5AeFvYSiA+8Te0E1ddYii5Nax9BLyH1Y/gJuDJZrKc\nTbpgcuw4O0LpHkpAKW/076I0mhEC7+PH0s1tvRQXcKmwBcM6G30WW7sgmWz9a8Ll\nLAEAAAEBAORagdJzPGpra4kKlpLn+G515NSEqqOwxVMxrrMQutZYWYwvuQfhnJC4\ncmgXi9N+F/CPrB0lNvgkcuE/GFekg3N3gvtb0W5Xg+vFsZjHTujl/LowLi6BmZ59\nWy30IRL5lbxVx9gSq+C/4yY2etzRyrh+FtE7f3/GJkKCmYY+nrmUswQ+HY6zSuRd\nTYG/k6ySQgT7ARJY6JrvZHDsqHRZQhFhoQ1U5ToQ7yWm0J3qClSj0W8vbGIMHAsY\nqS5OPiBoxFDoD3DCMrWQwPGx3dPaxxPayYGzz+QaSkb5cozaY4aRArjB81UoplfV\nJGbuUuALlf1y64YsxRL+1BdmBvd+ynsAAAAAAQID\n-----END OPENSSH PRIVATE KEY-----\n","private_key_pem":"-----BEGIN RSA PRIVATE KEY-----\nMIIJKQIBAAKCAgEA1auU1A1eXyBVYtmo1PYUgk9ia7WSa5hoRhHUG3iX/bp59Xxb\nZ2AiEEiuFSUcZs42M+j6TYFWTQJOWitf2lqGRhc/fkRuC6LYS2H2vJh/QlGl0Ozn\nvmXHbkonXOotbE20bl4LIMf/cE3xxwr96+xwVI2AgNg6pxxD7Vp8r19BAJacxuTI\nDVzzdtKe/Fcbos4lkzixHsInOH5A5afxHMtK/6jUHfzyMCejoXtEJMxGArb2QJGV\n7lXLuSy+XbXkhTE/+b6VWwXHd+Uj2Bn85kXraObRf72/Xk9brkJuQBX0cs/aFemC\n9QsWaPjGRqYCbuTd832FeU+a+0EBSkHsV2QtICpIZRd8QYT0pudzKGXV+gyfUjrW\nZgVx4GsLfad6ElaTOQnclYcobERx+3Bc9BZyjPcuCRrN5OB/eQPzEnfrOJcYcsWT\n84MSgPDMd8XB6TPI4GU0gudhkAbmiJuQiTU/tfD655F2/R+yJY62bLwFy3Mea3U/\ncr2hzyKHwYxYsQDurkY/Q+BGFTqSxZ7Vtr7A5SPhS6MeV8OGQzJw3I6y6bF757EX\nnrhGYS6COgBc7lQzXcHmNf+2QszHFZ49igRLe/Xu4/Ui7kz8u7ZIRP7K5YTnf1Wa\n3R+w8pNE2hHX+bpvd7SuI0qjE/vso7tjDr/8+yaeLA46qDQVFGhC1hhS7nsCAwEA\nAQKCAgABAXxDXUa+8uOEAhtJ2ViyXlZLxICKch63ibjyYihxANI3Jh02CN1QL09m\neRS/pSPbLbMT71JtLWAaC485c2ijZtOdMAxGkL8s56qmK5+Zu9GogJz8p/T+32l9\nBfstwdXiGR47SsW4jR1gvvwAAs5qj3n14U6xX7AwK1df6fZf3tWhGA2bBn985TPr\nYyuVohvKLB+lUeumV+3NRvObG5fgSTaqZ3jqYh1ikrZ4599CfwL8vdKzWwMI/Z1t\nyn/nYpp2/f8s/QN53IHFMCYhHV4k0cVVsRp4Aq6fTN/A/Hl4muLfbIh5x9IUr2sb\nhQeI5xnmXgZlUksb+KvdYh8PMEEIHgb9XKjRJRFsXwikMKf6Frg1XN1sRZuKRvnH\nkJyGtUOdNIFV6CJRhXG6bO+B02N5zNZIez5ae5gfIoy+JXSo05egAIbrpfNo1Elz\nGr+HT7hKBkcdCIU3YtI1XicvCzmKdwYVOCgEzOBA6YTN7RQFrZHV3Ea92kQqaRqn\nb2npaRexnY2nKLLaXmI7JjveyZD4iL0TjvaolB0jrfIclyyUz6PO7uGaiI4dqfBy\na3IIaGIDaYuVlQ0OpPYhOjzhmUhyPK3FZR7vwkRVvIJICMj4OAvqirWndmC2wBi2\nc5nlUtU2Wxm6+/pXwT/uUqg9xOUc4ll2v6z3nbLA1NzF1njcAQKCAQEA74n8dJn8\nfGYDzmyIcvJd+trw3ZOW2Cjt2s/RHqgkpA9VOgLSJkx9vyKdpFVfOFT5ialNM7v+\nB2MhytfpXW3j0K/LkQadAFoU6+aATnnuUDJZcnl+Giv4CVFe6t8LRQ5ezbUai/gP\nxv4NfRDLYfFnjPmYLa5fHKZngpyQ8KdJdVHs8h5uouLP8vZgE/ExOwtJU4BkQcIU\ne2QB8+TZABF4+Mth3dFRN/cG8R1/4Qk1zkB4W9hKID7xN7QTV11iKLk1rH0EvIfV\nj+Am4MlmspxNumBy7Dg7QukeSkApb/TvojSaEQLv48fSzW29FBdwqbAFwzobfRZb\nuyCZbP1rwuUsAQKCAQEA5FqB0nM8amtriQqWkuf4bnXk1ISqo7DFUzGusxC61lhZ\njC+5B+GckLhyaBeL034X8I+sHSU2+CRy4T8YV6SDc3eC+1vRbleD68WxmMdO6OX8\nujAuLoGZnn1bLfQhEvmVvFXH2BKr4L/jJjZ63NHKuH4W0Tt/f8YmQoKZhj6euZSz\nBD4djrNK5F1Ngb+TrJJCBPsBEljomu9kcOyodFlCEWGhDVTlOhDvJabQneoKVKPR\nby9sYgwcCxipLk4+IGjEUOgPcMIytZDA8bHd09rHE9rJgbPP5BpKRvlyjNpjhpEC\nuMHzVSimV9UkZu5S4AuV/XLrhizFEv7UF2YG937KewKCAQEA3UR/OU5M1rR9a58B\n4/xSJ7k6qdL9kissm+U/7KuxPQMU3QNiEBK0TWyyZeyeirCj2S/UqqdLHpPJ0U/k\nt3Mc79aTmiGbwYl0rfw8JUGoi9gWnBHyFEbtVd4eaaMjC+UcWbSjEwxPtqdS2mY7\nGPwfhS/CDOB350UndJUfpc1Bo+fLklPeKwSMxogjdAhmS34/e6yr77pRpTFaRGru\nsItzTY7Bll8WQTYk6XEwgTU6yIzxIRYIUwURWT00aI1QcQG0vOK3D1gCRGbwQtCH\n1xFfE3yoa9/9je89FaVzIYIGIbWpY3FtGuGori5ibD7CyVxZ1l7EqaWPkqmoT+9A\nLcX4AQKCAQEAwajwSKZqKmaHgGV2ZYhNbICXXJRWkxQrhO6xljMuAPJUn0spxMFV\nonaKsDSn5OkfLGjsMpuJDtD6jISSBGIFCTvl3X51EvstahrzDvqYtXO27cBGqjJH\nMd5mIYbVNd5tWpf1MA5FrgmOfq3dbMCPCAAHIdMvwhEuCWHxCaS5v/GYEJUNRCRR\n83IddVgfyU8QpmCo/AJi4mL777kE9AduvIbrqv7AmIocBvZ+Hi6KLFXyHDU/2bcj\nYVW8xQSeM6YmN+dWkO5hSxJET7XkxvLXusLl+hWgzXZuX9rVhxb/KPR6Nm5mC2a6\nC+s7QAAGUPQCdDut+tClIgLzpBRm/CaPWQKCAQALA0sxfE6vRcipiiRFfY/eiJtb\nzt0RpbT8Rsej0uAX8kNPh7f76oHHCQsZ2I9mddrcrOwLqHkQ+2OnFHaHpla28Gcn\nPIXxelHusVWgvPFytTArpxbonEvwwHwQcEQ72TpOaNpOJ3YO6A+/eV7M28IyNfFb\nhUH+NzEKfaPDnNC6NQAFAn0sxRq8Yv59gzwrvE8T9oGrOZFpsmCX4qgOOO8hLaib\n/JGdsuvFIRh3qLW3exDPi/c8lRlkkpnL8Qbbfuj9F1nhEEV2PNg7ABh6orEaoHys\nOlDinVvHmcih0hZN4ky6pPfNhvRJQmFYX9WGJDAzddJLWGzCnmiC4OuP1vmX\n-----END RSA PRIVATE KEY-----\n","private_key_pem_pkcs8":"-----BEGIN PRIVATE KEY-----\nMIIJQwIBADANBgkqhkiG9w0BAQEFAASCCS0wggkpAgEAAoICAQDVq5TUDV5fIFVi\n2ajU9hSCT2JrtZJrmGhGEdQbeJf9unn1fFtnYCIQSK4VJRxmzjYz6PpNgVZNAk5a\nK1/aWoZGFz9+RG4LothLYfa8mH9CUaXQ7Oe+ZcduSidc6i1sTbRuXgsgx/9wTfHH\nCv3r7HBUjYCA2DqnHEPtWnyvX0EAlpzG5MgNXPN20p78VxuiziWTOLEewic4fkDl\np/Ecy0r/qNQd/PIwJ6Ohe0QkzEYCtvZAkZXuVcu5LL5dteSFMT/5vpVbBcd35SPY\nGfzmReto5tF/vb9eT1uuQm5AFfRyz9oV6YL1CxZo+MZGpgJu5N3zfYV5T5r7QQFK\nQexXZC0gKkhlF3xBhPSm53MoZdX6DJ9SOtZmBXHgawt9p3oSVpM5CdyVhyhsRHH7\ncFz0FnKM9y4JGs3k4H95A/MSd+s4lxhyxZPzgxKA8Mx3xcHpM8jgZTSC52GQBuaI\nm5CJNT+18PrnkXb9H7IljrZsvAXLcx5rdT9yvaHPIofBjFixAO6uRj9D4EYVOpLF\nntW2vsDlI+FLox5Xw4ZDMnDcjrLpsXvnsReeuEZhLoI6AFzuVDNdweY1/7ZCzMcV\nnj2KBEt79e7j9SLuTPy7tkhE/srlhOd/VZrdH7Dyk0TaEdf5um93tK4jSqMT++yj\nu2MOv/z7Jp4sDjqoNBUUaELWGFLuewIDAQABAoICAAEBfENdRr7y44QCG0nZWLJe\nVkvEgIpyHreJuPJiKHEA0jcmHTYI3VAvT2Z5FL+lI9stsxPvUm0tYBoLjzlzaKNm\n050wDEaQvyznqqYrn5m70aiAnPyn9P7faX0F+y3B1eIZHjtKxbiNHWC+/AACzmqP\nefXhTrFfsDArV1/p9l/e1aEYDZsGf3zlM+tjK5WiG8osH6VR66ZX7c1G85sbl+BJ\nNqpneOpiHWKStnjn30J/Avy90rNbAwj9nW3Kf+dimnb9/yz9A3ncgcUwJiEdXiTR\nxVWxGngCrp9M38D8eXia4t9siHnH0hSvaxuFB4jnGeZeBmVSSxv4q91iHw8wQQge\nBv1cqNElEWxfCKQwp/oWuDVc3WxFm4pG+ceQnIa1Q500gVXoIlGFcbps74HTY3nM\n1kh7Plp7mB8ijL4ldKjTl6AAhuul82jUSXMav4dPuEoGRx0IhTdi0jVeJy8LOYp3\nBhU4KATM4EDphM3tFAWtkdXcRr3aRCppGqdvaelpF7GdjacostpeYjsmO97JkPiI\nvROO9qiUHSOt8hyXLJTPo87u4ZqIjh2p8HJrcghoYgNpi5WVDQ6k9iE6POGZSHI8\nrcVlHu/CRFW8gkgIyPg4C+qKtad2YLbAGLZzmeVS1TZbGbr7+lfBP+5SqD3E5Rzi\nWXa/rPedssDU3MXWeNwBAoIBAQDvifx0mfx8ZgPObIhy8l362vDdk5bYKO3az9Ee\nqCSkD1U6AtImTH2/Ip2kVV84VPmJqU0zu/4HYyHK1+ldbePQr8uRBp0AWhTr5oBO\nee5QMllyeX4aK/gJUV7q3wtFDl7NtRqL+A/G/g19EMth8WeM+Zgtrl8cpmeCnJDw\np0l1UezyHm6i4s/y9mAT8TE7C0lTgGRBwhR7ZAHz5NkAEXj4y2Hd0VE39wbxHX/h\nCTXOQHhb2EogPvE3tBNXXWIouTWsfQS8h9WP4CbgyWaynE26YHLsODtC6R5KQClv\n9O+iNJoRAu/jx9LNbb0UF3CpsAXDOht9Flu7IJls/WvC5SwBAoIBAQDkWoHSczxq\na2uJCpaS5/hudeTUhKqjsMVTMa6zELrWWFmML7kH4ZyQuHJoF4vTfhfwj6wdJTb4\nJHLhPxhXpINzd4L7W9FuV4PrxbGYx07o5fy6MC4ugZmefVst9CES+ZW8VcfYEqvg\nv+MmNnrc0cq4fhbRO39/xiZCgpmGPp65lLMEPh2Os0rkXU2Bv5OskkIE+wESWOia\n72Rw7Kh0WUIRYaENVOU6EO8lptCd6gpUo9FvL2xiDBwLGKkuTj4gaMRQ6A9wwjK1\nkMDxsd3T2scT2smBs8/kGkpG+XKM2mOGkQK4wfNVKKZX1SRm7lLgC5X9cuuGLMUS\n/tQXZgb3fsp7AoIBAQDdRH85TkzWtH1rnwHj/FInuTqp0v2SKyyb5T/sq7E9AxTd\nA2IQErRNbLJl7J6KsKPZL9Sqp0sek8nRT+S3cxzv1pOaIZvBiXSt/DwlQaiL2Bac\nEfIURu1V3h5poyML5RxZtKMTDE+2p1LaZjsY/B+FL8IM4HfnRSd0lR+lzUGj58uS\nU94rBIzGiCN0CGZLfj97rKvvulGlMVpEau6wi3NNjsGWXxZBNiTpcTCBNTrIjPEh\nFghTBRFZPTRojVBxAbS84rcPWAJEZvBC0IfXEV8TfKhr3/2N7z0VpXMhggYhtalj\ncW0a4aiuLmJsPsLJXFnWXsSppY+SqahP70AtxfgBAoIBAQDBqPBIpmoqZoeAZXZl\niE1sgJdclFaTFCuE7rGWMy4A8lSfSynEwVWidoqwNKfk6R8saOwym4kO0PqMhJIE\nYgUJO+XdfnUS+y1qGvMO+pi1c7btwEaqMkcx3mYhhtU13m1al/UwDkWuCY5+rd1s\nwI8IAAch0y/CES4JYfEJpLm/8ZgQlQ1EJFHzch11WB/JTxCmYKj8AmLiYvvvuQT0\nB268huuq/sCYihwG9n4eLoosVfIcNT/ZtyNhVbzFBJ4zpiY351aQ7mFLEkRPteTG\n8te6wuX6FaDNdm5f2tWHFv8o9Ho2bmYLZroL6ztAAAZQ9AJ0O6360KUiAvOkFGb8\nJo9ZAoIBAAsDSzF8Tq9FyKmKJEV9j96Im1vO3RGltPxGx6PS4BfyQ0+Ht/vqgccJ\nCxnYj2Z12tys7AuoeRD7Y6cUdoemVrbwZyc8hfF6Ue6xVaC88XK1MCunFuicS/DA\nfBBwRDvZOk5o2k4ndg7oD795XszbwjI18VuFQf43MQp9o8Oc0Lo1AAUCfSzFGrxi\n/n2DPCu8TxP2gas5kWmyYJfiqA447yEtqJv8kZ2y68UhGHeotbd7EM+L9zyVGWSS\nmcvxBtt+6P0XWeEQRXY82DsAGHqisRqgfKw6UOKdW8eZyKHSFk3iTLqk982G9ElC\nYVhf1YYkMDN10ktYbMKeaILg64/W+Zc=\n-----END PRIVATE KEY-----\n","public_key_fingerprint_md5":"39:36:58:5b:0d:30:c4:05:6a:94:97:f2:9b:ce:65:2b","public_key_fingerprint_sha256":"SHA256:k8CfG1KM2xBtfAdY6b9CIy0pJIKPw9HC9X6MGTo2mho","public_key_openssh":"ssh-rsa AAAAB3NzaC1yc2EAAAADAQABAAACAQDVq5TUDV5fIFVi2ajU9hSCT2JrtZJrmGhGEdQbeJf9unn1fFtnYCIQSK4VJRxmzjYz6PpNgVZNAk5aK1/aWoZGFz9+RG4LothLYfa8mH9CUaXQ7Oe+ZcduSidc6i1sTbRuXgsgx/9wTfHHCv3r7HBUjYCA2DqnHEPtWnyvX0EAlpzG5MgNXPN20p78VxuiziWTOLEewic4fkDlp/Ecy0r/qNQd/PIwJ6Ohe0QkzEYCtvZAkZXuVcu5LL5dteSFMT/5vpVbBcd35SPYGfzmReto5tF/vb9eT1uuQm5AFfRyz9oV6YL1CxZo+MZGpgJu5N3zfYV5T5r7QQFKQexXZC0gKkhlF3xBhPSm53MoZdX6DJ9SOtZmBXHgawt9p3oSVpM5CdyVhyhsRHH7cFz0FnKM9y4JGs3k4H95A/MSd+s4lxhyxZPzgxKA8Mx3xcHpM8jgZTSC52GQBuaIm5CJNT+18PrnkXb9H7IljrZsvAXLcx5rdT9yvaHPIofBjFixAO6uRj9D4EYVOpLFntW2vsDlI+FLox5Xw4ZDMnDcjrLpsXvnsReeuEZhLoI6AFzuVDNdweY1/7ZCzMcVnj2KBEt79e7j9SLuTPy7tkhE/srlhOd/VZrdH7Dyk0TaEdf5um93tK4jSqMT++yju2MOv/z7Jp4sDjqoNBUUaELWGFLuew==\n","public_key_pem":"-----BEGIN PUBLIC KEY-----\nMIICIjANBgkqhkiG9w0BAQEFAAOCAg8AMIICCgKCAgEA1auU1A1eXyBVYtmo1PYU\ngk9ia7WSa5hoRhHUG3iX/bp59XxbZ2AiEEiuFSUcZs42M+j6TYFWTQJOWitf2lqG\nRhc/fkRuC6LYS2H2vJh/QlGl0OznvmXHbkonXOotbE20bl4LIMf/cE3xxwr96+xw\nVI2AgNg6pxxD7Vp8r19BAJacxuTIDVzzdtKe/Fcbos4lkzixHsInOH5A5afxHMtK\n/6jUHfzyMCejoXtEJMxGArb2QJGV7lXLuSy+XbXkhTE/+b6VWwXHd+Uj2Bn85kXr\naObRf72/Xk9brkJuQBX0cs/aFemC9QsWaPjGRqYCbuTd832FeU+a+0EBSkHsV2Qt\nICpIZRd8QYT0pudzKGXV+gyfUjrWZgVx4GsLfad6ElaTOQnclYcobERx+3Bc9BZy\njPcuCRrN5OB/eQPzEnfrOJcYcsWT84MSgPDMd8XB6TPI4GU0gudhkAbmiJuQiTU/\ntfD655F2/R+yJY62bLwFy3Mea3U/cr2hzyKHwYxYsQDurkY/Q+BGFTqSxZ7Vtr7A\n5SPhS6MeV8OGQzJw3I6y6bF757EXnrhGYS6COgBc7lQzXcHmNf+2QszHFZ49igRL\ne/Xu4/Ui7kz8u7ZIRP7K5YTnf1Wa3R+w8pNE2hHX+bpvd7SuI0qjE/vso7tjDr/8\n+yaeLA46qDQVFGhC1hhS7nsCAwEAAQ==\n-----END PUBLIC KEY-----\n","rsa_bits":4096},"sensitive_attributes":[[{"type":"get_attr","value":"private_key_openssh"}],[{"type":"get_attr","value":"private_key_pem"}],[{"type":"get_attr","value":"private_key_pem_pkcs8"}]]}]}],"check_results":null}
