{"version":4,"terraform_version":"1.11.2","serial":3,"lineage":"a257bf3b-03bd-4a1d-a382-188631baae12","outputs":{},"resources":[{"mode":"data","type":"aws_availability_zones","name":"available","provider":"provider[\"registry.opentofu.org/hashicorp/aws\"]","instances":[{"schema_version":0,"attributes":{"all_availability_zones":null,"exclude_names":null,"exclude_zone_ids":null,"filter":null,"group_names":["eu-central-1-zg-1"],"id":"eu-central-1","names":["eu-central-1a","eu-central-1b","eu-central-1c"],"region":"eu-central-1","state":"available","timeouts":null,"zone_ids":["euc1-az2","euc1-az3","euc1-az1"]},"sensitive_attributes":[]}]},{"mode":"managed","type":"aws_eks_cluster","name":"cluster","provider":"provider[\"registry.opentofu.org/hashicorp/aws\"]","instances":[{"schema_version":1,"attributes":{"access_config":[{"authentication_mode":"CONFIG_MAP","bootstrap_cluster_creator_admin_permissions":true}],"arn":"arn:aws:eks:eu-central-1:758280076486:cluster/cnd-prod-eks","bootstrap_self_managed_addons":true,"certificate_authority":[{"data":"LS0tLS1CRUdJTiBDRVJUSUZJQ0FURS0tLS0tCk1JSURCVENDQWUyZ0F3SUJBZ0lJT05xOVI1WkExaW93RFFZSktvWklodmNOQVFFTEJRQXdGVEVUTUJFR0ExVUUKQXhNS2EzVmlaWEp1WlhSbGN6QWVGdzB5TlRFeU1qa3hNekV4TkRCYUZ3MHpOVEV5TWpjeE16RTJOREJhTUJVeApFekFSQmdOVkJBTVRDbXQxWW1WeWJtVjBaWE13Z2dFaU1BMEdDU3FHU0liM0RRRUJBUVVBQTRJQkR3QXdnZ0VLCkFvSUJBUURpd0YreFpSaFlrSHg3RlhVUHRyUm51QTl3KzNqNmhOYjlsQjdWMHk1a1c2NmZQWm1HUGJqU0xyK2gKMmU4d2EyNXk2M1F1cWFjaFg5cUtQWHhaTU1icVhVZ3YxbkQ3QVo0RWZLOXc1SFZUOHp6YnFDbWVvbWhhNzRleQprUXBTVUxlblY5UEplTmw1RW9ZM1hJRzlaSks3RlNBZU04MFE5ZWpDR216bk0wMkp2SHRCRTBzaG9uMTJBSXV6CjZRM2xPRlVrM2o3T0ZTNkFuc2o4SldmVHdqT2FZMGJTUTIzSUVkWTVURmZoMU5kdExkSktmRWlTWXdndStaVDcKRkhPMXk1NUlWVUVGZUU1eEVOZjB1VXIxb3NRSFRqVmQ0R3dVT0tBU0phWGhSQ3kvaTFkZkt5VDFMek5GRndtRwpWa1Nac3hNakx6ZlhIV3NkZ3l6VGRvMldTSXR2QWdNQkFBR2pXVEJYTUE0R0ExVWREd0VCL3dRRUF3SUNwREFQCkJnTlZIUk1CQWY4RUJUQURBUUgvTUIwR0ExVWREZ1FXQkJSOXl4V0ZIbnF3bVdpQmQ5TkMrb2l5LzNXNWFUQVYKQmdOVkhSRUVEakFNZ2dwcmRXSmxjbTVsZEdWek1BMEdDU3FHU0liM0RRRUJDd1VBQTRJQkFRRE9FWDB4NWd6UApCb21xU1pjdGthOHlrMVorVGlDUjNUenBib1dKOTBkRWovdjlOV3JEbmlZcVo3UmpEaGIxSEgzZzRTaWg4Sm16Cm9rckRvWHI3VjVaemVQRkRkRGVFTk4xRjl5SVZFYit5ZVEyZGFpRWpRdTdrYTQxTXFMYXg0Ly95YzcvNnlRZ0IKcS9VUnBJVWwxWWJWdjdHMVZYWHg5N2ZVTTVWK3Q2SURxTDFKUGxZLzZ1eFAxNmQxams5c282SGVYL25NT0RnYwpSTlJZampNZjdmKy9hQmR1cHdDc1dPQlMvU1llQWVWRk83VnkxY28vM1VIRmZKMXZvMkVUdWphOWl3RzJOU1MxCkg4QmhNbGVFaHdmbVJvelFIaEFsc1Axam00QkhGQUdCVEJtWEVYUG5wa2FTM29wRnUxUkpWSnhOeThoSzVPdnUKekQyVVNTWmN2R1RkCi0tLS0tRU5EIENFUlRJRklDQVRFLS0tLS0K"}],"cluster_id":null,"compute_config":[{"enabled":false,"node_pools":[],"node_role_arn":""}],"control_plane_scaling_config":[{"tier":"standard"}],"created_at":"2025-12-29T13:11:07Z","deletion_protection":false,"enabled_cluster_log_types":null,"encryption_config":[],"endpoint":"https://277DA77F699BCA8BCB1692D2FC48DFF1.gr7.eu-central-1.eks.amazonaws.com","force_update_version":null,"id":"cnd-prod-eks","identity":[{"oidc":[{"issuer":"https://oidc.eks.eu-central-1.amazonaws.com/id/277DA77F699BCA8BCB1692D2FC48DFF1"}]}],"kubernetes_network_config":[{"elastic_load_balancing":[{"enabled":false}],"ip_family":"ipv4","service_ipv4_cidr":"172.20.0.0/16","service_ipv6_cidr":""}],"name":"cnd-prod-eks","outpost_config":[],"platform_version":"eks.10","region":"eu-central-1","remote_network_config":[],"role_arn":"arn:aws:iam::758280076486:role/cnd-prod-eks-iam-role","status":"ACTIVE","storage_config":[{"block_storage":[{"enabled":false}]}],"tags":null,"tags_all":{},"timeouts":null,"upgrade_policy":[{"support_type":"EXTENDED"}],"version":"1.34","vpc_config":[{"cluster_security_group_id":"sg-0d09817abef8ec44f","endpoint_private_access":false,"endpoint_public_access":true,"public_access_cidrs":["0.0.0.0/0"],"security_group_ids":["sg-045dea213a1d05be7"],"subnet_ids":["subnet-01172f6fab62d6851","subnet-027638245714e9233"],"vpc_id":"vpc-0e5aaec7c5afa57bc"}],"zonal_shift_config":[]},"sensitive_attributes":[],"private":"eyJlMmJmYjczMC1lY2FhLTExZTYtOGY4OC0zNDM2M2JjN2M0YzAiOnsiY3JlYXRlIjoxODAwMDAwMDAwMDAwLCJkZWxldGUiOjkwMDAwMDAwMDAwMCwidXBkYXRlIjozNjAwMDAwMDAwMDAwfSwic2NoZW1hX3ZlcnNpb24iOiIxIn0=","dependencies":["aws_iam_role.cluster-iam-role","aws_iam_role_policy_attachment.cluster-AmazonEKSClusterPolicy","aws_iam_role_policy_attachment.cluster-AmazonEKSVPCResourceController","aws_security_group.security-group","aws_subnet.subnet","aws_vpc.vpc","data.aws_availability_zones.available"]}]},{"mode":"managed","type":"aws_eks_node_group","name":"group","provider":"provider[\"registry.opentofu.org/hashicorp/aws\"]","instances":[{"schema_version":0,"attributes":{"ami_type":"AL2023_x86_64_STANDARD","arn":"arn:aws:eks:eu-central-1:758280076486:nodegroup/cnd-prod-eks/cnd-prod-eks-node-group/20cdb521-4b18-83fd-526f-12b26fb5e0e4","capacity_type":"ON_DEMAND","cluster_name":"cnd-prod-eks","disk_size":20,"force_update_version":null,"id":"cnd-prod-eks:cnd-prod-eks-node-group","instance_types":["t3.small"],"labels":null,"launch_template":[],"node_group_name":"cnd-prod-eks-node-group","node_group_name_prefix":"","node_repair_config":[],"node_role_arn":"arn:aws:iam::758280076486:role/cnd-prod-eks-node-iam-role","region":"eu-central-1","release_version":"1.34.2-20251217","remote_access":[],"resources":[{"autoscaling_groups":[{"name":"eks-cnd-prod-eks-node-group-20cdb521-4b18-83fd-526f-12b26fb5e0e4"}],"remote_access_security_group_id":""}],"scaling_config":[{"desired_size":2,"max_size":3,"min_size":2}],"status":"ACTIVE","subnet_ids":["subnet-01172f6fab62d6851","subnet-027638245714e9233"],"tags":null,"tags_all":{},"taint":[],"timeouts":null,"update_config":[{"max_unavailable":1,"max_unavailable_percentage":0,"update_strategy":""}],"version":"1.34"},"sensitive_attributes":[],"private":"eyJlMmJmYjczMC1lY2FhLTExZTYtOGY4OC0zNDM2M2JjN2M0YzAiOnsiY3JlYXRlIjozNjAwMDAwMDAwMDAwLCJkZWxldGUiOjM2MDAwMDAwMDAwMDAsInVwZGF0ZSI6MzYwMDAwMDAwMDAwMH19","dependencies":["aws_eks_cluster.cluster","aws_iam_role.cluster-iam-role","aws_iam_role.node-iam-role","aws_iam_role_policy_attachment.cluster-AmazonEKSClusterPolicy","aws_iam_role_policy_attachment.cluster-AmazonEKSVPCResourceController","aws_iam_role_policy_attachment.node-AmazonEC2ContainerRegistryReadOnly","aws_iam_role_policy_attachment.node-AmazonEKSWorkerNodePolicy","aws_iam_role_policy_attachment.node-AmazonEKS_CNI_Policy","aws_security_group.security-group","aws_subnet.subnet","aws_vpc.vpc","data.aws_availability_zones.available"]}]},{"mode":"managed","type":"aws_iam_role","name":"cluster-iam-role","provider":"provider[\"registry.opentofu.org/hashicorp/aws\"]","instances":[{"schema_version":0,"attributes":{"arn":"arn:aws:iam::758280076486:role/cnd-prod-eks-iam-role","assume_role_policy":"{\"Statement\":[{\"Action\":\"sts:AssumeRole\",\"Effect\":\"Allow\",\"Principal\":{\"Service\":\"eks.amazonaws.com\"}}],\"Version\":\"2012-10-17\"}","create_date":"2025-12-29T13:10:51Z","description":"","force_detach_policies":false,"id":"cnd-prod-eks-iam-role","inline_policy":[],"managed_policy_arns":[],"max_session_duration":3600,"name":"cnd-prod-eks-iam-role","name_prefix":"","path":"/","permissions_boundary":"","tags":null,"tags_all":{},"unique_id":"AROA3BDIDXTDJIUNOMCRX"},"sensitive_attributes":[],"private":"bnVsbA=="}]},{"mode":"managed","type":"aws_iam_role","name":"node-iam-role","provider":"provider[\"registry.opentofu.org/hashicorp/aws\"]","instances":[{"schema_version":0,"attributes":{"arn":"arn:aws:iam::758280076486:role/cnd-prod-eks-node-iam-role","assume_role_policy":"{\"Statement\":[{\"Action\":\"sts:AssumeRole\",\"Effect\":\"Allow\",\"Principal\":{\"Service\":\"ec2.amazonaws.com\"}}],\"Version\":\"2012-10-17\"}","create_date":"2025-12-29T13:10:51Z","description":"","force_detach_policies":false,"id":"cnd-prod-eks-node-iam-role","inline_policy":[],"managed_policy_arns":[],"max_session_duration":3600,"name":"cnd-prod-eks-node-iam-role","name_prefix":"","path":"/","permissions_boundary":"","tags":null,"tags_all":{},"unique_id":"AROA3BDIDXTDHPUWQ2NF3"},"sensitive_attributes":[],"private":"bnVsbA=="}]},{"mode":"managed","type":"aws_iam_role_policy_attachment","name":"cluster-AmazonEKSClusterPolicy","provider":"provider[\"registry.opentofu.org/hashicorp/aws\"]","instances":[{"schema_version":0,"attributes":{"id":"cnd-prod-eks-iam-role/arn:aws:iam::aws:policy/AmazonEKSClusterPolicy","policy_arn":"arn:aws:iam::aws:policy/AmazonEKSClusterPolicy","role":"cnd-prod-eks-iam-role"},"sensitive_attributes":[],"private":"bnVsbA==","dependencies":["aws_iam_role.cluster-iam-role"]}]},{"mode":"managed","type":"aws_iam_role_policy_attachment","name":"cluster-AmazonEKSVPCResourceController","provider":"provider[\"registry.opentofu.org/hashicorp/aws\"]","instances":[{"schema_version":0,"attributes":{"id":"cnd-prod-eks-iam-role/arn:aws:iam::aws:policy/AmazonEKSVPCResourceController","policy_arn":"arn:aws:iam::aws:policy/AmazonEKSVPCResourceController","role":"cnd-prod-eks-iam-role"},"sensitive_attributes":[],"private":"bnVsbA==","dependencies":["aws_iam_role.cluster-iam-role"]}]},{"mode":"managed","type":"aws_iam_role_policy_attachment","name":"node-AmazonEC2ContainerRegistryReadOnly","provider":"provider[\"registry.opentofu.org/hashicorp/aws\"]","instances":[{"schema_version":0,"attributes":{"id":"cnd-prod-eks-node-iam-role/arn:aws:iam::aws:policy/AmazonEC2ContainerRegistryReadOnly","policy_arn":"arn:aws:iam::aws:policy/AmazonEC2ContainerRegistryReadOnly","role":"cnd-prod-eks-node-iam-role"},"sensitive_attributes":[],"private":"bnVsbA==","dependencies":["aws_iam_role.node-iam-role"]}]},{"mode":"managed","type":"aws_iam_role_policy_attachment","name":"node-AmazonEKSWorkerNodePolicy","provider":"provider[\"registry.opentofu.org/hashicorp/aws\"]","instances":[{"schema_version":0,"attributes":{"id":"cnd-prod-eks-node-iam-role/arn:aws:iam::aws:policy/AmazonEKSWorkerNodePolicy","policy_arn":"arn:aws:iam::aws:policy/AmazonEKSWorkerNodePolicy","role":"cnd-prod-eks-node-iam-role"},"sensitive_attributes":[],"private":"bnVsbA==","dependencies":["aws_iam_role.node-iam-role"]}]},{"mode":"managed","type":"aws_iam_role_policy_attachment","name":"node-AmazonEKS_CNI_Policy","provider":"provider[\"registry.opentofu.org/hashicorp/aws\"]","instances":[{"schema_version":0,"attributes":{"id":"cnd-prod-eks-node-iam-role/arn:aws:iam::aws:policy/AmazonEKS_CNI_Policy","policy_arn":"arn:aws:iam::aws:policy/AmazonEKS_CNI_Policy","role":"cnd-prod-eks-node-iam-role"},"sensitive_attributes":[],"private":"bnVsbA==","dependencies":["aws_iam_role.node-iam-role"]}]},{"mode":"managed","type":"aws_internet_gateway","name":"internet_gateway","provider":"provider[\"registry.opentofu.org/hashicorp/aws\"]","instances":[{"schema_version":0,"attributes":{"arn":"arn:aws:ec2:eu-central-1:758280076486:internet-gateway/igw-011a40a554edcc419","id":"igw-011a40a554edcc419","owner_id":"758280076486","region":"eu-central-1","tags":{"Name":"cnd-prod-eks-internet-gateway"},"tags_all":{"Name":"cnd-prod-eks-internet-gateway"},"timeouts":null,"vpc_id":"vpc-0e5aaec7c5afa57bc"},"sensitive_attributes":[],"private":"eyJlMmJmYjczMC1lY2FhLTExZTYtOGY4OC0zNDM2M2JjN2M0YzAiOnsiY3JlYXRlIjoxMjAwMDAwMDAwMDAwLCJkZWxldGUiOjEyMDAwMDAwMDAwMDAsInVwZGF0ZSI6MTIwMDAwMDAwMDAwMH19","dependencies":["aws_vpc.vpc"]}]},{"mode":"managed","type":"aws_route_table","name":"route_table","provider":"provider[\"registry.opentofu.org/hashicorp/aws\"]","instances":[{"schema_version":0,"attributes":{"arn":"arn:aws:ec2:eu-central-1:758280076486:route-table/rtb-0008ad0a0b4f34f37","id":"rtb-0008ad0a0b4f34f37","owner_id":"758280076486","propagating_vgws":[],"region":"eu-central-1","route":[{"carrier_gateway_id":"","cidr_block":"0.0.0.0/0","core_network_arn":"","destination_prefix_list_id":"","egress_only_gateway_id":"","gateway_id":"igw-011a40a554edcc419","ipv6_cidr_block":"","local_gateway_id":"","nat_gateway_id":"","network_interface_id":"","transit_gateway_id":"","vpc_endpoint_id":"","vpc_peering_connection_id":""}],"tags":null,"tags_all":{},"timeouts":null,"vpc_id":"vpc-0e5aaec7c5afa57bc"},"sensitive_attributes":[],"private":"eyJlMmJmYjczMC1lY2FhLTExZTYtOGY4OC0zNDM2M2JjN2M0YzAiOnsiY3JlYXRlIjozMDAwMDAwMDAwMDAsImRlbGV0ZSI6MzAwMDAwMDAwMDAwLCJ1cGRhdGUiOjEyMDAwMDAwMDAwMH19","dependencies":["aws_internet_gateway.internet_gateway","aws_vpc.vpc"]}]},{"mode":"managed","type":"aws_route_table_association","name":"route_table_association","provider":"provider[\"registry.opentofu.org/hashicorp/aws\"]","instances":[{"index_key":0,"schema_version":0,"attributes":{"gateway_id":"","id":"rtbassoc-0b178b74082ffbb1a","region":"eu-central-1","route_table_id":"rtb-0008ad0a0b4f34f37","subnet_id":"subnet-027638245714e9233","timeouts":null},"sensitive_attributes":[],"private":"eyJlMmJmYjczMC1lY2FhLTExZTYtOGY4OC0zNDM2M2JjN2M0YzAiOnsiY3JlYXRlIjozMDAwMDAwMDAwMDAsImRlbGV0ZSI6MzAwMDAwMDAwMDAwLCJ1cGRhdGUiOjEyMDAwMDAwMDAwMH19","dependencies":["aws_internet_gateway.internet_gateway","aws_route_table.route_table","aws_subnet.subnet","aws_vpc.vpc","data.aws_availability_zones.available"]},{"index_key":1,"schema_version":0,"attributes":{"gateway_id":"","id":"rtbassoc-0187e875eb0d44628","region":"eu-central-1","route_table_id":"rtb-0008ad0a0b4f34f37","subnet_id":"subnet-01172f6fab62d6851","timeouts":null},"sensitive_attributes":[],"private":"eyJlMmJmYjczMC1lY2FhLTExZTYtOGY4OC0zNDM2M2JjN2M0YzAiOnsiY3JlYXRlIjozMDAwMDAwMDAwMDAsImRlbGV0ZSI6MzAwMDAwMDAwMDAwLCJ1cGRhdGUiOjEyMDAwMDAwMDAwMH19","dependencies":["aws_internet_gateway.internet_gateway","aws_route_table.route_table","aws_subnet.subnet","aws_vpc.vpc","data.aws_availability_zones.available"]}]},{"mode":"managed","type":"aws_security_group","name":"security-group","provider":"provider[\"registry.opentofu.org/hashicorp/aws\"]","instances":[{"schema_version":1,"attributes":{"arn":"arn:aws:ec2:eu-central-1:758280076486:security-group/sg-045dea213a1d05be7","description":"Cluster communication with worker nodes","egress":[{"cidr_blocks":["0.0.0.0/0"],"description":"","from_port":0,"ipv6_cidr_blocks":[],"prefix_list_ids":[],"protocol":"-1","security_groups":[],"self":false,"to_port":0}],"id":"sg-045dea213a1d05be7","ingress":[],"name":"cnd-prod-eks-security-group","name_prefix":"","owner_id":"758280076486","region":"eu-central-1","revoke_rules_on_delete":false,"tags":{"Name":"cnd-prod-eks"},"tags_all":{"Name":"cnd-prod-eks"},"timeouts":null,"vpc_id":"vpc-0e5aaec7c5afa57bc"},"sensitive_attributes":[],"private":"eyJlMmJmYjczMC1lY2FhLTExZTYtOGY4OC0zNDM2M2JjN2M0YzAiOnsiY3JlYXRlIjo2MDAwMDAwMDAwMDAsImRlbGV0ZSI6OTAwMDAwMDAwMDAwfSwic2NoZW1hX3ZlcnNpb24iOiIxIn0=","dependencies":["aws_vpc.vpc"]}]},{"mode":"managed","type":"aws_subnet","name":"subnet","provider":"provider[\"registry.opentofu.org/hashicorp/aws\"]","instances":[{"index_key":0,"schema_version":1,"attributes":{"arn":"arn:aws:ec2:eu-central-1:758280076486:subnet/subnet-027638245714e9233","assign_ipv6_address_on_creation":false,"availability_zone":"eu-central-1a","availability_zone_id":"euc1-az2","cidr_block":"10.0.0.0/24","customer_owned_ipv4_pool":"","enable_dns64":false,"enable_lni_at_device_index":0,"enable_resource_name_dns_a_record_on_launch":false,"enable_resource_name_dns_aaaa_record_on_launch":false,"id":"subnet-027638245714e9233","ipv6_cidr_block":"","ipv6_cidr_block_association_id":"","ipv6_native":false,"map_customer_owned_ip_on_launch":false,"map_public_ip_on_launch":true,"outpost_arn":"","owner_id":"758280076486","private_dns_hostname_type_on_launch":"ip-name","region":"eu-central-1","tags":{"Name":"cnd-prod-eks-subnet-0","kubernetes.io/cluster/cnd-prod-eks":"shared"},"tags_all":{"Name":"cnd-prod-eks-subnet-0","kubernetes.io/cluster/cnd-prod-eks":"shared"},"timeouts":null,"vpc_id":"vpc-0e5aaec7c5afa57bc"},"sensitive_attributes":[],"private":"eyJlMmJmYjczMC1lY2FhLTExZTYtOGY4OC0zNDM2M2JjN2M0YzAiOnsiY3JlYXRlIjo2MDAwMDAwMDAwMDAsImRlbGV0ZSI6MTIwMDAwMDAwMDAwMH0sInNjaGVtYV92ZXJzaW9uIjoiMSJ9","dependencies":["aws_vpc.vpc","data.aws_availability_zones.available"]},{"index_key":1,"schema_version":1,"attributes":{"arn":"arn:aws:ec2:eu-central-1:758280076486:subnet/subnet-01172f6fab62d6851","assign_ipv6_address_on_creation":false,"availability_zone":"eu-central-1b","availability_zone_id":"euc1-az3","cidr_block":"10.0.1.0/24","customer_owned_ipv4_pool":"","enable_dns64":false,"enable_lni_at_device_index":0,"enable_resource_name_dns_a_record_on_launch":false,"enable_resource_name_dns_aaaa_record_on_launch":false,"id":"subnet-01172f6fab62d6851","ipv6_cidr_block":"","ipv6_cidr_block_association_id":"","ipv6_native":false,"map_customer_owned_ip_on_launch":false,"map_public_ip_on_launch":true,"outpost_arn":"","owner_id":"758280076486","private_dns_hostname_type_on_launch":"ip-name","region":"eu-central-1","tags":{"Name":"cnd-prod-eks-subnet-1","kubernetes.io/cluster/cnd-prod-eks":"shared"},"tags_all":{"Name":"cnd-prod-eks-subnet-1","kubernetes.io/cluster/cnd-prod-eks":"shared"},"timeouts":null,"vpc_id":"vpc-0e5aaec7c5afa57bc"},"sensitive_attributes":[],"private":"eyJlMmJmYjczMC1lY2FhLTExZTYtOGY4OC0zNDM2M2JjN2M0YzAiOnsiY3JlYXRlIjo2MDAwMDAwMDAwMDAsImRlbGV0ZSI6MTIwMDAwMDAwMDAwMH0sInNjaGVtYV92ZXJzaW9uIjoiMSJ9","dependencies":["aws_vpc.vpc","data.aws_availability_zones.available"]}]},{"mode":"managed","type":"aws_vpc","name":"vpc","provider":"provider[\"registry.opentofu.org/hashicorp/aws\"]","instances":[{"schema_version":1,"attributes":{"arn":"arn:aws:ec2:eu-central-1:758280076486:vpc/vpc-0e5aaec7c5afa57bc","assign_generated_ipv6_cidr_block":false,"cidr_block":"10.0.0.0/16","default_network_acl_id":"acl-0e2dee79389903bea","default_route_table_id":"rtb-09125a23a5c435ec2","default_security_group_id":"sg-0d8826f8c703c67fc","dhcp_options_id":"dopt-0ef792c9a7131d7b8","enable_dns_hostnames":false,"enable_dns_support":true,"enable_network_address_usage_metrics":false,"id":"vpc-0e5aaec7c5afa57bc","instance_tenancy":"default","ipv4_ipam_pool_id":null,"ipv4_netmask_length":null,"ipv6_association_id":"","ipv6_cidr_block":"","ipv6_cidr_block_network_border_group":"","ipv6_ipam_pool_id":"","ipv6_netmask_length":0,"main_route_table_id":"rtb-09125a23a5c435ec2","owner_id":"758280076486","region":"eu-central-1","tags":{"Name":"cnd-prod-eks-vpc","kubernetes.io/cluster/cnd-prod-eks":"shared"},"tags_all":{"Name":"cnd-prod-eks-vpc","kubernetes.io/cluster/cnd-prod-eks":"shared"}},"sensitive_attributes":[],"private":"eyJzY2hlbWFfdmVyc2lvbiI6IjEifQ=="}]}],"check_results":null}
