{"version":4,"terraform_version":"1.11.3","serial":69,"lineage":"a257bf3b-03bd-4a1d-a382-188631baae12","outputs":{},"resources":[{"mode":"managed","type":"aws_acm_certificate","name":"self_signed","provider":"provider[\"registry.opentofu.org/hashicorp/aws\"]","instances":[{"schema_version":0,"attributes":{"arn":"arn:aws:acm:eu-central-1:758280076486:certificate/946198a1-757c-4868-8e17-e2446087313f","certificate_authority_arn":"","certificate_body":"-----BEGIN CERTIFICATE-----\nMIIDlDCCAnygAwIBAgIRAMyAIiyjMb4/3SwPoybQ9kAwDQYJKoZIhvcNAQELBQAw\nSTEcMBoGA1UEChMTRGV2ZWxvcG1lbnQgVGVzdGluZzEpMCcGA1UEAwwgKi5ldS1j\nZW50cmFsLTEuZWxiLmFtYXpvbmF3cy5jb20wHhcNMjYwMTI2MTUyOTQ1WhcNMjcw\nMTI2MTUyOTQ1WjBJMRwwGgYDVQQKExNEZXZlbG9wbWVudCBUZXN0aW5nMSkwJwYD\nVQQDDCAqLmV1LWNlbnRyYWwtMS5lbGIuYW1hem9uYXdzLmNvbTCCASIwDQYJKoZI\nhvcNAQEBBQADggEPADCCAQoCggEBAMaTeScJCKFcqSbBw/urOvUidk8iPaiiBxGY\noZqTF1MnCJi9gqC9Su5hQ0ivMUaTnsjI12IcgmwRcC7jmmbAS/WJIh4he23rK+Zo\n6aRgMshdagMs/D+PtLfVV828PNT+LDqVgzGijdgj0H10hArAO2CYJZo88q8+jdyZ\nn2hp8zgbeSKl8LaO3xIZFSIwZAd10NGyOGM9pk2ZdwyLRLQxoOk8hl816XDIZM4S\nkTpCremX4H2VpeBw8Psm3ZlKK5Q3OdjJY+taPEhIpiGkGg9t+4geC3nALD8n8U89\ns47pWVRlLe2bD1JScxViuBtDJe8IycUtu+eJ06CT/oH9w2sKjt0CAwEAAaN3MHUw\nDgYDVR0PAQH/BAQDAgWgMBMGA1UdJQQMMAoGCCsGAQUFBwMBMAwGA1UdEwEB/wQC\nMAAwQAYDVR0RBDkwN4IgKi5ldS1jZW50cmFsLTEuZWxiLmFtYXpvbmF3cy5jb22C\nEyouZWxiLmFtYXpvbmF3cy5jb20wDQYJKoZIhvcNAQELBQADggEBAKTmiMZOVkfv\nF3r9JXUaAEFMHm4n3Dz3NKiCPKBxHP4EMYID2OFQw7OLzqjOzn8ibIxpCVZPDFbg\nzw5PaLQ5KqWlay60cdRxXmJi9xsWYXX4YwXb+TRyKOmxEy7T99kLVtLQ7HoyNOif\n0kFsyEJ3U7lFseRMxUG3FyblpUO5fux+rNEzUyXqSsUVXE7r01tZYoD5dOfd0Nu4\nIEyDrPkXMWAoA1kPcOIYucOqotorUi0OYpe0mqOUsSLJUJpTnzyURF1+B7zhGGHo\nCTHkXf7TCFxx4P+DutjIqKJzfDMofk96iVL3/0WcrhdTk04vtdMdBNi0KYjIxin1\nKPdcDCo4WUU=\n-----END CERTIFICATE-----\n","certificate_chain":null,"domain_name":"*.eu-central-1.elb.amazonaws.com","domain_validation_options":[],"early_renewal_duration":"","id":"arn:aws:acm:eu-central-1:758280076486:certificate/946198a1-757c-4868-8e17-e2446087313f","key_algorithm":"RSA_2048","not_after":"2027-01-26T15:29:45Z","not_before":"2026-01-26T15:29:45Z","options":[{"certificate_transparency_logging_preference":"DISABLED","export":"DISABLED"}],"pending_renewal":false,"private_key":"-----BEGIN RSA PRIVATE KEY-----\nMIIEogIBAAKCAQEAxpN5JwkIoVypJsHD+6s69SJ2TyI9qKIHEZihmpMXUycImL2C\noL1K7mFDSK8xRpOeyMjXYhyCbBFwLuOaZsBL9YkiHiF7besr5mjppGAyyF1qAyz8\nP4+0t9VXzbw81P4sOpWDMaKN2CPQfXSECsA7YJglmjzyrz6N3JmfaGnzOBt5IqXw\nto7fEhkVIjBkB3XQ0bI4Yz2mTZl3DItEtDGg6TyGXzXpcMhkzhKROkKt6ZfgfZWl\n4HDw+ybdmUorlDc52Mlj61o8SEimIaQaD237iB4LecAsPyfxTz2zjulZVGUt7ZsP\nUlJzFWK4G0Ml7wjJxS2754nToJP+gf3DawqO3QIDAQABAoIBAB+u2vcz9UkNqD1z\nUApBDUScbYT9wRm9VGRl1m77xg5x3WjFX+i2mxSCt0ILFdEdb4m4pcjVJKgKdjw8\n+18mklgIO8XT8MYebiAyoAimgqO+Z9I+5LZdfueP5hUA0jHnpfXo8ghC19/jAvpp\nU0IF3tNwIxvDWrNER00pw6ncsb5DN+jKmxwU8Kkl68ok8v54i04hRla+sKPzDZnR\nm7QnduswKITBlN/fIet7wU4gtgBzlK9ItAfqkuMBb7DphgxA5JmTvd9wIRY8LA/9\nSXO9DxYcFRACc7/2A6pUyMdg4UqlW9CHcMGbGAWpCbgkHmYWSX+F9UGg9tJ9xSnI\nE6B7Ei8CgYEA6UCWSTcxybP3WcksfQ64p6dCESM26ymvK54KZvmHna94YGktTgo8\n0DIWDKBqrFY0dLc6jpy5ezIiqH/sT8S9h3MEhdtFVfrok0VeVDd1/vzCjhzlXmc8\nayMYn4P7WRSdV0srTO7zmTExZ7hB1UvyKtqPtaiNOSdO/6xgY5x9qwsCgYEA2fEn\nd0AZlGFP/iiVT9spy2shfgDAOX2NfjLx43OctGN+mdzdAC71M91G0J8hrsW43HVS\nZ3dDAJLqKmRKKd2grSi2vgkUYod3M8XmO1V9VYV9Xnz5qGM0v3DFKnbuCJWypl7J\nFqrpZM93gghZ0VxBnBfpJ2rj9o2TTG4Y7UO+HrcCgYBrHGSnBHiRhloM2gva9bqo\nCm+VTRV4EfFF11IxjV7Qc3aU11edoafhd06Wx8eUkhWOj2GNgbzPLOurcusCinb6\nT0ABc/q4C/tnPZCencVKralt9ykBG+krzbcN8V6nvoauQm+E6anlbCii14Mrvq9b\nLHiX0+neGAX39KFivMcclwKBgCYfkQ/DHrZd72g+ISA+7iivLMSlzPpBhCa3Mqje\n6GKFpPe1MtN9Y1cXNfP4YiP4YkXuH+QJcKcBDAUuVerM4fZoUM8dN3ukxq0/yO5I\nHgx/tVZ59hIGiIuUZmjvNOQ7i2ye1/4nF3yS7gzI+S0uPivX4ukKQaY3TbTo7WNT\nnkYxAoGAd/XuY1neapictuAb8D3ReMJTTcPqryXGzylIA0d1tA1RcKpl3zi/fKP0\nc/jizMB9vzFywXt5fxknI4CZ+lDskLop+DI5rj1OKRLBe7CCd0xZXS/7iRkLRISh\nTfcpqPii0ARRZBK2FWAWTnK+EdFi+Vk7M2it+LRqATpOu+8bzZk=\n-----END RSA PRIVATE KEY-----\n","region":"eu-central-1","renewal_eligibility":"INELIGIBLE","renewal_summary":[],"status":"ISSUED","subject_alternative_names":["*.elb.amazonaws.com","*.eu-central-1.elb.amazonaws.com"],"tags":{"Environment":"development","ManagedBy":"OpenTofu","Name":"cnd-prod-eks-self-signed-cert"},"tags_all":{"Environment":"development","ManagedBy":"OpenTofu","Name":"cnd-prod-eks-self-signed-cert"},"type":"IMPORTED","validation_emails":[],"validation_method":"NONE","validation_option":[]},"sensitive_attributes":[[{"type":"get_attr","value":"private_key"}]],"private":"bnVsbA==","dependencies":["tls_private_key.self_signed","tls_self_signed_cert.self_signed"],"create_before_destroy":true}]},{"mode":"managed","type":"aws_internet_gateway","name":"internet_gateway","provider":"provider[\"registry.opentofu.org/hashicorp/aws\"]","instances":[{"schema_version":0,"attributes":{"arn":"arn:aws:ec2:eu-central-1:758280076486:internet-gateway/igw-011a40a554edcc419","id":"igw-011a40a554edcc419","owner_id":"758280076486","region":"eu-central-1","tags":{"Name":"cnd-prod-eks-internet-gateway"},"tags_all":{"Name":"cnd-prod-eks-internet-gateway"},"timeouts":null,"vpc_id":"vpc-0e5aaec7c5afa57bc"},"sensitive_attributes":[],"private":"eyJlMmJmYjczMC1lY2FhLTExZTYtOGY4OC0zNDM2M2JjN2M0YzAiOnsiY3JlYXRlIjoxMjAwMDAwMDAwMDAwLCJkZWxldGUiOjEyMDAwMDAwMDAwMDAsInVwZGF0ZSI6MTIwMDAwMDAwMDAwMH19","dependencies":["aws_vpc.vpc"]}]},{"mode":"managed","type":"aws_subnet","name":"subnet","provider":"provider[\"registry.opentofu.org/hashicorp/aws\"]","instances":[{"index_key":1,"schema_version":1,"attributes":{"arn":"arn:aws:ec2:eu-central-1:758280076486:subnet/subnet-01172f6fab62d6851","assign_ipv6_address_on_creation":false,"availability_zone":"eu-central-1b","availability_zone_id":"euc1-az3","cidr_block":"10.0.1.0/24","customer_owned_ipv4_pool":"","enable_dns64":false,"enable_lni_at_device_index":0,"enable_resource_name_dns_a_record_on_launch":false,"enable_resource_name_dns_aaaa_record_on_launch":false,"id":"subnet-01172f6fab62d6851","ipv6_cidr_block":"","ipv6_cidr_block_association_id":"","ipv6_native":false,"map_customer_owned_ip_on_launch":false,"map_public_ip_on_launch":true,"outpost_arn":"","owner_id":"758280076486","private_dns_hostname_type_on_launch":"ip-name","region":"eu-central-1","tags":{"Name":"cnd-prod-eks-subnet-1","kubernetes.io/cluster/cnd-prod-eks":"shared","kubernetes.io/role/elb":"1"},"tags_all":{"Name":"cnd-prod-eks-subnet-1","kubernetes.io/cluster/cnd-prod-eks":"shared","kubernetes.io/role/elb":"1"},"timeouts":null,"vpc_id":"vpc-0e5aaec7c5afa57bc"},"sensitive_attributes":[],"private":"eyJlMmJmYjczMC1lY2FhLTExZTYtOGY4OC0zNDM2M2JjN2M0YzAiOnsiY3JlYXRlIjo2MDAwMDAwMDAwMDAsImRlbGV0ZSI6MTIwMDAwMDAwMDAwMH0sInNjaGVtYV92ZXJzaW9uIjoiMSJ9","dependencies":["aws_vpc.vpc","data.aws_availability_zones.available"]}]},{"mode":"managed","type":"aws_vpc","name":"vpc","provider":"provider[\"registry.opentofu.org/hashicorp/aws\"]","instances":[{"schema_version":1,"attributes":{"arn":"arn:aws:ec2:eu-central-1:758280076486:vpc/vpc-0e5aaec7c5afa57bc","assign_generated_ipv6_cidr_block":false,"cidr_block":"10.0.0.0/16","default_network_acl_id":"acl-0e2dee79389903bea","default_route_table_id":"rtb-09125a23a5c435ec2","default_security_group_id":"sg-0d8826f8c703c67fc","dhcp_options_id":"dopt-0ef792c9a7131d7b8","enable_dns_hostnames":false,"enable_dns_support":true,"enable_network_address_usage_metrics":false,"id":"vpc-0e5aaec7c5afa57bc","instance_tenancy":"default","ipv4_ipam_pool_id":null,"ipv4_netmask_length":null,"ipv6_association_id":"","ipv6_cidr_block":"","ipv6_cidr_block_network_border_group":"","ipv6_ipam_pool_id":"","ipv6_netmask_length":0,"main_route_table_id":"rtb-09125a23a5c435ec2","owner_id":"758280076486","region":"eu-central-1","tags":{"Name":"cnd-prod-eks-vpc","kubernetes.io/cluster/cnd-prod-eks":"shared"},"tags_all":{"Name":"cnd-prod-eks-vpc","kubernetes.io/cluster/cnd-prod-eks":"shared"}},"sensitive_attributes":[],"private":"eyJzY2hlbWFfdmVyc2lvbiI6IjEifQ=="}]}],"check_results":null}
