{"version":4,"terraform_version":"1.11.2","serial":47,"lineage":"a257bf3b-03bd-4a1d-a382-188631baae12","outputs":{"jump_server_public_ip":{"value":"3.120.180.245","type":"string"},"jump_server_ssh_command":{"value":"ssh -i cnd-prod-eks-jump-server-key.pem ec2-user@3.120.180.245","type":"string"},"private_key_path":{"value":"./cnd-prod-eks-jump-server-key.pem","type":"string"}},"resources":[{"mode":"data","type":"aws_ami","name":"amazon_linux","provider":"provider[\"registry.opentofu.org/hashicorp/aws\"]","instances":[{"schema_version":0,"attributes":{"allow_unsafe_filter":null,"architecture":"x86_64","arn":"arn:aws:ec2:eu-central-1::image/ami-05db7535c31134e2b","block_device_mappings":[{"device_name":"/dev/xvda","ebs":{"delete_on_termination":"true","encrypted":"false","iops":"3000","snapshot_id":"snap-0924f9c4aecbbd374","throughput":"125","volume_initialization_rate":"0","volume_size":"30","volume_type":"gp3"},"no_device":"","virtual_name":""}],"boot_mode":"uefi-preferred","creation_date":"2026-01-20T21:52:54.000Z","deprecation_time":"2028-01-20T21:52:54.000Z","description":"Amazon Linux AMI 2023.0.20260120 x86_64 ECS HVM EBS","ena_support":true,"executable_users":null,"filter":[{"name":"name","values":["al2023-ami-*-x86_64"]},{"name":"virtualization-type","values":["hvm"]}],"hypervisor":"xen","id":"ami-05db7535c31134e2b","image_id":"ami-05db7535c31134e2b","image_location":"amazon/al2023-ami-ecs-neuron-hvm-2023.0.20260120-kernel-6.1-x86_64","image_owner_alias":"amazon","image_type":"machine","imds_support":"v2.0","include_deprecated":false,"kernel_id":"","last_launched_time":"","most_recent":true,"name":"al2023-ami-ecs-neuron-hvm-2023.0.20260120-kernel-6.1-x86_64","name_regex":null,"owner_id":"591542846629","owners":["amazon"],"platform":"","platform_details":"Linux/UNIX","product_codes":[],"public":true,"ramdisk_id":"","region":"eu-central-1","root_device_name":"/dev/xvda","root_device_type":"ebs","root_snapshot_id":"snap-0924f9c4aecbbd374","sriov_net_support":"simple","state":"available","state_reason":{"code":"UNSET","message":"UNSET"},"tags":{},"timeouts":null,"tpm_support":"","uefi_data":null,"usage_operation":"RunInstances","virtualization_type":"hvm"},"sensitive_attributes":[]}]},{"mode":"data","type":"aws_availability_zones","name":"available","provider":"provider[\"registry.opentofu.org/hashicorp/aws\"]","instances":[{"schema_version":0,"attributes":{"all_availability_zones":null,"exclude_names":null,"exclude_zone_ids":null,"filter":null,"group_names":["eu-central-1-zg-1"],"id":"eu-central-1","names":["eu-central-1a","eu-central-1b","eu-central-1c"],"region":"eu-central-1","state":"available","timeouts":null,"zone_ids":["euc1-az2","euc1-az3","euc1-az1"]},"sensitive_attributes":[]}]},{"mode":"data","type":"aws_eks_cluster","name":"this","provider":"provider[\"registry.opentofu.org/hashicorp/aws\"]","instances":[{"schema_version":0,"attributes":{"access_config":[{"authentication_mode":"API_AND_CONFIG_MAP","bootstrap_cluster_creator_admin_permissions":true}],"arn":"arn:aws:eks:eu-central-1:758280076486:cluster/cnd-prod-eks","certificate_authority":[{"data":"LS0tLS1CRUdJTiBDRVJUSUZJQ0FURS0tLS0tCk1JSURCVENDQWUyZ0F3SUJBZ0lJYkVPQ0hCTHRYTXN3RFFZSktvWklodmNOQVFFTEJRQXdGVEVUTUJFR0ExVUUKQXhNS2EzVmlaWEp1WlhSbGN6QWVGdzB5TlRFeU1qa3hOakF5TXpGYUZ3MHpOVEV5TWpjeE5qQTNNekZhTUJVeApFekFSQmdOVkJBTVRDbXQxWW1WeWJtVjBaWE13Z2dFaU1BMEdDU3FHU0liM0RRRUJBUVVBQTRJQkR3QXdnZ0VLCkFvSUJBUUNmS0g0Q1pza2xsdGVkUDQ5N29hYkpnR0tNeW9sWVVVTndHV3NyWVp1cllwYTMvTitPVVFMakorN1MKaTJ6czhHcEpreWpDZ3RtSURqSUtQeG9nSGpJSkJHR1FYQUFZVlVVR2Z2T1RBekZndlZ6anRRMUNOQ21wUlVhcgpqNnM4ZU9zZ3doTUcxZ3ljZGQ1a3VvQmhsZkRHa3d1blA4eEgzODU4UUlpZUl0b1ZxZnozWll2Wm40bXBTbDZqCitCNy9GVmNseS9TMXBGN2I1K3QyWWtTTHIxbGFXbzVpdjFxV3NrYkxGeFF0eFdlR2YxSTN2VlRNc3ZGK2RWNWwKakIrM0trOE5EMTc1Y3RJOFZyYitwbDBjVjBDc1VFMnNVN1QvN1lEdUdBTWZIVlBFUmFJbmswd24yOFNqM1FRYgpJODh1T2pzcDR2Z2RXVmN1WmdKSnJGYVhjQjZ4QWdNQkFBR2pXVEJYTUE0R0ExVWREd0VCL3dRRUF3SUNwREFQCkJnTlZIUk1CQWY4RUJUQURBUUgvTUIwR0ExVWREZ1FXQkJSZGZ5WnMvajlMdFJCUWJvT0cycFQzbDVpS29UQVYKQmdOVkhSRUVEakFNZ2dwcmRXSmxjbTVsZEdWek1BMEdDU3FHU0liM0RRRUJDd1VBQTRJQkFRQ2VIcVlCQXIzTwpOTmJtZXU1Z0NOektidk5HS25CSVpLZlZQZHZVNk5mcE1HK2kwVlJEUDBuaEhVelorWVFDZ1BDb3R0NGNqQkY1CnVSWkNpNkJzdUIvdzNrKzhnTnNuR04xVUg2S1cyTzFHejZ5ZVI4cVdoc1I1VDJidjdjNjdSMU1ORXNjSWVEVlIKWkRaSjNFNjdYNXY4WXRlSDR0czZrNkkra3B4cUhPRXByaWxGWm1rMnRhUE50N2Y5ajVqUmxzMDVseDZGbmpyZgp2WVJhVERiMkhBQ0VEclVmNXY2RjM0M3RKL0lCWHhtL2xyeGhBZjhMZC92clh6dDVIOER3Y0kyejZlRk82ZzRJCkpJWTY2MTZTVU9CN1ZITENrRTNiVVVjcVU0STJCN040eUVVOW0zeFkzTm51MkozUTV5UmorcVN5V2pIRDN4MEQKNTdPUGEwbDNZTVpICi0tLS0tRU5EIENFUlRJRklDQVRFLS0tLS0K"}],"cluster_id":null,"compute_config":[{"enabled":false,"node_pools":[],"node_role_arn":""}],"control_plane_scaling_config":[{"tier":"standard"}],"created_at":"2025-12-29T16:01:45Z","deletion_protection":false,"enabled_cluster_log_types":[],"endpoint":"https://E4421214751AD8DEDF5A2944BE03CF05.gr7.eu-central-1.eks.amazonaws.com","id":"cnd-prod-eks","identity":[{"oidc":[{"issuer":"https://oidc.eks.eu-central-1.amazonaws.com/id/E4421214751AD8DEDF5A2944BE03CF05"}]}],"kubernetes_network_config":[{"elastic_load_balancing":[{"enabled":false}],"ip_family":"ipv4","service_ipv4_cidr":"172.20.0.0/16","service_ipv6_cidr":""}],"name":"cnd-prod-eks","outpost_config":[],"platform_version":"eks.10","region":"eu-central-1","remote_network_config":[],"role_arn":"arn:aws:iam::758280076486:role/cnd-prod-eks-iam-role","status":"ACTIVE","storage_config":[{"block_storage":[{"enabled":false}]}],"tags":{},"upgrade_policy":[{"support_type":"EXTENDED"}],"version":"1.34","vpc_config":[{"cluster_security_group_id":"sg-06146225f0a8054c9","endpoint_private_access":false,"endpoint_public_access":true,"public_access_cidrs":["0.0.0.0/0"],"security_group_ids":["sg-045dea213a1d05be7"],"subnet_ids":["subnet-01172f6fab62d6851","subnet-027638245714e9233"],"vpc_id":"vpc-0e5aaec7c5afa57bc"}],"zonal_shift_config":[]},"sensitive_attributes":[]}]},{"mode":"data","type":"aws_eks_cluster_auth","name":"this","provider":"provider[\"registry.opentofu.org/hashicorp/aws\"]","instances":[{"schema_version":0,"attributes":{"id":"cnd-prod-eks","name":"cnd-prod-eks","region":"eu-central-1","token":"k8s-aws-v1.aHR0cHM6Ly9zdHMuZXUtY2VudHJhbC0xLmFtYXpvbmF3cy5jb20vP0FjdGlvbj1HZXRDYWxsZXJJZGVudGl0eSZWZXJzaW9uPTIwMTEtMDYtMTUmWC1BbXotQWxnb3JpdGhtPUFXUzQtSE1BQy1TSEEyNTYmWC1BbXotQ3JlZGVudGlhbD1BS0lBM0JESURYVERKR0RaV1dQNyUyRjIwMjYwMTIzJTJGZXUtY2VudHJhbC0xJTJGc3RzJTJGYXdzNF9yZXF1ZXN0JlgtQW16LURhdGU9MjAyNjAxMjNUMTkzMjUyWiZYLUFtei1FeHBpcmVzPTAmWC1BbXotU2lnbmVkSGVhZGVycz1ob3N0JTNCeC1rOHMtYXdzLWlkJlgtQW16LVNpZ25hdHVyZT1jNWQwM2E2YzA4YTlhODA3MjcwMjMzY2M5OTNiMzBmYTU4MmMzNWRlZGY0YzQwY2M2ZTdjMTUzOWI1ZjJiOWRk"},"sensitive_attributes":[]}]},{"mode":"data","type":"aws_iam_policy_document","name":"ebs_csi_driver_assume_role","provider":"provider[\"registry.opentofu.org/hashicorp/aws\"]","instances":[{"schema_version":0,"attributes":{"id":"1896283847","json":"{\n  \"Version\": \"2012-10-17\",\n  \"Statement\": [\n    {\n      \"Effect\": \"Allow\",\n      \"Action\": \"sts:AssumeRoleWithWebIdentity\",\n      \"Principal\": {\n        \"Federated\": \"arn:aws:iam::758280076486:oidc-provider/oidc.eks.eu-central-1.amazonaws.com/id/E4421214751AD8DEDF5A2944BE03CF05\"\n      },\n      \"Condition\": {\n        \"StringEquals\": {\n          \"oidc.eks.eu-central-1.amazonaws.com/id/E4421214751AD8DEDF5A2944BE03CF05:aud\": \"sts.amazonaws.com\",\n          \"oidc.eks.eu-central-1.amazonaws.com/id/E4421214751AD8DEDF5A2944BE03CF05:sub\": \"system:serviceaccount:kube-system:ebs-csi-controller-sa\"\n        }\n      }\n    }\n  ]\n}","minified_json":"{\"Version\":\"2012-10-17\",\"Statement\":[{\"Effect\":\"Allow\",\"Action\":\"sts:AssumeRoleWithWebIdentity\",\"Principal\":{\"Federated\":\"arn:aws:iam::758280076486:oidc-provider/oidc.eks.eu-central-1.amazonaws.com/id/E4421214751AD8DEDF5A2944BE03CF05\"},\"Condition\":{\"StringEquals\":{\"oidc.eks.eu-central-1.amazonaws.com/id/E4421214751AD8DEDF5A2944BE03CF05:aud\":\"sts.amazonaws.com\",\"oidc.eks.eu-central-1.amazonaws.com/id/E4421214751AD8DEDF5A2944BE03CF05:sub\":\"system:serviceaccount:kube-system:ebs-csi-controller-sa\"}}}]}","override_json":null,"override_policy_documents":null,"policy_id":null,"source_json":null,"source_policy_documents":null,"statement":[{"actions":["sts:AssumeRoleWithWebIdentity"],"condition":[{"test":"StringEquals","values":["sts.amazonaws.com"],"variable":"oidc.eks.eu-central-1.amazonaws.com/id/E4421214751AD8DEDF5A2944BE03CF05:aud"},{"test":"StringEquals","values":["system:serviceaccount:kube-system:ebs-csi-controller-sa"],"variable":"oidc.eks.eu-central-1.amazonaws.com/id/E4421214751AD8DEDF5A2944BE03CF05:sub"}],"effect":"Allow","not_actions":[],"not_principals":[],"not_resources":[],"principals":[{"identifiers":["arn:aws:iam::758280076486:oidc-provider/oidc.eks.eu-central-1.amazonaws.com/id/E4421214751AD8DEDF5A2944BE03CF05"],"type":"Federated"}],"resources":[],"sid":""}],"version":"2012-10-17"},"sensitive_attributes":[]}]},{"mode":"data","type":"aws_iam_policy_document","name":"ecr_assume_role","provider":"provider[\"registry.opentofu.org/hashicorp/aws\"]","instances":[{"schema_version":0,"attributes":{"id":"3824763564","json":"{\n  \"Version\": \"2012-10-17\",\n  \"Statement\": [\n    {\n      \"Effect\": \"Allow\",\n      \"Action\": \"sts:AssumeRoleWithWebIdentity\",\n      \"Principal\": {\n        \"Federated\": \"arn:aws:iam::758280076486:oidc-provider/oidc.eks.eu-central-1.amazonaws.com/id/E4421214751AD8DEDF5A2944BE03CF05\"\n      },\n      \"Condition\": {\n        \"StringEquals\": {\n          \"oidc.eks.eu-central-1.amazonaws.com/id/E4421214751AD8DEDF5A2944BE03CF05:aud\": \"sts.amazonaws.com\",\n          \"oidc.eks.eu-central-1.amazonaws.com/id/E4421214751AD8DEDF5A2944BE03CF05:sub\": \"system:serviceaccount:auth:eks-service-account\"\n        }\n      }\n    }\n  ]\n}","minified_json":"{\"Version\":\"2012-10-17\",\"Statement\":[{\"Effect\":\"Allow\",\"Action\":\"sts:AssumeRoleWithWebIdentity\",\"Principal\":{\"Federated\":\"arn:aws:iam::758280076486:oidc-provider/oidc.eks.eu-central-1.amazonaws.com/id/E4421214751AD8DEDF5A2944BE03CF05\"},\"Condition\":{\"StringEquals\":{\"oidc.eks.eu-central-1.amazonaws.com/id/E4421214751AD8DEDF5A2944BE03CF05:aud\":\"sts.amazonaws.com\",\"oidc.eks.eu-central-1.amazonaws.com/id/E4421214751AD8DEDF5A2944BE03CF05:sub\":\"system:serviceaccount:auth:eks-service-account\"}}}]}","override_json":null,"override_policy_documents":null,"policy_id":null,"source_json":null,"source_policy_documents":null,"statement":[{"actions":["sts:AssumeRoleWithWebIdentity"],"condition":[{"test":"StringEquals","values":["sts.amazonaws.com"],"variable":"oidc.eks.eu-central-1.amazonaws.com/id/E4421214751AD8DEDF5A2944BE03CF05:aud"},{"test":"StringEquals","values":["system:serviceaccount:auth:eks-service-account"],"variable":"oidc.eks.eu-central-1.amazonaws.com/id/E4421214751AD8DEDF5A2944BE03CF05:sub"}],"effect":"Allow","not_actions":[],"not_principals":[],"not_resources":[],"principals":[{"identifiers":["arn:aws:iam::758280076486:oidc-provider/oidc.eks.eu-central-1.amazonaws.com/id/E4421214751AD8DEDF5A2944BE03CF05"],"type":"Federated"}],"resources":[],"sid":""}],"version":"2012-10-17"},"sensitive_attributes":[]}]},{"mode":"data","type":"tls_certificate","name":"eks","provider":"provider[\"registry.opentofu.org/opentofu/tls\"]","instances":[{"schema_version":0,"attributes":{"certificates":[{"cert_pem":"-----BEGIN CERTIFICATE-----\nMIIEkjCCA3qgAwIBAgITBn+USionzfP6wq4rAfkI7rnExjANBgkqhkiG9w0BAQsF\nADCBmDELMAkGA1UEBhMCVVMxEDAOBgNVBAgTB0FyaXpvbmExEzARBgNVBAcTClNj\nb3R0c2RhbGUxJTAjBgNVBAoTHFN0YXJmaWVsZCBUZWNobm9sb2dpZXMsIEluYy4x\nOzA5BgNVBAMTMlN0YXJmaWVsZCBTZXJ2aWNlcyBSb290IENlcnRpZmljYXRlIEF1\ndGhvcml0eSAtIEcyMB4XDTE1MDUyNTEyMDAwMFoXDTM3MTIzMTAxMDAwMFowOTEL\nMAkGA1UEBhMCVVMxDzANBgNVBAoTBkFtYXpvbjEZMBcGA1UEAxMQQW1hem9uIFJv\nb3QgQ0EgMTCCASIwDQYJKoZIhvcNAQEBBQADggEPADCCAQoCggEBALJ4gHHKeNXj\nca9HgFB0fW7Y14h29Jlo91ghYPl0hAEvrAIthtOgQ3pOsqTQNroBvo3bSMgHFzZM\n9O6II8c+6zf1tRn4SWiw3te5djgdYZ6k/oI2peVKVuRF4fn9tBb6dNqcmzU5L/qw\nIFAGbHrQgLKm+a/sRxmPUDgH3KKHOVj4utWp+UhnMJbulHheb4mjUcAwhmahRWa6\nVOujw5H5SNz/0egwLX0tdHA114gk957EWW67c4cX8jJGKLhD+rcdqsq08p8kDi1L\n93FcXmn/6pUCyziKrlA4b9v7LWIbxcceVOF34GfID5yHI9Y/QCB/IIDEgEw+OyQm\njgSubJrIqg0CAwEAAaOCATEwggEtMA8GA1UdEwEB/wQFMAMBAf8wDgYDVR0PAQH/\nBAQDAgGGMB0GA1UdDgQWBBSEGMyFNOy8DJSULghZnMeyEE4KCDAfBgNVHSMEGDAW\ngBScXwDfqgHXMCs4iKK4bUqc8hGRgzB4BggrBgEFBQcBAQRsMGowLgYIKwYBBQUH\nMAGGImh0dHA6Ly9vY3NwLnJvb3RnMi5hbWF6b250cnVzdC5jb20wOAYIKwYBBQUH\nMAKGLGh0dHA6Ly9jcnQucm9vdGcyLmFtYXpvbnRydXN0LmNvbS9yb290ZzIuY2Vy\nMD0GA1UdHwQ2MDQwMqAwoC6GLGh0dHA6Ly9jcmwucm9vdGcyLmFtYXpvbnRydXN0\nLmNvbS9yb290ZzIuY3JsMBEGA1UdIAQKMAgwBgYEVR0gADANBgkqhkiG9w0BAQsF\nAAOCAQEAYjdCXLwQtT6LLOkMm2xF4gcAevnFWAu5CIw+7bMlPLVvUOTNNWqnkzSW\nMiGpSESrnO09tKpzbeR/FoCJbM8oAxiDR3mjEH4wW6w7sGDgd9QIpuEdfF7Au/ma\neyKdpwAJfqxGF4PcnCZXmTA5YpaP7dreqsXMGz7KQ2hsVxa81Q4gLv7/wmpdLqBK\nbRRYh5TmOTFffHPLkIhqhBGWJ6bt2YFGpn6jcgAKUj6DiAdjd4lpFw85hdKrCEVN\n0FE6/V1dN2RMfjCyVSRCnTawXZwXgWHxyvkQAiSr6w10kY17RSlQOYiypok1JR4U\nakcjMS9cmvqtmg5iUaQqqcT5NJ0hGA==\n-----END CERTIFICATE-----\n","is_ca":true,"issuer":"CN=Starfield Services Root Certificate Authority - G2,O=Starfield Technologies\\, Inc.,L=Scottsdale,ST=Arizona,C=US","not_after":"2037-12-31T01:00:00Z","not_before":"2015-05-25T12:00:00Z","public_key_algorithm":"RSA","serial_number":"144918191876577076464031512351042010504348870","sha1_fingerprint":"06b25927c42a721631c1efd9431e648fa62e1e39","signature_algorithm":"SHA256-RSA","subject":"CN=Amazon Root CA 1,O=Amazon,C=US","version":3},{"cert_pem":"-----BEGIN CERTIFICATE-----\nMIIEXjCCA0agAwIBAgITB3MSTNQG0mfAmRzdKZqfODF5hTANBgkqhkiG9w0BAQsF\nADA5MQswCQYDVQQGEwJVUzEPMA0GA1UEChMGQW1hem9uMRkwFwYDVQQDExBBbWF6\nb24gUm9vdCBDQSAxMB4XDTIyMDgyMzIyMjYwNFoXDTMwMDgyMzIyMjYwNFowPDEL\nMAkGA1UEBhMCVVMxDzANBgNVBAoTBkFtYXpvbjEcMBoGA1UEAxMTQW1hem9uIFJT\nQSAyMDQ4IE0wMzCCASIwDQYJKoZIhvcNAQEBBQADggEPADCCAQoCggEBALd/pVko\n8vuM475Tf45HV3BbCl/B9Jy89G1CRkFjcPY06WA9lS+7dWbUA7GtWUKoksr69hKM\nwcMsNpxlw7b3jeXFgxB09/nmalcAWtnLzF+LaDKEA5DQmvKzuh1nfIfqEiKCQSmX\nXh09Xs+dO7cm5qbaL2hhNJCSAejciwcvOFgFNgEMR42wm6KIFHsQW28jhA+1u/M0\np6fVwReuEgZfLfdx82Px0LJck3lST3EB/JfbdsdOzzzg5YkY1dfuqf8y5fUeZ7Cz\nWXbTjujwX/TovmeWKA36VLCz75azW6tDNuDn66FOpADZZ9omVaF6BqNJiLMVl6P3\n/c0OiUMC6Z5OfKcCAwEAAaOCAVowggFWMBIGA1UdEwEB/wQIMAYBAf8CAQAwDgYD\nVR0PAQH/BAQDAgGGMB0GA1UdJQQWMBQGCCsGAQUFBwMBBggrBgEFBQcDAjAdBgNV\nHQ4EFgQUVdkYX9IczAHhWLS+q9lVQgHXLgIwHwYDVR0jBBgwFoAUhBjMhTTsvAyU\nlC4IWZzHshBOCggwewYIKwYBBQUHAQEEbzBtMC8GCCsGAQUFBzABhiNodHRwOi8v\nb2NzcC5yb290Y2ExLmFtYXpvbnRydXN0LmNvbTA6BggrBgEFBQcwAoYuaHR0cDov\nL2NydC5yb290Y2ExLmFtYXpvbnRydXN0LmNvbS9yb290Y2ExLmNlcjA/BgNVHR8E\nODA2MDSgMqAwhi5odHRwOi8vY3JsLnJvb3RjYTEuYW1hem9udHJ1c3QuY29tL3Jv\nb3RjYTEuY3JsMBMGA1UdIAQMMAowCAYGZ4EMAQIBMA0GCSqGSIb3DQEBCwUAA4IB\nAQAGjeWm2cC+3z2MzSCnte46/7JZvj3iQZDY7EvODNdZF41n71Lrk9kbfNwerK0d\nVNzW36Wefr7j7ZSwBVg50W5ay65jNSN74TTQV1yt4WnSbVvN6KlMs1hiyOZdoHKs\nKDV2UGNxbdoBYCQNa2GYF8FQIWLugNp35aSOpMy6cFlymFQomIrnOQHwK1nvVY4q\nxDSJMU/gNJz17D8ArPN3ngnyZ2TwepJ0uBINz3G5te2rdFUF4i4Y3Bb7FUlHDYm4\nu8aIRGpk2ZpfXmxaoxnbIBZRvGLPSUuPwnwoUOMsJ8jirI5vs2dvchPb7MtI1rle\ni02f2ivH2vxkjDLltSpe2fiC\n-----END CERTIFICATE-----\n","is_ca":true,"issuer":"CN=Amazon Root CA 1,O=Amazon,C=US","not_after":"2030-08-23T22:26:04Z","not_before":"2022-08-23T22:26:04Z","public_key_algorithm":"RSA","serial_number":"166129356476704345391986644047206454194698629","sha1_fingerprint":"d9fe0a65fa00cabf61f5120d373a8135e1461f15","signature_algorithm":"SHA256-RSA","subject":"CN=Amazon RSA 2048 M03,O=Amazon,C=US","version":3},{"cert_pem":"-----BEGIN CERTIFICATE-----\nMIIF6zCCBNOgAwIBAgIQC4hEi7pJ3+PGBwfnYdVdtjANBgkqhkiG9w0BAQsFADA8\nMQswCQYDVQQGEwJVUzEPMA0GA1UEChMGQW1hem9uMRwwGgYDVQQDExNBbWF6b24g\nUlNBIDIwNDggTTAzMB4XDTI1MDIyNjAwMDAwMFoXDTI2MDMyODIzNTk1OVowKzEp\nMCcGA1UEAwwgKi5la3MuZXUtY2VudHJhbC0xLmFtYXpvbmF3cy5jb20wggEiMA0G\nCSqGSIb3DQEBAQUAA4IBDwAwggEKAoIBAQC8puZUGMtG9NupSlPRt3lJH/6LUZkA\nna0255m0jGkEEEasY5c3Y9y/5wn11wU1h9QNNOC9KoOhHRsIr4ElOp5fQl1aEZmx\nd29ecm27kLwomsvBvYiNBT1fPVvcLJ63h0jYpe2id0XBlBKPmgA2gmFrmejgwhvn\n5P+jETAB4Matc9OreyTIi1Ka/B79rw5Xl+ktuPfjGkf5rIrAEij58j8Th3hxC1JC\np4ItbIUXB4D9+xu/WGkkBf09oMW2Gtn1BA3K6gPBD+4x7kYkSCIaHPYNybXu2VaD\nVzAIMNLQDqV6ZstzwT5EosGka1MlUDqglgauT7uO7J471DLBCU37Oy1zAgMBAAGj\nggL4MIIC9DAfBgNVHSMEGDAWgBRV2Rhf0hzMAeFYtL6r2VVCAdcuAjAdBgNVHQ4E\nFgQU3e7kV+q/ZIOdeba4p0AY4fLWbDEwKwYDVR0RBCQwIoIgKi5la3MuZXUtY2Vu\ndHJhbC0xLmFtYXpvbmF3cy5jb20wEwYDVR0gBAwwCjAIBgZngQwBAgEwDgYDVR0P\nAQH/BAQDAgWgMB0GA1UdJQQWMBQGCCsGAQUFBwMBBggrBgEFBQcDAjA7BgNVHR8E\nNDAyMDCgLqAshipodHRwOi8vY3JsLnIybTAzLmFtYXpvbnRydXN0LmNvbS9yMm0w\nMy5jcmwwdQYIKwYBBQUHAQEEaTBnMC0GCCsGAQUFBzABhiFodHRwOi8vb2NzcC5y\nMm0wMy5hbWF6b250cnVzdC5jb20wNgYIKwYBBQUHMAKGKmh0dHA6Ly9jcnQucjJt\nMDMuYW1hem9udHJ1c3QuY29tL3IybTAzLmNlcjAMBgNVHRMBAf8EAjAAMIIBfQYK\nKwYBBAHWeQIEAgSCAW0EggFpAWcAdgCWl2S/VViXrfdDh2g3CEJ36fA61fak8zZu\nRqQ/D8qpxgAAAZU/pyUOAAAEAwBHMEUCIQCNGYIB9FphlXfLsCVhQa/nNyVA/OdF\nRAGBY1lYwOesgQIgSxIRDYVexFOcPgi5z+hd4vJ0msxgtzn1r8r0GuIgb+UAdgBk\nEcRspBLsp4kcogIuALyrTygH1B41J6vq/tUDyX3N8AAAAZU/pyUSAAAEAwBHMEUC\nICjGzP3jERdiAZx7Y/+lBeGcMETjSt4wPuxC+VwI7b0lAiEAqM0tpbUmGJ9na6SZ\nWOyoCOPCI+kdhNnAw/Q/Sz5tMs4AdQBJnJtp3h187Pw23s2HZKa4W68Kh4AZ0VVS\n++nrKd34wwAAAZU/pyUoAAAEAwBGMEQCIHxndNIoIP6XqwGW2Rbxv/u6Yf92X/Ri\nDTsMsAB0en88AiB0S+seC5AF4ZbNRgblgu6rqYc1oPH8VDEgP4ji6M4NFzANBgkq\nhkiG9w0BAQsFAAOCAQEAVIDr+wgnND9P7BO6f8X6bcNZ6GoCp+Rsj47shArfCRgF\np50/8kK5KeMVnXKeEy0LJ/9D3/oHWV2TGLa9lsoCwG06hwUpXXtG3lW1HEGUOgiM\nCCsPxK8/MX8fseEfBwu+Yy/2JYRYwrybKe/aTs1DSs60tOQO5qQj1nvT1f2sMnSC\nAwIYWSGmkCzftcwPDcdVcGU3wS6tDBLVQIZwUPbfA52m7WullmKGbrDjGn5Cy7iW\nelyfkmEJcEAYW4ctx/jrV49P7tq+14HAVZqbnrd0s0wUKnq0kKMztNN96Ce9TNS2\nEKPavd8oe0ZM/cBQR1tVjNi5R1af9reYYUHKYSv01g==\n-----END CERTIFICATE-----\n","is_ca":false,"issuer":"CN=Amazon RSA 2048 M03,O=Amazon,C=US","not_after":"2026-03-28T23:59:59Z","not_before":"2025-02-26T00:00:00Z","public_key_algorithm":"RSA","serial_number":"15329050600615969656761797089774886326","sha1_fingerprint":"c3c07e30211ff224dc6db2086d7bbaa42929a81e","signature_algorithm":"SHA256-RSA","subject":"CN=*.eks.eu-central-1.amazonaws.com","version":3}],"content":null,"id":"efc5619605e4300447be4c860675ff76c35033c7","url":"https://oidc.eks.eu-central-1.amazonaws.com/id/E4421214751AD8DEDF5A2944BE03CF05","verify_chain":true},"sensitive_attributes":[]}]},{"mode":"managed","type":"aws_eks_access_entry","name":"current_user_access","provider":"provider[\"registry.opentofu.org/hashicorp/aws\"]","instances":[{"index_key":"arn:aws:iam::758280076486:user/david","schema_version":0,"attributes":{"access_entry_arn":"arn:aws:eks:eu-central-1:758280076486:access-entry/cnd-prod-eks/user/758280076486/david/f4cdb786-f026-36d1-f4b8-56349f650295","cluster_name":"cnd-prod-eks","created_at":"2025-12-30T11:38:59Z","id":"cnd-prod-eks:arn:aws:iam::758280076486:user/david","kubernetes_groups":[],"modified_at":"2025-12-30T11:38:59Z","principal_arn":"arn:aws:iam::758280076486:user/david","region":"eu-central-1","tags":{},"tags_all":{},"timeouts":null,"type":"STANDARD","user_name":"arn:aws:iam::758280076486:user/david"},"sensitive_attributes":[],"private":"eyJlMmJmYjczMC1lY2FhLTExZTYtOGY4OC0zNDM2M2JjN2M0YzAiOnsiY3JlYXRlIjo2MDAwMDAwMDAwMDAsImRlbGV0ZSI6NjAwMDAwMDAwMDAwfX0=","dependencies":["aws_eks_cluster.cluster","aws_iam_role.cluster-iam-role","aws_iam_role_policy_attachment.cluster-AmazonEKSClusterPolicy","aws_iam_role_policy_attachment.cluster-AmazonEKSVPCResourceController","aws_security_group.security-group","aws_subnet.subnet","aws_vpc.vpc","data.aws_availability_zones.available"]},{"index_key":"arn:aws:iam::758280076486:user/steven","schema_version":0,"attributes":{"access_entry_arn":"arn:aws:eks:eu-central-1:758280076486:access-entry/cnd-prod-eks/user/758280076486/steven/c6cdb786-f035-b614-df6b-99d6488ea20f","cluster_name":"cnd-prod-eks","created_at":"2025-12-30T11:38:59Z","id":"cnd-prod-eks:arn:aws:iam::758280076486:user/steven","kubernetes_groups":[],"modified_at":"2025-12-30T11:38:59Z","principal_arn":"arn:aws:iam::758280076486:user/steven","region":"eu-central-1","tags":{},"tags_all":{},"timeouts":null,"type":"STANDARD","user_name":"arn:aws:iam::758280076486:user/steven"},"sensitive_attributes":[],"private":"eyJlMmJmYjczMC1lY2FhLTExZTYtOGY4OC0zNDM2M2JjN2M0YzAiOnsiY3JlYXRlIjo2MDAwMDAwMDAwMDAsImRlbGV0ZSI6NjAwMDAwMDAwMDAwfX0=","dependencies":["aws_eks_cluster.cluster","aws_iam_role.cluster-iam-role","aws_iam_role_policy_attachment.cluster-AmazonEKSClusterPolicy","aws_iam_role_policy_attachment.cluster-AmazonEKSVPCResourceController","aws_security_group.security-group","aws_subnet.subnet","aws_vpc.vpc","data.aws_availability_zones.available"]}]},{"mode":"managed","type":"aws_eks_access_entry","name":"jump_server_access","provider":"provider[\"registry.opentofu.org/hashicorp/aws\"]","instances":[{"schema_version":0,"attributes":{"access_entry_arn":"arn:aws:eks:eu-central-1:758280076486:access-entry/cnd-prod-eks/role/758280076486/cnd-prod-eks-jump-server-role/b4cdb56f-8e50-1b8c-3af4-6b923ca6bcda","cluster_name":"cnd-prod-eks","created_at":"2025-12-29T16:09:25Z","id":"cnd-prod-eks:arn:aws:iam::758280076486:role/cnd-prod-eks-jump-server-role","kubernetes_groups":[],"modified_at":"2025-12-29T16:09:25Z","principal_arn":"arn:aws:iam::758280076486:role/cnd-prod-eks-jump-server-role","region":"eu-central-1","tags":{},"tags_all":{},"timeouts":null,"type":"STANDARD","user_name":"arn:aws:sts::758280076486:assumed-role/cnd-prod-eks-jump-server-role/{{SessionName}}"},"sensitive_attributes":[],"private":"eyJlMmJmYjczMC1lY2FhLTExZTYtOGY4OC0zNDM2M2JjN2M0YzAiOnsiY3JlYXRlIjo2MDAwMDAwMDAwMDAsImRlbGV0ZSI6NjAwMDAwMDAwMDAwfX0=","dependencies":["aws_eks_cluster.cluster","aws_iam_role.cluster-iam-role","aws_iam_role.jump_server_role","aws_iam_role_policy_attachment.cluster-AmazonEKSClusterPolicy","aws_iam_role_policy_attachment.cluster-AmazonEKSVPCResourceController","aws_security_group.security-group","aws_subnet.subnet","aws_vpc.vpc","data.aws_availability_zones.available"]}]},{"mode":"managed","type":"aws_eks_access_policy_association","name":"current_user_admin","provider":"provider[\"registry.opentofu.org/hashicorp/aws\"]","instances":[{"index_key":"arn:aws:iam::758280076486:user/david","schema_version":0,"attributes":{"access_scope":[{"namespaces":[],"type":"cluster"}],"associated_at":"2025-12-30 11:38:59.19 +0000 UTC","cluster_name":"cnd-prod-eks","id":"cnd-prod-eks#arn:aws:iam::758280076486:user/david#arn:aws:eks::aws:cluster-access-policy/AmazonEKSClusterAdminPolicy","modified_at":"2025-12-30 11:38:59.19 +0000 UTC","policy_arn":"arn:aws:eks::aws:cluster-access-policy/AmazonEKSClusterAdminPolicy","principal_arn":"arn:aws:iam::758280076486:user/david","region":"eu-central-1","timeouts":null},"sensitive_attributes":[],"private":"eyJlMmJmYjczMC1lY2FhLTExZTYtOGY4OC0zNDM2M2JjN2M0YzAiOnsiY3JlYXRlIjo2MDAwMDAwMDAwMDAsImRlbGV0ZSI6NjAwMDAwMDAwMDAwfX0=","dependencies":["aws_eks_cluster.cluster","aws_iam_role.cluster-iam-role","aws_iam_role_policy_attachment.cluster-AmazonEKSClusterPolicy","aws_iam_role_policy_attachment.cluster-AmazonEKSVPCResourceController","aws_security_group.security-group","aws_subnet.subnet","aws_vpc.vpc","data.aws_availability_zones.available"]},{"index_key":"arn:aws:iam::758280076486:user/steven","schema_version":0,"attributes":{"access_scope":[{"namespaces":[],"type":"cluster"}],"associated_at":"2025-12-30 11:38:59.172 +0000 UTC","cluster_name":"cnd-prod-eks","id":"cnd-prod-eks#arn:aws:iam::758280076486:user/steven#arn:aws:eks::aws:cluster-access-policy/AmazonEKSClusterAdminPolicy","modified_at":"2025-12-30 11:38:59.172 +0000 UTC","policy_arn":"arn:aws:eks::aws:cluster-access-policy/AmazonEKSClusterAdminPolicy","principal_arn":"arn:aws:iam::758280076486:user/steven","region":"eu-central-1","timeouts":null},"sensitive_attributes":[],"private":"eyJlMmJmYjczMC1lY2FhLTExZTYtOGY4OC0zNDM2M2JjN2M0YzAiOnsiY3JlYXRlIjo2MDAwMDAwMDAwMDAsImRlbGV0ZSI6NjAwMDAwMDAwMDAwfX0=","dependencies":["aws_eks_cluster.cluster","aws_iam_role.cluster-iam-role","aws_iam_role_policy_attachment.cluster-AmazonEKSClusterPolicy","aws_iam_role_policy_attachment.cluster-AmazonEKSVPCResourceController","aws_security_group.security-group","aws_subnet.subnet","aws_vpc.vpc","data.aws_availability_zones.available"]}]},{"mode":"managed","type":"aws_eks_access_policy_association","name":"jump_server_admin","provider":"provider[\"registry.opentofu.org/hashicorp/aws\"]","instances":[{"schema_version":0,"attributes":{"access_scope":[{"namespaces":[],"type":"cluster"}],"associated_at":"2025-12-29 16:09:26.034 +0000 UTC","cluster_name":"cnd-prod-eks","id":"cnd-prod-eks#arn:aws:iam::758280076486:role/cnd-prod-eks-jump-server-role#arn:aws:eks::aws:cluster-access-policy/AmazonEKSClusterAdminPolicy","modified_at":"2025-12-29 16:09:26.034 +0000 UTC","policy_arn":"arn:aws:eks::aws:cluster-access-policy/AmazonEKSClusterAdminPolicy","principal_arn":"arn:aws:iam::758280076486:role/cnd-prod-eks-jump-server-role","region":"eu-central-1","timeouts":null},"sensitive_attributes":[],"private":"eyJlMmJmYjczMC1lY2FhLTExZTYtOGY4OC0zNDM2M2JjN2M0YzAiOnsiY3JlYXRlIjo2MDAwMDAwMDAwMDAsImRlbGV0ZSI6NjAwMDAwMDAwMDAwfX0=","dependencies":["aws_eks_cluster.cluster","aws_iam_role.cluster-iam-role","aws_iam_role.jump_server_role","aws_iam_role_policy_attachment.cluster-AmazonEKSClusterPolicy","aws_iam_role_policy_attachment.cluster-AmazonEKSVPCResourceController","aws_security_group.security-group","aws_subnet.subnet","aws_vpc.vpc","data.aws_availability_zones.available"]}]},{"mode":"managed","type":"aws_eks_addon","name":"ebs_csi_driver","provider":"provider[\"registry.opentofu.org/hashicorp/aws\"]","instances":[{"schema_version":0,"attributes":{"addon_name":"aws-ebs-csi-driver","addon_version":"v1.29.1-eksbuild.1","arn":"arn:aws:eks:eu-central-1:758280076486:addon/cnd-prod-eks/aws-ebs-csi-driver/92cdf409-b04f-0b03-d6aa-f797883a64fb","cluster_name":"cnd-prod-eks","configuration_values":"","created_at":"2026-01-22T23:39:02Z","id":"cnd-prod-eks:aws-ebs-csi-driver","modified_at":"2026-01-22T23:39:43Z","pod_identity_association":[],"preserve":null,"region":"eu-central-1","resolve_conflicts_on_create":null,"resolve_conflicts_on_update":null,"service_account_role_arn":"arn:aws:iam::758280076486:role/ebs-csi-driver-role","tags":{},"tags_all":{},"timeouts":null},"sensitive_attributes":[],"private":"eyJlMmJmYjczMC1lY2FhLTExZTYtOGY4OC0zNDM2M2JjN2M0YzAiOnsiY3JlYXRlIjoxMjAwMDAwMDAwMDAwLCJkZWxldGUiOjI0MDAwMDAwMDAwMDAsInVwZGF0ZSI6MTIwMDAwMDAwMDAwMH19","dependencies":["aws_eks_cluster.cluster","aws_iam_openid_connect_provider.eks","aws_iam_role.cluster-iam-role","aws_iam_role.ebs_csi_driver_role","aws_iam_role_policy_attachment.cluster-AmazonEKSClusterPolicy","aws_iam_role_policy_attachment.cluster-AmazonEKSVPCResourceController","aws_security_group.security-group","aws_subnet.subnet","aws_vpc.vpc","data.aws_availability_zones.available","data.aws_iam_policy_document.ebs_csi_driver_assume_role","data.tls_certificate.eks"]}]},{"mode":"managed","type":"aws_eks_cluster","name":"cluster","provider":"provider[\"registry.opentofu.org/hashicorp/aws\"]","instances":[{"schema_version":1,"attributes":{"access_config":[{"authentication_mode":"API_AND_CONFIG_MAP","bootstrap_cluster_creator_admin_permissions":false}],"arn":"arn:aws:eks:eu-central-1:758280076486:cluster/cnd-prod-eks","bootstrap_self_managed_addons":true,"certificate_authority":[{"data":"LS0tLS1CRUdJTiBDRVJUSUZJQ0FURS0tLS0tCk1JSURCVENDQWUyZ0F3SUJBZ0lJYkVPQ0hCTHRYTXN3RFFZSktvWklodmNOQVFFTEJRQXdGVEVUTUJFR0ExVUUKQXhNS2EzVmlaWEp1WlhSbGN6QWVGdzB5TlRFeU1qa3hOakF5TXpGYUZ3MHpOVEV5TWpjeE5qQTNNekZhTUJVeApFekFSQmdOVkJBTVRDbXQxWW1WeWJtVjBaWE13Z2dFaU1BMEdDU3FHU0liM0RRRUJBUVVBQTRJQkR3QXdnZ0VLCkFvSUJBUUNmS0g0Q1pza2xsdGVkUDQ5N29hYkpnR0tNeW9sWVVVTndHV3NyWVp1cllwYTMvTitPVVFMakorN1MKaTJ6czhHcEpreWpDZ3RtSURqSUtQeG9nSGpJSkJHR1FYQUFZVlVVR2Z2T1RBekZndlZ6anRRMUNOQ21wUlVhcgpqNnM4ZU9zZ3doTUcxZ3ljZGQ1a3VvQmhsZkRHa3d1blA4eEgzODU4UUlpZUl0b1ZxZnozWll2Wm40bXBTbDZqCitCNy9GVmNseS9TMXBGN2I1K3QyWWtTTHIxbGFXbzVpdjFxV3NrYkxGeFF0eFdlR2YxSTN2VlRNc3ZGK2RWNWwKakIrM0trOE5EMTc1Y3RJOFZyYitwbDBjVjBDc1VFMnNVN1QvN1lEdUdBTWZIVlBFUmFJbmswd24yOFNqM1FRYgpJODh1T2pzcDR2Z2RXVmN1WmdKSnJGYVhjQjZ4QWdNQkFBR2pXVEJYTUE0R0ExVWREd0VCL3dRRUF3SUNwREFQCkJnTlZIUk1CQWY4RUJUQURBUUgvTUIwR0ExVWREZ1FXQkJSZGZ5WnMvajlMdFJCUWJvT0cycFQzbDVpS29UQVYKQmdOVkhSRUVEakFNZ2dwcmRXSmxjbTVsZEdWek1BMEdDU3FHU0liM0RRRUJDd1VBQTRJQkFRQ2VIcVlCQXIzTwpOTmJtZXU1Z0NOektidk5HS25CSVpLZlZQZHZVNk5mcE1HK2kwVlJEUDBuaEhVelorWVFDZ1BDb3R0NGNqQkY1CnVSWkNpNkJzdUIvdzNrKzhnTnNuR04xVUg2S1cyTzFHejZ5ZVI4cVdoc1I1VDJidjdjNjdSMU1ORXNjSWVEVlIKWkRaSjNFNjdYNXY4WXRlSDR0czZrNkkra3B4cUhPRXByaWxGWm1rMnRhUE50N2Y5ajVqUmxzMDVseDZGbmpyZgp2WVJhVERiMkhBQ0VEclVmNXY2RjM0M3RKL0lCWHhtL2xyeGhBZjhMZC92clh6dDVIOER3Y0kyejZlRk82ZzRJCkpJWTY2MTZTVU9CN1ZITENrRTNiVVVjcVU0STJCN040eUVVOW0zeFkzTm51MkozUTV5UmorcVN5V2pIRDN4MEQKNTdPUGEwbDNZTVpICi0tLS0tRU5EIENFUlRJRklDQVRFLS0tLS0K"}],"cluster_id":null,"compute_config":[{"enabled":false,"node_pools":[],"node_role_arn":""}],"control_plane_scaling_config":[{"tier":"standard"}],"created_at":"2025-12-29T16:01:45Z","deletion_protection":false,"enabled_cluster_log_types":[],"encryption_config":[],"endpoint":"https://E4421214751AD8DEDF5A2944BE03CF05.gr7.eu-central-1.eks.amazonaws.com","force_update_version":null,"id":"cnd-prod-eks","identity":[{"oidc":[{"issuer":"https://oidc.eks.eu-central-1.amazonaws.com/id/E4421214751AD8DEDF5A2944BE03CF05"}]}],"kubernetes_network_config":[{"elastic_load_balancing":[{"enabled":false}],"ip_family":"ipv4","service_ipv4_cidr":"172.20.0.0/16","service_ipv6_cidr":""}],"name":"cnd-prod-eks","outpost_config":[],"platform_version":"eks.10","region":"eu-central-1","remote_network_config":[],"role_arn":"arn:aws:iam::758280076486:role/cnd-prod-eks-iam-role","status":"ACTIVE","storage_config":[{"block_storage":[{"enabled":false}]}],"tags":{},"tags_all":{},"timeouts":null,"upgrade_policy":[{"support_type":"EXTENDED"}],"version":"1.34","vpc_config":[{"cluster_security_group_id":"sg-06146225f0a8054c9","endpoint_private_access":false,"endpoint_public_access":true,"public_access_cidrs":["0.0.0.0/0"],"security_group_ids":["sg-045dea213a1d05be7"],"subnet_ids":["subnet-01172f6fab62d6851","subnet-027638245714e9233"],"vpc_id":"vpc-0e5aaec7c5afa57bc"}],"zonal_shift_config":[]},"sensitive_attributes":[],"private":"eyJlMmJmYjczMC1lY2FhLTExZTYtOGY4OC0zNDM2M2JjN2M0YzAiOnsiY3JlYXRlIjoxODAwMDAwMDAwMDAwLCJkZWxldGUiOjkwMDAwMDAwMDAwMCwidXBkYXRlIjozNjAwMDAwMDAwMDAwfSwic2NoZW1hX3ZlcnNpb24iOiIxIn0=","dependencies":["aws_iam_role.cluster-iam-role","aws_iam_role_policy_attachment.cluster-AmazonEKSClusterPolicy","aws_iam_role_policy_attachment.cluster-AmazonEKSVPCResourceController","aws_security_group.security-group","aws_subnet.subnet","aws_vpc.vpc","data.aws_availability_zones.available"]}]},{"mode":"managed","type":"aws_eks_node_group","name":"group","provider":"provider[\"registry.opentofu.org/hashicorp/aws\"]","instances":[{"schema_version":0,"attributes":{"ami_type":"AL2023_x86_64_STANDARD","arn":"arn:aws:eks:eu-central-1:758280076486:nodegroup/cnd-prod-eks/cnd-prod-eks-node-group/c8cdb56f-8e2b-ff72-b4cc-09df6dad010b","capacity_type":"ON_DEMAND","cluster_name":"cnd-prod-eks","disk_size":20,"force_update_version":null,"id":"cnd-prod-eks:cnd-prod-eks-node-group","instance_types":["t3.small"],"labels":{},"launch_template":[],"node_group_name":"cnd-prod-eks-node-group","node_group_name_prefix":"","node_repair_config":[],"node_role_arn":"arn:aws:iam::758280076486:role/cnd-prod-eks-node-iam-role","region":"eu-central-1","release_version":"1.34.2-20251217","remote_access":[],"resources":[{"autoscaling_groups":[{"name":"eks-cnd-prod-eks-node-group-c8cdb56f-8e2b-ff72-b4cc-09df6dad010b"}],"remote_access_security_group_id":""}],"scaling_config":[{"desired_size":2,"max_size":3,"min_size":2}],"status":"ACTIVE","subnet_ids":["subnet-01172f6fab62d6851","subnet-027638245714e9233"],"tags":{},"tags_all":{},"taint":[],"timeouts":null,"update_config":[{"max_unavailable":1,"max_unavailable_percentage":0,"update_strategy":""}],"version":"1.34"},"sensitive_attributes":[],"private":"eyJlMmJmYjczMC1lY2FhLTExZTYtOGY4OC0zNDM2M2JjN2M0YzAiOnsiY3JlYXRlIjozNjAwMDAwMDAwMDAwLCJkZWxldGUiOjM2MDAwMDAwMDAwMDAsInVwZGF0ZSI6MzYwMDAwMDAwMDAwMH19","dependencies":["aws_eks_cluster.cluster","aws_iam_role.cluster-iam-role","aws_iam_role.node-iam-role","aws_iam_role_policy_attachment.cluster-AmazonEKSClusterPolicy","aws_iam_role_policy_attachment.cluster-AmazonEKSVPCResourceController","aws_iam_role_policy_attachment.node-AmazonEC2ContainerRegistryReadOnly","aws_iam_role_policy_attachment.node-AmazonEKSWorkerNodePolicy","aws_iam_role_policy_attachment.node-AmazonEKS_CNI_Policy","aws_security_group.security-group","aws_subnet.subnet","aws_vpc.vpc","data.aws_availability_zones.available"]}]},{"mode":"managed","type":"aws_iam_instance_profile","name":"jump_server_profile","provider":"provider[\"registry.opentofu.org/hashicorp/aws\"]","instances":[{"schema_version":0,"attributes":{"arn":"arn:aws:iam::758280076486:instance-profile/cnd-prod-eks-jump-server-profile","create_date":"2025-12-29T14:02:05Z","id":"cnd-prod-eks-jump-server-profile","name":"cnd-prod-eks-jump-server-profile","name_prefix":"","path":"/","role":"cnd-prod-eks-jump-server-role","tags":{},"tags_all":{},"unique_id":"AIPA3BDIDXTDESC7LHS2Y"},"sensitive_attributes":[],"private":"bnVsbA==","dependencies":["aws_iam_role.jump_server_role"]}]},{"mode":"managed","type":"aws_iam_openid_connect_provider","name":"eks","provider":"provider[\"registry.opentofu.org/hashicorp/aws\"]","instances":[{"schema_version":0,"attributes":{"arn":"arn:aws:iam::758280076486:oidc-provider/oidc.eks.eu-central-1.amazonaws.com/id/E4421214751AD8DEDF5A2944BE03CF05","client_id_list":["sts.amazonaws.com"],"id":"arn:aws:iam::758280076486:oidc-provider/oidc.eks.eu-central-1.amazonaws.com/id/E4421214751AD8DEDF5A2944BE03CF05","tags":{},"tags_all":{},"thumbprint_list":["06b25927c42a721631c1efd9431e648fa62e1e39"],"url":"oidc.eks.eu-central-1.amazonaws.com/id/E4421214751AD8DEDF5A2944BE03CF05"},"sensitive_attributes":[],"private":"bnVsbA==","dependencies":["aws_eks_cluster.cluster","aws_iam_role.cluster-iam-role","aws_iam_role_policy_attachment.cluster-AmazonEKSClusterPolicy","aws_iam_role_policy_attachment.cluster-AmazonEKSVPCResourceController","aws_security_group.security-group","aws_subnet.subnet","aws_vpc.vpc","data.aws_availability_zones.available","data.tls_certificate.eks"]}]},{"mode":"managed","type":"aws_iam_policy","name":"ecr_read_policy","provider":"provider[\"registry.opentofu.org/hashicorp/aws\"]","instances":[{"schema_version":0,"attributes":{"arn":"arn:aws:iam::758280076486:policy/eks-ecr-read-policy","attachment_count":1,"delay_after_policy_creation_in_ms":null,"description":"Policy for EKS pods to pull images from ECR","id":"arn:aws:iam::758280076486:policy/eks-ecr-read-policy","name":"eks-ecr-read-policy","name_prefix":"","path":"/","policy":"{\"Statement\":[{\"Action\":[\"ecr:GetAuthorizationToken\",\"ecr:BatchCheckLayerAvailability\",\"ecr:GetDownloadUrlForLayer\",\"ecr:BatchGetImage\"],\"Effect\":\"Allow\",\"Resource\":\"*\"}],\"Version\":\"2012-10-17\"}","policy_id":"ANPA3BDIDXTDEHSXXZB6Q","tags":{},"tags_all":{}},"sensitive_attributes":[],"private":"bnVsbA=="}]},{"mode":"managed","type":"aws_iam_policy","name":"jump_server_eks_access","provider":"provider[\"registry.opentofu.org/hashicorp/aws\"]","instances":[{"schema_version":0,"attributes":{"arn":"arn:aws:iam::758280076486:policy/cnd-prod-eks-jump-server-eks-access","attachment_count":1,"delay_after_policy_creation_in_ms":null,"description":"Policy for jump server to describe EKS clusters","id":"arn:aws:iam::758280076486:policy/cnd-prod-eks-jump-server-eks-access","name":"cnd-prod-eks-jump-server-eks-access","name_prefix":"","path":"/","policy":"{\"Statement\":[{\"Action\":[\"eks:DescribeCluster\",\"eks:ListClusters\"],\"Effect\":\"Allow\",\"Resource\":\"*\"}],\"Version\":\"2012-10-17\"}","policy_id":"ANPA3BDIDXTDLBFCSLNYJ","tags":{},"tags_all":{}},"sensitive_attributes":[],"private":"bnVsbA=="}]},{"mode":"managed","type":"aws_iam_role","name":"cluster-iam-role","provider":"provider[\"registry.opentofu.org/hashicorp/aws\"]","instances":[{"schema_version":0,"attributes":{"arn":"arn:aws:iam::758280076486:role/cnd-prod-eks-iam-role","assume_role_policy":"{\"Statement\":[{\"Action\":\"sts:AssumeRole\",\"Effect\":\"Allow\",\"Principal\":{\"Service\":\"eks.amazonaws.com\"}}],\"Version\":\"2012-10-17\"}","create_date":"2025-12-29T13:10:51Z","description":"","force_detach_policies":false,"id":"cnd-prod-eks-iam-role","inline_policy":[],"managed_policy_arns":["arn:aws:iam::aws:policy/AmazonEKSClusterPolicy","arn:aws:iam::aws:policy/AmazonEKSVPCResourceController"],"max_session_duration":3600,"name":"cnd-prod-eks-iam-role","name_prefix":"","path":"/","permissions_boundary":"","tags":{},"tags_all":{},"unique_id":"AROA3BDIDXTDJIUNOMCRX"},"sensitive_attributes":[],"private":"bnVsbA=="}]},{"mode":"managed","type":"aws_iam_role","name":"ebs_csi_driver_role","provider":"provider[\"registry.opentofu.org/hashicorp/aws\"]","instances":[{"schema_version":0,"attributes":{"arn":"arn:aws:iam::758280076486:role/ebs-csi-driver-role","assume_role_policy":"{\"Statement\":[{\"Action\":\"sts:AssumeRoleWithWebIdentity\",\"Condition\":{\"StringEquals\":{\"oidc.eks.eu-central-1.amazonaws.com/id/E4421214751AD8DEDF5A2944BE03CF05:aud\":\"sts.amazonaws.com\",\"oidc.eks.eu-central-1.amazonaws.com/id/E4421214751AD8DEDF5A2944BE03CF05:sub\":\"system:serviceaccount:kube-system:ebs-csi-controller-sa\"}},\"Effect\":\"Allow\",\"Principal\":{\"Federated\":\"arn:aws:iam::758280076486:oidc-provider/oidc.eks.eu-central-1.amazonaws.com/id/E4421214751AD8DEDF5A2944BE03CF05\"}}],\"Version\":\"2012-10-17\"}","create_date":"2026-01-22T23:39:02Z","description":"","force_detach_policies":false,"id":"ebs-csi-driver-role","inline_policy":[],"managed_policy_arns":["arn:aws:iam::aws:policy/service-role/AmazonEBSCSIDriverPolicy"],"max_session_duration":3600,"name":"ebs-csi-driver-role","name_prefix":"","path":"/","permissions_boundary":"","tags":{},"tags_all":{},"unique_id":"AROA3BDIDXTDCHLVQVOZP"},"sensitive_attributes":[],"private":"bnVsbA==","dependencies":["aws_eks_cluster.cluster","aws_iam_openid_connect_provider.eks","aws_iam_role.cluster-iam-role","aws_iam_role_policy_attachment.cluster-AmazonEKSClusterPolicy","aws_iam_role_policy_attachment.cluster-AmazonEKSVPCResourceController","aws_security_group.security-group","aws_subnet.subnet","aws_vpc.vpc","data.aws_availability_zones.available","data.aws_iam_policy_document.ebs_csi_driver_assume_role","data.tls_certificate.eks"]}]},{"mode":"managed","type":"aws_iam_role","name":"ecr_access_role","provider":"provider[\"registry.opentofu.org/hashicorp/aws\"]","instances":[{"schema_version":0,"attributes":{"arn":"arn:aws:iam::758280076486:role/eks-auth-ecr-access-role","assume_role_policy":"{\"Statement\":[{\"Action\":\"sts:AssumeRoleWithWebIdentity\",\"Condition\":{\"StringEquals\":{\"oidc.eks.eu-central-1.amazonaws.com/id/E4421214751AD8DEDF5A2944BE03CF05:aud\":\"sts.amazonaws.com\",\"oidc.eks.eu-central-1.amazonaws.com/id/E4421214751AD8DEDF5A2944BE03CF05:sub\":\"system:serviceaccount:auth:eks-service-account\"}},\"Effect\":\"Allow\",\"Principal\":{\"Federated\":\"arn:aws:iam::758280076486:oidc-provider/oidc.eks.eu-central-1.amazonaws.com/id/E4421214751AD8DEDF5A2944BE03CF05\"}}],\"Version\":\"2012-10-17\"}","create_date":"2026-01-23T18:13:29Z","description":"","force_detach_policies":false,"id":"eks-auth-ecr-access-role","inline_policy":[],"managed_policy_arns":["arn:aws:iam::758280076486:policy/eks-ecr-read-policy"],"max_session_duration":3600,"name":"eks-auth-ecr-access-role","name_prefix":"","path":"/","permissions_boundary":"","tags":{},"tags_all":{},"unique_id":"AROA3BDIDXTDMUAHGMYDD"},"sensitive_attributes":[],"private":"bnVsbA==","dependencies":["aws_eks_cluster.cluster","aws_iam_openid_connect_provider.eks","aws_iam_role.cluster-iam-role","aws_iam_role_policy_attachment.cluster-AmazonEKSClusterPolicy","aws_iam_role_policy_attachment.cluster-AmazonEKSVPCResourceController","aws_security_group.security-group","aws_subnet.subnet","aws_vpc.vpc","data.aws_availability_zones.available","data.aws_iam_policy_document.ecr_assume_role","data.tls_certificate.eks"]}]},{"mode":"managed","type":"aws_iam_role","name":"jump_server_role","provider":"provider[\"registry.opentofu.org/hashicorp/aws\"]","instances":[{"schema_version":0,"attributes":{"arn":"arn:aws:iam::758280076486:role/cnd-prod-eks-jump-server-role","assume_role_policy":"{\"Statement\":[{\"Action\":\"sts:AssumeRole\",\"Effect\":\"Allow\",\"Principal\":{\"Service\":\"ec2.amazonaws.com\"}}],\"Version\":\"2012-10-17\"}","create_date":"2025-12-29T14:02:05Z","description":"","force_detach_policies":false,"id":"cnd-prod-eks-jump-server-role","inline_policy":[],"managed_policy_arns":["arn:aws:iam::758280076486:policy/cnd-prod-eks-jump-server-eks-access"],"max_session_duration":3600,"name":"cnd-prod-eks-jump-server-role","name_prefix":"","path":"/","permissions_boundary":"","tags":{},"tags_all":{},"unique_id":"AROA3BDIDXTDA42KCYLUU"},"sensitive_attributes":[],"private":"bnVsbA=="}]},{"mode":"managed","type":"aws_iam_role","name":"node-iam-role","provider":"provider[\"registry.opentofu.org/hashicorp/aws\"]","instances":[{"schema_version":0,"attributes":{"arn":"arn:aws:iam::758280076486:role/cnd-prod-eks-node-iam-role","assume_role_policy":"{\"Statement\":[{\"Action\":\"sts:AssumeRole\",\"Effect\":\"Allow\",\"Principal\":{\"Service\":\"ec2.amazonaws.com\"}}],\"Version\":\"2012-10-17\"}","create_date":"2025-12-29T13:10:51Z","description":"","force_detach_policies":false,"id":"cnd-prod-eks-node-iam-role","inline_policy":[],"managed_policy_arns":["arn:aws:iam::aws:policy/AmazonEC2ContainerRegistryReadOnly","arn:aws:iam::aws:policy/AmazonEKSWorkerNodePolicy","arn:aws:iam::aws:policy/AmazonEKS_CNI_Policy"],"max_session_duration":3600,"name":"cnd-prod-eks-node-iam-role","name_prefix":"","path":"/","permissions_boundary":"","tags":{},"tags_all":{},"unique_id":"AROA3BDIDXTDHPUWQ2NF3"},"sensitive_attributes":[],"private":"bnVsbA=="}]},{"mode":"managed","type":"aws_iam_role_policy_attachment","name":"cluster-AmazonEKSClusterPolicy","provider":"provider[\"registry.opentofu.org/hashicorp/aws\"]","instances":[{"schema_version":0,"attributes":{"id":"cnd-prod-eks-iam-role/arn:aws:iam::aws:policy/AmazonEKSClusterPolicy","policy_arn":"arn:aws:iam::aws:policy/AmazonEKSClusterPolicy","role":"cnd-prod-eks-iam-role"},"sensitive_attributes":[],"private":"bnVsbA==","dependencies":["aws_iam_role.cluster-iam-role"]}]},{"mode":"managed","type":"aws_iam_role_policy_attachment","name":"cluster-AmazonEKSVPCResourceController","provider":"provider[\"registry.opentofu.org/hashicorp/aws\"]","instances":[{"schema_version":0,"attributes":{"id":"cnd-prod-eks-iam-role/arn:aws:iam::aws:policy/AmazonEKSVPCResourceController","policy_arn":"arn:aws:iam::aws:policy/AmazonEKSVPCResourceController","role":"cnd-prod-eks-iam-role"},"sensitive_attributes":[],"private":"bnVsbA==","dependencies":["aws_iam_role.cluster-iam-role"]}]},{"mode":"managed","type":"aws_iam_role_policy_attachment","name":"ebs_csi_driver_role_attachment","provider":"provider[\"registry.opentofu.org/hashicorp/aws\"]","instances":[{"schema_version":0,"attributes":{"id":"ebs-csi-driver-role/arn:aws:iam::aws:policy/service-role/AmazonEBSCSIDriverPolicy","policy_arn":"arn:aws:iam::aws:policy/service-role/AmazonEBSCSIDriverPolicy","role":"ebs-csi-driver-role"},"sensitive_attributes":[],"private":"bnVsbA==","dependencies":["aws_eks_cluster.cluster","aws_iam_openid_connect_provider.eks","aws_iam_role.cluster-iam-role","aws_iam_role.ebs_csi_driver_role","aws_iam_role_policy_attachment.cluster-AmazonEKSClusterPolicy","aws_iam_role_policy_attachment.cluster-AmazonEKSVPCResourceController","aws_security_group.security-group","aws_subnet.subnet","aws_vpc.vpc","data.aws_availability_zones.available","data.aws_iam_policy_document.ebs_csi_driver_assume_role","data.tls_certificate.eks"]}]},{"mode":"managed","type":"aws_iam_role_policy_attachment","name":"ecr_access_attachment","provider":"provider[\"registry.opentofu.org/hashicorp/aws\"]","instances":[{"schema_version":0,"attributes":{"id":"eks-auth-ecr-access-role/arn:aws:iam::758280076486:policy/eks-ecr-read-policy","policy_arn":"arn:aws:iam::758280076486:policy/eks-ecr-read-policy","role":"eks-auth-ecr-access-role"},"sensitive_attributes":[],"private":"bnVsbA==","dependencies":["aws_eks_cluster.cluster","aws_iam_openid_connect_provider.eks","aws_iam_policy.ecr_read_policy","aws_iam_role.cluster-iam-role","aws_iam_role.ecr_access_role","aws_iam_role_policy_attachment.cluster-AmazonEKSClusterPolicy","aws_iam_role_policy_attachment.cluster-AmazonEKSVPCResourceController","aws_security_group.security-group","aws_subnet.subnet","aws_vpc.vpc","data.aws_availability_zones.available","data.aws_iam_policy_document.ecr_assume_role","data.tls_certificate.eks"]}]},{"mode":"managed","type":"aws_iam_role_policy_attachment","name":"jump_server_eks_access","provider":"provider[\"registry.opentofu.org/hashicorp/aws\"]","instances":[{"schema_version":0,"attributes":{"id":"cnd-prod-eks-jump-server-role/arn:aws:iam::758280076486:policy/cnd-prod-eks-jump-server-eks-access","policy_arn":"arn:aws:iam::758280076486:policy/cnd-prod-eks-jump-server-eks-access","role":"cnd-prod-eks-jump-server-role"},"sensitive_attributes":[],"private":"bnVsbA==","dependencies":["aws_iam_policy.jump_server_eks_access","aws_iam_role.jump_server_role"]}]},{"mode":"managed","type":"aws_iam_role_policy_attachment","name":"node-AmazonEC2ContainerRegistryReadOnly","provider":"provider[\"registry.opentofu.org/hashicorp/aws\"]","instances":[{"schema_version":0,"attributes":{"id":"cnd-prod-eks-node-iam-role/arn:aws:iam::aws:policy/AmazonEC2ContainerRegistryReadOnly","policy_arn":"arn:aws:iam::aws:policy/AmazonEC2ContainerRegistryReadOnly","role":"cnd-prod-eks-node-iam-role"},"sensitive_attributes":[],"private":"bnVsbA==","dependencies":["aws_iam_role.node-iam-role"]}]},{"mode":"managed","type":"aws_iam_role_policy_attachment","name":"node-AmazonEKSWorkerNodePolicy","provider":"provider[\"registry.opentofu.org/hashicorp/aws\"]","instances":[{"schema_version":0,"attributes":{"id":"cnd-prod-eks-node-iam-role/arn:aws:iam::aws:policy/AmazonEKSWorkerNodePolicy","policy_arn":"arn:aws:iam::aws:policy/AmazonEKSWorkerNodePolicy","role":"cnd-prod-eks-node-iam-role"},"sensitive_attributes":[],"private":"bnVsbA==","dependencies":["aws_iam_role.node-iam-role"]}]},{"mode":"managed","type":"aws_iam_role_policy_attachment","name":"node-AmazonEKS_CNI_Policy","provider":"provider[\"registry.opentofu.org/hashicorp/aws\"]","instances":[{"schema_version":0,"attributes":{"id":"cnd-prod-eks-node-iam-role/arn:aws:iam::aws:policy/AmazonEKS_CNI_Policy","policy_arn":"arn:aws:iam::aws:policy/AmazonEKS_CNI_Policy","role":"cnd-prod-eks-node-iam-role"},"sensitive_attributes":[],"private":"bnVsbA==","dependencies":["aws_iam_role.node-iam-role"]}]},{"mode":"managed","type":"aws_instance","name":"jump_server","provider":"provider[\"registry.opentofu.org/hashicorp/aws\"]","instances":[{"schema_version":2,"attributes":{"ami":"ami-05db7535c31134e2b","arn":"arn:aws:ec2:eu-central-1:758280076486:instance/i-0828ebcbdda5c2def","associate_public_ip_address":true,"availability_zone":"eu-central-1a","capacity_reservation_specification":[{"capacity_reservation_preference":"open","capacity_reservation_target":[]}],"cpu_options":[{"amd_sev_snp":"","core_count":1,"threads_per_core":2}],"credit_specification":[{"cpu_credits":"unlimited"}],"disable_api_stop":false,"disable_api_termination":false,"ebs_block_device":[],"ebs_optimized":false,"enable_primary_ipv6":null,"enclave_options":[{"enabled":false}],"ephemeral_block_device":[],"force_destroy":false,"get_password_data":false,"hibernation":false,"host_id":"","host_resource_group_arn":null,"iam_instance_profile":"cnd-prod-eks-jump-server-profile","id":"i-0828ebcbdda5c2def","instance_initiated_shutdown_behavior":"stop","instance_lifecycle":"","instance_market_options":[],"instance_state":"running","instance_type":"t3.micro","ipv6_address_count":0,"ipv6_addresses":[],"key_name":"cnd-prod-eks-jump-server-key","launch_template":[],"maintenance_options":[{"auto_recovery":"default"}],"metadata_options":[{"http_endpoint":"enabled","http_protocol_ipv6":"disabled","http_put_response_hop_limit":2,"http_tokens":"required","instance_metadata_tags":"disabled"}],"monitoring":false,"network_interface":[],"outpost_arn":"","password_data":"","placement_group":"","placement_group_id":"","placement_partition_number":0,"primary_network_interface":[{"delete_on_termination":true,"network_interface_id":"eni-033efb7186de381cd"}],"primary_network_interface_id":"eni-033efb7186de381cd","private_dns":"ip-10-0-0-8.eu-central-1.compute.internal","private_dns_name_options":[{"enable_resource_name_dns_a_record":false,"enable_resource_name_dns_aaaa_record":false,"hostname_type":"ip-name"}],"private_ip":"10.0.0.8","public_dns":"","public_ip":"3.120.180.245","region":"eu-central-1","root_block_device":[{"delete_on_termination":true,"device_name":"/dev/xvda","encrypted":false,"iops":3000,"kms_key_id":"","tags":{},"tags_all":{},"throughput":125,"volume_id":"vol-0168f6c5d4a2adcae","volume_size":30,"volume_type":"gp3"}],"secondary_private_ips":[],"security_groups":[],"source_dest_check":true,"spot_instance_request_id":"","subnet_id":"subnet-027638245714e9233","tags":{"Name":"cnd-prod-eks-jump-server"},"tags_all":{"Name":"cnd-prod-eks-jump-server"},"tenancy":"default","timeouts":null,"user_data":"#!/bin/bash\r\n\r\n# Update system\r\nyum update -y\r\n\r\n# Install kubectl\r\ncurl -LO \"https://dl.k8s.io/release/$(curl -L -s https://dl.k8s.io/release/stable.txt)/bin/linux/amd64/kubectl\"\r\nchmod +x kubectl\r\nmv kubectl /usr/local/bin/\r\n\r\n# Install helm\r\ncurl https://raw.githubusercontent.com/helm/helm/main/scripts/get-helm-3 | bash\r\n\r\n# Configure kubectl for ec2-user\r\nsu - ec2-user -c \"aws eks update-kubeconfig --region eu-central-1 --name cnd-prod-eks\"\r\n\r\n# Verify kubectl is working\r\nsu - ec2-user -c \"kubectl get nodes\" \u003e /tmp/kubectl-test.log 2\u003e\u00261 || true\r\n\r\n# Create welcome message\r\ncat \u003e /etc/motd \u003c\u003c'MOTD'\r\n================================\r\nEKS Jump Server Ready!\r\n================================\r\nkubectl is already configured!\r\n\r\nTry these commands:\r\nkubectl get nodes\r\nkubectl cluster-info\r\nkubectl get pods --all-namespaces\r\n================================\r\nMOTD\r\n","user_data_base64":null,"user_data_replace_on_change":false,"volume_tags":null,"vpc_security_group_ids":["sg-065edaa3a94b89d38"]},"sensitive_attributes":[],"private":"eyJlMmJmYjczMC1lY2FhLTExZTYtOGY4OC0zNDM2M2JjN2M0YzAiOnsiY3JlYXRlIjo2MDAwMDAwMDAwMDAsImRlbGV0ZSI6MTIwMDAwMDAwMDAwMCwicmVhZCI6OTAwMDAwMDAwMDAwLCJ1cGRhdGUiOjYwMDAwMDAwMDAwMH0sInNjaGVtYV92ZXJzaW9uIjoiMiJ9","dependencies":["aws_eks_cluster.cluster","aws_eks_node_group.group","aws_iam_instance_profile.jump_server_profile","aws_iam_role.cluster-iam-role","aws_iam_role.jump_server_role","aws_iam_role.node-iam-role","aws_iam_role_policy_attachment.cluster-AmazonEKSClusterPolicy","aws_iam_role_policy_attachment.cluster-AmazonEKSVPCResourceController","aws_iam_role_policy_attachment.node-AmazonEC2ContainerRegistryReadOnly","aws_iam_role_policy_attachment.node-AmazonEKSWorkerNodePolicy","aws_iam_role_policy_attachment.node-AmazonEKS_CNI_Policy","aws_key_pair.jump_server_key","aws_security_group.jump_server_sg","aws_security_group.security-group","aws_subnet.subnet","aws_vpc.vpc","data.aws_ami.amazon_linux","data.aws_availability_zones.available","tls_private_key.jump_server_key"]}]},{"mode":"managed","type":"aws_internet_gateway","name":"internet_gateway","provider":"provider[\"registry.opentofu.org/hashicorp/aws\"]","instances":[{"schema_version":0,"attributes":{"arn":"arn:aws:ec2:eu-central-1:758280076486:internet-gateway/igw-011a40a554edcc419","id":"igw-011a40a554edcc419","owner_id":"758280076486","region":"eu-central-1","tags":{"Name":"cnd-prod-eks-internet-gateway"},"tags_all":{"Name":"cnd-prod-eks-internet-gateway"},"timeouts":null,"vpc_id":"vpc-0e5aaec7c5afa57bc"},"sensitive_attributes":[],"private":"eyJlMmJmYjczMC1lY2FhLTExZTYtOGY4OC0zNDM2M2JjN2M0YzAiOnsiY3JlYXRlIjoxMjAwMDAwMDAwMDAwLCJkZWxldGUiOjEyMDAwMDAwMDAwMDAsInVwZGF0ZSI6MTIwMDAwMDAwMDAwMH19","dependencies":["aws_vpc.vpc"]}]},{"mode":"managed","type":"aws_key_pair","name":"jump_server_key","provider":"provider[\"registry.opentofu.org/hashicorp/aws\"]","instances":[{"schema_version":1,"attributes":{"arn":"arn:aws:ec2:eu-central-1:758280076486:key-pair/cnd-prod-eks-jump-server-key","fingerprint":"20:16:09:94:25:14:79:8d:82:73:b7:37:70:35:a3:da","id":"cnd-prod-eks-jump-server-key","key_name":"cnd-prod-eks-jump-server-key","key_name_prefix":"","key_pair_id":"key-09156536970cfd550","key_type":"rsa","public_key":"ssh-rsa AAAAB3NzaC1yc2EAAAADAQABAAACAQDVq5TUDV5fIFVi2ajU9hSCT2JrtZJrmGhGEdQbeJf9unn1fFtnYCIQSK4VJRxmzjYz6PpNgVZNAk5aK1/aWoZGFz9+RG4LothLYfa8mH9CUaXQ7Oe+ZcduSidc6i1sTbRuXgsgx/9wTfHHCv3r7HBUjYCA2DqnHEPtWnyvX0EAlpzG5MgNXPN20p78VxuiziWTOLEewic4fkDlp/Ecy0r/qNQd/PIwJ6Ohe0QkzEYCtvZAkZXuVcu5LL5dteSFMT/5vpVbBcd35SPYGfzmReto5tF/vb9eT1uuQm5AFfRyz9oV6YL1CxZo+MZGpgJu5N3zfYV5T5r7QQFKQexXZC0gKkhlF3xBhPSm53MoZdX6DJ9SOtZmBXHgawt9p3oSVpM5CdyVhyhsRHH7cFz0FnKM9y4JGs3k4H95A/MSd+s4lxhyxZPzgxKA8Mx3xcHpM8jgZTSC52GQBuaIm5CJNT+18PrnkXb9H7IljrZsvAXLcx5rdT9yvaHPIofBjFixAO6uRj9D4EYVOpLFntW2vsDlI+FLox5Xw4ZDMnDcjrLpsXvnsReeuEZhLoI6AFzuVDNdweY1/7ZCzMcVnj2KBEt79e7j9SLuTPy7tkhE/srlhOd/VZrdH7Dyk0TaEdf5um93tK4jSqMT++yju2MOv/z7Jp4sDjqoNBUUaELWGFLuew==","region":"eu-central-1","tags":{},"tags_all":{}},"sensitive_attributes":[],"private":"eyJzY2hlbWFfdmVyc2lvbiI6IjEifQ==","dependencies":["tls_private_key.jump_server_key"]}]},{"mode":"managed","type":"aws_route_table","name":"route_table","provider":"provider[\"registry.opentofu.org/hashicorp/aws\"]","instances":[{"schema_version":0,"attributes":{"arn":"arn:aws:ec2:eu-central-1:758280076486:route-table/rtb-0008ad0a0b4f34f37","id":"rtb-0008ad0a0b4f34f37","owner_id":"758280076486","propagating_vgws":[],"region":"eu-central-1","route":[{"carrier_gateway_id":"","cidr_block":"0.0.0.0/0","core_network_arn":"","destination_prefix_list_id":"","egress_only_gateway_id":"","gateway_id":"igw-011a40a554edcc419","ipv6_cidr_block":"","local_gateway_id":"","nat_gateway_id":"","network_interface_id":"","transit_gateway_id":"","vpc_endpoint_id":"","vpc_peering_connection_id":""}],"tags":{},"tags_all":{},"timeouts":null,"vpc_id":"vpc-0e5aaec7c5afa57bc"},"sensitive_attributes":[],"private":"eyJlMmJmYjczMC1lY2FhLTExZTYtOGY4OC0zNDM2M2JjN2M0YzAiOnsiY3JlYXRlIjozMDAwMDAwMDAwMDAsImRlbGV0ZSI6MzAwMDAwMDAwMDAwLCJ1cGRhdGUiOjEyMDAwMDAwMDAwMH19","dependencies":["aws_internet_gateway.internet_gateway","aws_vpc.vpc"]}]},{"mode":"managed","type":"aws_route_table_association","name":"route_table_association","provider":"provider[\"registry.opentofu.org/hashicorp/aws\"]","instances":[{"index_key":0,"schema_version":0,"attributes":{"gateway_id":"","id":"rtbassoc-0b178b74082ffbb1a","region":"eu-central-1","route_table_id":"rtb-0008ad0a0b4f34f37","subnet_id":"subnet-027638245714e9233","timeouts":null},"sensitive_attributes":[],"private":"eyJlMmJmYjczMC1lY2FhLTExZTYtOGY4OC0zNDM2M2JjN2M0YzAiOnsiY3JlYXRlIjozMDAwMDAwMDAwMDAsImRlbGV0ZSI6MzAwMDAwMDAwMDAwLCJ1cGRhdGUiOjEyMDAwMDAwMDAwMH19","dependencies":["aws_internet_gateway.internet_gateway","aws_route_table.route_table","aws_subnet.subnet","aws_vpc.vpc","data.aws_availability_zones.available"]},{"index_key":1,"schema_version":0,"attributes":{"gateway_id":"","id":"rtbassoc-0187e875eb0d44628","region":"eu-central-1","route_table_id":"rtb-0008ad0a0b4f34f37","subnet_id":"subnet-01172f6fab62d6851","timeouts":null},"sensitive_attributes":[],"private":"eyJlMmJmYjczMC1lY2FhLTExZTYtOGY4OC0zNDM2M2JjN2M0YzAiOnsiY3JlYXRlIjozMDAwMDAwMDAwMDAsImRlbGV0ZSI6MzAwMDAwMDAwMDAwLCJ1cGRhdGUiOjEyMDAwMDAwMDAwMH19","dependencies":["aws_internet_gateway.internet_gateway","aws_route_table.route_table","aws_subnet.subnet","aws_vpc.vpc","data.aws_availability_zones.available"]}]},{"mode":"managed","type":"aws_security_group","name":"jump_server_sg","provider":"provider[\"registry.opentofu.org/hashicorp/aws\"]","instances":[{"schema_version":1,"attributes":{"arn":"arn:aws:ec2:eu-central-1:758280076486:security-group/sg-065edaa3a94b89d38","description":"Security group for jump server","egress":[{"cidr_blocks":["0.0.0.0/0"],"description":"","from_port":0,"ipv6_cidr_blocks":[],"prefix_list_ids":[],"protocol":"-1","security_groups":[],"self":false,"to_port":0}],"id":"sg-065edaa3a94b89d38","ingress":[{"cidr_blocks":["0.0.0.0/0"],"description":"SSH from anywhere","from_port":22,"ipv6_cidr_blocks":[],"prefix_list_ids":[],"protocol":"tcp","security_groups":[],"self":false,"to_port":22}],"name":"cnd-prod-eks-jump-server-sg","name_prefix":"","owner_id":"758280076486","region":"eu-central-1","revoke_rules_on_delete":false,"tags":{"Name":"cnd-prod-eks-jump-server-sg"},"tags_all":{"Name":"cnd-prod-eks-jump-server-sg"},"timeouts":null,"vpc_id":"vpc-0e5aaec7c5afa57bc"},"sensitive_attributes":[],"private":"eyJlMmJmYjczMC1lY2FhLTExZTYtOGY4OC0zNDM2M2JjN2M0YzAiOnsiY3JlYXRlIjo2MDAwMDAwMDAwMDAsImRlbGV0ZSI6OTAwMDAwMDAwMDAwfSwic2NoZW1hX3ZlcnNpb24iOiIxIn0=","dependencies":["aws_vpc.vpc"]}]},{"mode":"managed","type":"aws_security_group","name":"security-group","provider":"provider[\"registry.opentofu.org/hashicorp/aws\"]","instances":[{"schema_version":1,"attributes":{"arn":"arn:aws:ec2:eu-central-1:758280076486:security-group/sg-045dea213a1d05be7","description":"Cluster communication with worker nodes","egress":[{"cidr_blocks":["0.0.0.0/0"],"description":"","from_port":0,"ipv6_cidr_blocks":[],"prefix_list_ids":[],"protocol":"-1","security_groups":[],"self":false,"to_port":0}],"id":"sg-045dea213a1d05be7","ingress":[{"cidr_blocks":[],"description":"Allow jumpserver to communicate with the cluster API Server","from_port":443,"ipv6_cidr_blocks":[],"prefix_list_ids":[],"protocol":"tcp","security_groups":["sg-065edaa3a94b89d38"],"self":false,"to_port":443}],"name":"cnd-prod-eks-security-group","name_prefix":"","owner_id":"758280076486","region":"eu-central-1","revoke_rules_on_delete":false,"tags":{"Name":"cnd-prod-eks"},"tags_all":{"Name":"cnd-prod-eks"},"timeouts":null,"vpc_id":"vpc-0e5aaec7c5afa57bc"},"sensitive_attributes":[],"private":"eyJlMmJmYjczMC1lY2FhLTExZTYtOGY4OC0zNDM2M2JjN2M0YzAiOnsiY3JlYXRlIjo2MDAwMDAwMDAwMDAsImRlbGV0ZSI6OTAwMDAwMDAwMDAwfSwic2NoZW1hX3ZlcnNpb24iOiIxIn0=","dependencies":["aws_vpc.vpc"]}]},{"mode":"managed","type":"aws_security_group_rule","name":"cluster_ingress_jumpserver_https","provider":"provider[\"registry.opentofu.org/hashicorp/aws\"]","instances":[{"schema_version":2,"attributes":{"cidr_blocks":null,"description":"Allow jumpserver to communicate with the cluster API Server","from_port":443,"id":"sgrule-2263055277","ipv6_cidr_blocks":null,"prefix_list_ids":null,"protocol":"tcp","region":"eu-central-1","security_group_id":"sg-045dea213a1d05be7","security_group_rule_id":"sgr-0e4daa61ac1b35307","self":false,"source_security_group_id":"sg-065edaa3a94b89d38","timeouts":null,"to_port":443,"type":"ingress"},"sensitive_attributes":[],"private":"eyJlMmJmYjczMC1lY2FhLTExZTYtOGY4OC0zNDM2M2JjN2M0YzAiOnsiY3JlYXRlIjozMDAwMDAwMDAwMDB9LCJzY2hlbWFfdmVyc2lvbiI6IjIifQ==","dependencies":["aws_security_group.jump_server_sg","aws_security_group.security-group","aws_vpc.vpc"]}]},{"mode":"managed","type":"aws_subnet","name":"subnet","provider":"provider[\"registry.opentofu.org/hashicorp/aws\"]","instances":[{"index_key":0,"schema_version":1,"attributes":{"arn":"arn:aws:ec2:eu-central-1:758280076486:subnet/subnet-027638245714e9233","assign_ipv6_address_on_creation":false,"availability_zone":"eu-central-1a","availability_zone_id":"euc1-az2","cidr_block":"10.0.0.0/24","customer_owned_ipv4_pool":"","enable_dns64":false,"enable_lni_at_device_index":0,"enable_resource_name_dns_a_record_on_launch":false,"enable_resource_name_dns_aaaa_record_on_launch":false,"id":"subnet-027638245714e9233","ipv6_cidr_block":"","ipv6_cidr_block_association_id":"","ipv6_native":false,"map_customer_owned_ip_on_launch":false,"map_public_ip_on_launch":true,"outpost_arn":"","owner_id":"758280076486","private_dns_hostname_type_on_launch":"ip-name","region":"eu-central-1","tags":{"Name":"cnd-prod-eks-subnet-0","kubernetes.io/cluster/cnd-prod-eks":"shared"},"tags_all":{"Name":"cnd-prod-eks-subnet-0","kubernetes.io/cluster/cnd-prod-eks":"shared"},"timeouts":null,"vpc_id":"vpc-0e5aaec7c5afa57bc"},"sensitive_attributes":[],"private":"eyJlMmJmYjczMC1lY2FhLTExZTYtOGY4OC0zNDM2M2JjN2M0YzAiOnsiY3JlYXRlIjo2MDAwMDAwMDAwMDAsImRlbGV0ZSI6MTIwMDAwMDAwMDAwMH0sInNjaGVtYV92ZXJzaW9uIjoiMSJ9","dependencies":["aws_vpc.vpc","data.aws_availability_zones.available"]},{"index_key":1,"schema_version":1,"attributes":{"arn":"arn:aws:ec2:eu-central-1:758280076486:subnet/subnet-01172f6fab62d6851","assign_ipv6_address_on_creation":false,"availability_zone":"eu-central-1b","availability_zone_id":"euc1-az3","cidr_block":"10.0.1.0/24","customer_owned_ipv4_pool":"","enable_dns64":false,"enable_lni_at_device_index":0,"enable_resource_name_dns_a_record_on_launch":false,"enable_resource_name_dns_aaaa_record_on_launch":false,"id":"subnet-01172f6fab62d6851","ipv6_cidr_block":"","ipv6_cidr_block_association_id":"","ipv6_native":false,"map_customer_owned_ip_on_launch":false,"map_public_ip_on_launch":true,"outpost_arn":"","owner_id":"758280076486","private_dns_hostname_type_on_launch":"ip-name","region":"eu-central-1","tags":{"Name":"cnd-prod-eks-subnet-1","kubernetes.io/cluster/cnd-prod-eks":"shared"},"tags_all":{"Name":"cnd-prod-eks-subnet-1","kubernetes.io/cluster/cnd-prod-eks":"shared"},"timeouts":null,"vpc_id":"vpc-0e5aaec7c5afa57bc"},"sensitive_attributes":[],"private":"eyJlMmJmYjczMC1lY2FhLTExZTYtOGY4OC0zNDM2M2JjN2M0YzAiOnsiY3JlYXRlIjo2MDAwMDAwMDAwMDAsImRlbGV0ZSI6MTIwMDAwMDAwMDAwMH0sInNjaGVtYV92ZXJzaW9uIjoiMSJ9","dependencies":["aws_vpc.vpc","data.aws_availability_zones.available"]}]},{"mode":"managed","type":"aws_vpc","name":"vpc","provider":"provider[\"registry.opentofu.org/hashicorp/aws\"]","instances":[{"schema_version":1,"attributes":{"arn":"arn:aws:ec2:eu-central-1:758280076486:vpc/vpc-0e5aaec7c5afa57bc","assign_generated_ipv6_cidr_block":false,"cidr_block":"10.0.0.0/16","default_network_acl_id":"acl-0e2dee79389903bea","default_route_table_id":"rtb-09125a23a5c435ec2","default_security_group_id":"sg-0d8826f8c703c67fc","dhcp_options_id":"dopt-0ef792c9a7131d7b8","enable_dns_hostnames":false,"enable_dns_support":true,"enable_network_address_usage_metrics":false,"id":"vpc-0e5aaec7c5afa57bc","instance_tenancy":"default","ipv4_ipam_pool_id":null,"ipv4_netmask_length":null,"ipv6_association_id":"","ipv6_cidr_block":"","ipv6_cidr_block_network_border_group":"","ipv6_ipam_pool_id":"","ipv6_netmask_length":0,"main_route_table_id":"rtb-09125a23a5c435ec2","owner_id":"758280076486","region":"eu-central-1","tags":{"Name":"cnd-prod-eks-vpc","kubernetes.io/cluster/cnd-prod-eks":"shared"},"tags_all":{"Name":"cnd-prod-eks-vpc","kubernetes.io/cluster/cnd-prod-eks":"shared"}},"sensitive_attributes":[],"private":"eyJzY2hlbWFfdmVyc2lvbiI6IjEifQ=="}]},{"mode":"managed","type":"helm_release","name":"argocd","provider":"provider[\"registry.opentofu.org/hashicorp/helm\"]","instances":[{"index_key":0,"schema_version":2,"attributes":{"atomic":false,"chart":"argo-cd","cleanup_on_fail":false,"create_namespace":false,"dependency_update":false,"description":null,"devel":null,"disable_crd_hooks":false,"disable_openapi_validation":false,"disable_webhooks":false,"force_update":false,"id":"argocd","keyring":null,"lint":false,"manifest":null,"max_history":0,"metadata":{"app_version":"v2.10.9","chart":"argo-cd","first_deployed":1767098813,"last_deployed":1767098813,"name":"argocd","namespace":"argocd","notes":"In order to access the server UI you have the following options:\n\n1. kubectl port-forward service/argocd-server -n argocd 8080:443\n\n    and then open the browser on http://localhost:8080 and accept the certificate\n\n2. enable ingress in the values file `server.ingress.enabled` and either\n      - Add the annotation for ssl passthrough: https://argo-cd.readthedocs.io/en/stable/operator-manual/ingress/#option-1-ssl-passthrough\n      - Set the `configs.params.\"server.insecure\"` in the values file and terminate SSL at your ingress: https://argo-cd.readthedocs.io/en/stable/operator-manual/ingress/#option-2-multiple-ingress-objects-and-hosts\n\n\nAfter reaching the UI the first time you can login with username: admin and the random password generated during the installation. You can find the password by running:\n\nkubectl -n argocd get secret argocd-initial-admin-secret -o jsonpath=\"{.data.password}\" | base64 -d\n\n(You should delete the initial secret afterwards as suggested by the Getting Started Guide: https://argo-cd.readthedocs.io/en/stable/getting_started/#4-login-using-the-cli)\n","revision":1,"values":"{\"applicationset\":{\"enabled\":true},\"configs\":{\"params\":{\"server.insecure\":\"true\"}},\"crds\":{\"install\":true},\"dex\":{\"enabled\":false},\"notifications\":{\"enabled\":false},\"server\":{\"ingress\":{\"enabled\":false}}}","version":"6.7.18"},"name":"argocd","namespace":"argocd","pass_credentials":false,"postrender":null,"recreate_pods":false,"render_subchart_notes":true,"replace":false,"repository":"https://argoproj.github.io/argo-helm","repository_ca_file":null,"repository_cert_file":null,"repository_key_file":null,"repository_password":null,"repository_username":null,"reset_values":false,"resources":null,"reuse_values":false,"set":null,"set_list":null,"set_sensitive":null,"set_wo":null,"set_wo_revision":null,"skip_crds":false,"status":"deployed","take_ownership":false,"timeout":300,"timeouts":null,"upgrade_install":false,"values":["\"applicationset\":\n  \"enabled\": true\n\"configs\":\n  \"params\":\n    \"server.insecure\": \"true\"\n\"crds\":\n  \"install\": true\n\"dex\":\n  \"enabled\": false\n\"notifications\":\n  \"enabled\": false\n\"server\":\n  \"ingress\":\n    \"enabled\": false\n"],"verify":false,"version":"6.7.18","wait":true,"wait_for_jobs":false},"sensitive_attributes":[[{"type":"get_attr","value":"repository_password"}]],"dependencies":["data.aws_eks_cluster.this","kubernetes_namespace.argocd"]}]},{"mode":"managed","type":"helm_release","name":"argocd_image_updater","provider":"provider[\"registry.opentofu.org/hashicorp/helm\"]","instances":[{"index_key":0,"schema_version":2,"attributes":{"atomic":false,"chart":"argocd-image-updater","cleanup_on_fail":false,"create_namespace":false,"dependency_update":false,"description":null,"devel":null,"disable_crd_hooks":false,"disable_openapi_validation":false,"disable_webhooks":false,"force_update":false,"id":"argocd-image-updater","keyring":null,"lint":false,"manifest":null,"max_history":0,"metadata":{"app_version":"v0.13.1","chart":"argocd-image-updater","first_deployed":1767098852,"last_deployed":1767098852,"name":"argocd-image-updater","namespace":"argocd","notes":"","revision":1,"values":"{\"config\":{\"argocd\":{\"insecure\":true,\"serverAddress\":\"argocd-server.argocd.svc\"}},\"service\":{\"type\":\"ClusterIP\"}}","version":"0.10.2"},"name":"argocd-image-updater","namespace":"argocd","pass_credentials":false,"postrender":null,"recreate_pods":false,"render_subchart_notes":true,"replace":false,"repository":"https://argoproj.github.io/argo-helm","repository_ca_file":null,"repository_cert_file":null,"repository_key_file":null,"repository_password":null,"repository_username":null,"reset_values":false,"resources":null,"reuse_values":false,"set":null,"set_list":null,"set_sensitive":null,"set_wo":null,"set_wo_revision":null,"skip_crds":false,"status":"deployed","take_ownership":false,"timeout":300,"timeouts":null,"upgrade_install":false,"values":["\"config\":\n  \"argocd\":\n    \"insecure\": true\n    \"serverAddress\": \"argocd-server.argocd.svc\"\n\"service\":\n  \"type\": \"ClusterIP\"\n"],"verify":false,"version":"0.10.2","wait":true,"wait_for_jobs":false},"sensitive_attributes":[[{"type":"get_attr","value":"repository_password"}]],"dependencies":["data.aws_eks_cluster.this","helm_release.argocd","kubernetes_namespace.argocd"]}]},{"mode":"managed","type":"kubernetes_namespace","name":"argocd","provider":"provider[\"registry.opentofu.org/hashicorp/kubernetes\"]","instances":[{"index_key":0,"schema_version":0,"attributes":{"id":"argocd","metadata":[{"annotations":{},"generate_name":"","generation":0,"labels":{},"name":"argocd","resource_version":"204408","uid":"e8ec60b7-66cf-4678-a86c-e9ff38f9850f"}],"timeouts":null,"wait_for_default_service_account":false},"sensitive_attributes":[],"private":"eyJlMmJmYjczMC1lY2FhLTExZTYtOGY4OC0zNDM2M2JjN2M0YzAiOnsiZGVsZXRlIjozMDAwMDAwMDAwMDB9fQ==","dependencies":["data.aws_eks_cluster.this"]}]},{"mode":"managed","type":"kubernetes_service_account_v1","name":"eks_service_account","provider":"provider[\"registry.opentofu.org/hashicorp/kubernetes\"]","instances":[{"schema_version":0,"attributes":{"automount_service_account_token":true,"default_secret_name":"","id":"auth/eks-service-account","image_pull_secret":[],"metadata":[{"annotations":{"eks.amazonaws.com/role-arn":"arn:aws:iam::758280076486:role/eks-auth-ecr-access-role"},"generate_name":"","generation":0,"labels":null,"name":"eks-service-account","namespace":"auth","resource_version":"6040106","uid":"a97b63f0-980d-4754-aed8-661a3bc5d463"}],"secret":[],"timeouts":null},"sensitive_attributes":[],"private":"eyJlMmJmYjczMC1lY2FhLTExZTYtOGY4OC0zNDM2M2JjN2M0YzAiOnsiY3JlYXRlIjozMDAwMDAwMDAwMH19","dependencies":["aws_eks_cluster.cluster","aws_iam_openid_connect_provider.eks","aws_iam_role.cluster-iam-role","aws_iam_role.ecr_access_role","aws_iam_role_policy_attachment.cluster-AmazonEKSClusterPolicy","aws_iam_role_policy_attachment.cluster-AmazonEKSVPCResourceController","aws_security_group.security-group","aws_subnet.subnet","aws_vpc.vpc","data.aws_availability_zones.available","data.aws_eks_cluster.this","data.aws_iam_policy_document.ecr_assume_role","data.tls_certificate.eks"]}]},{"mode":"managed","type":"kubernetes_storage_class_v1","name":"ebs_sc","provider":"provider[\"registry.opentofu.org/hashicorp/kubernetes\"]","instances":[{"schema_version":0,"attributes":{"allow_volume_expansion":true,"allowed_topologies":[],"id":"ebs-sc","metadata":[{"annotations":{},"generate_name":"","generation":0,"labels":{},"name":"ebs-sc","resource_version":"5788293","uid":"501166d0-40ee-4bd0-bca2-0b36e68473df"}],"mount_options":[],"parameters":{},"reclaim_policy":"Delete","storage_provisioner":"ebs.csi.aws.com","volume_binding_mode":"WaitForFirstConsumer"},"sensitive_attributes":[],"private":"bnVsbA==","dependencies":["aws_eks_addon.ebs_csi_driver","aws_eks_cluster.cluster","aws_iam_openid_connect_provider.eks","aws_iam_role.cluster-iam-role","aws_iam_role.ebs_csi_driver_role","aws_iam_role_policy_attachment.cluster-AmazonEKSClusterPolicy","aws_iam_role_policy_attachment.cluster-AmazonEKSVPCResourceController","aws_security_group.security-group","aws_subnet.subnet","aws_vpc.vpc","data.aws_availability_zones.available","data.aws_eks_cluster.this","data.aws_iam_policy_document.ebs_csi_driver_assume_role","data.tls_certificate.eks"]}]},{"mode":"managed","type":"local_file","name":"private_key","provider":"provider[\"registry.opentofu.org/hashicorp/local\"]","instances":[{"schema_version":0,"attributes":{"content":"-----BEGIN RSA PRIVATE KEY-----\nMIIJKQIBAAKCAgEA1auU1A1eXyBVYtmo1PYUgk9ia7WSa5hoRhHUG3iX/bp59Xxb\nZ2AiEEiuFSUcZs42M+j6TYFWTQJOWitf2lqGRhc/fkRuC6LYS2H2vJh/QlGl0Ozn\nvmXHbkonXOotbE20bl4LIMf/cE3xxwr96+xwVI2AgNg6pxxD7Vp8r19BAJacxuTI\nDVzzdtKe/Fcbos4lkzixHsInOH5A5afxHMtK/6jUHfzyMCejoXtEJMxGArb2QJGV\n7lXLuSy+XbXkhTE/+b6VWwXHd+Uj2Bn85kXraObRf72/Xk9brkJuQBX0cs/aFemC\n9QsWaPjGRqYCbuTd832FeU+a+0EBSkHsV2QtICpIZRd8QYT0pudzKGXV+gyfUjrW\nZgVx4GsLfad6ElaTOQnclYcobERx+3Bc9BZyjPcuCRrN5OB/eQPzEnfrOJcYcsWT\n84MSgPDMd8XB6TPI4GU0gudhkAbmiJuQiTU/tfD655F2/R+yJY62bLwFy3Mea3U/\ncr2hzyKHwYxYsQDurkY/Q+BGFTqSxZ7Vtr7A5SPhS6MeV8OGQzJw3I6y6bF757EX\nnrhGYS6COgBc7lQzXcHmNf+2QszHFZ49igRLe/Xu4/Ui7kz8u7ZIRP7K5YTnf1Wa\n3R+w8pNE2hHX+bpvd7SuI0qjE/vso7tjDr/8+yaeLA46qDQVFGhC1hhS7nsCAwEA\nAQKCAgABAXxDXUa+8uOEAhtJ2ViyXlZLxICKch63ibjyYihxANI3Jh02CN1QL09m\neRS/pSPbLbMT71JtLWAaC485c2ijZtOdMAxGkL8s56qmK5+Zu9GogJz8p/T+32l9\nBfstwdXiGR47SsW4jR1gvvwAAs5qj3n14U6xX7AwK1df6fZf3tWhGA2bBn985TPr\nYyuVohvKLB+lUeumV+3NRvObG5fgSTaqZ3jqYh1ikrZ4599CfwL8vdKzWwMI/Z1t\nyn/nYpp2/f8s/QN53IHFMCYhHV4k0cVVsRp4Aq6fTN/A/Hl4muLfbIh5x9IUr2sb\nhQeI5xnmXgZlUksb+KvdYh8PMEEIHgb9XKjRJRFsXwikMKf6Frg1XN1sRZuKRvnH\nkJyGtUOdNIFV6CJRhXG6bO+B02N5zNZIez5ae5gfIoy+JXSo05egAIbrpfNo1Elz\nGr+HT7hKBkcdCIU3YtI1XicvCzmKdwYVOCgEzOBA6YTN7RQFrZHV3Ea92kQqaRqn\nb2npaRexnY2nKLLaXmI7JjveyZD4iL0TjvaolB0jrfIclyyUz6PO7uGaiI4dqfBy\na3IIaGIDaYuVlQ0OpPYhOjzhmUhyPK3FZR7vwkRVvIJICMj4OAvqirWndmC2wBi2\nc5nlUtU2Wxm6+/pXwT/uUqg9xOUc4ll2v6z3nbLA1NzF1njcAQKCAQEA74n8dJn8\nfGYDzmyIcvJd+trw3ZOW2Cjt2s/RHqgkpA9VOgLSJkx9vyKdpFVfOFT5ialNM7v+\nB2MhytfpXW3j0K/LkQadAFoU6+aATnnuUDJZcnl+Giv4CVFe6t8LRQ5ezbUai/gP\nxv4NfRDLYfFnjPmYLa5fHKZngpyQ8KdJdVHs8h5uouLP8vZgE/ExOwtJU4BkQcIU\ne2QB8+TZABF4+Mth3dFRN/cG8R1/4Qk1zkB4W9hKID7xN7QTV11iKLk1rH0EvIfV\nj+Am4MlmspxNumBy7Dg7QukeSkApb/TvojSaEQLv48fSzW29FBdwqbAFwzobfRZb\nuyCZbP1rwuUsAQKCAQEA5FqB0nM8amtriQqWkuf4bnXk1ISqo7DFUzGusxC61lhZ\njC+5B+GckLhyaBeL034X8I+sHSU2+CRy4T8YV6SDc3eC+1vRbleD68WxmMdO6OX8\nujAuLoGZnn1bLfQhEvmVvFXH2BKr4L/jJjZ63NHKuH4W0Tt/f8YmQoKZhj6euZSz\nBD4djrNK5F1Ngb+TrJJCBPsBEljomu9kcOyodFlCEWGhDVTlOhDvJabQneoKVKPR\nby9sYgwcCxipLk4+IGjEUOgPcMIytZDA8bHd09rHE9rJgbPP5BpKRvlyjNpjhpEC\nuMHzVSimV9UkZu5S4AuV/XLrhizFEv7UF2YG937KewKCAQEA3UR/OU5M1rR9a58B\n4/xSJ7k6qdL9kissm+U/7KuxPQMU3QNiEBK0TWyyZeyeirCj2S/UqqdLHpPJ0U/k\nt3Mc79aTmiGbwYl0rfw8JUGoi9gWnBHyFEbtVd4eaaMjC+UcWbSjEwxPtqdS2mY7\nGPwfhS/CDOB350UndJUfpc1Bo+fLklPeKwSMxogjdAhmS34/e6yr77pRpTFaRGru\nsItzTY7Bll8WQTYk6XEwgTU6yIzxIRYIUwURWT00aI1QcQG0vOK3D1gCRGbwQtCH\n1xFfE3yoa9/9je89FaVzIYIGIbWpY3FtGuGori5ibD7CyVxZ1l7EqaWPkqmoT+9A\nLcX4AQKCAQEAwajwSKZqKmaHgGV2ZYhNbICXXJRWkxQrhO6xljMuAPJUn0spxMFV\nonaKsDSn5OkfLGjsMpuJDtD6jISSBGIFCTvl3X51EvstahrzDvqYtXO27cBGqjJH\nMd5mIYbVNd5tWpf1MA5FrgmOfq3dbMCPCAAHIdMvwhEuCWHxCaS5v/GYEJUNRCRR\n83IddVgfyU8QpmCo/AJi4mL777kE9AduvIbrqv7AmIocBvZ+Hi6KLFXyHDU/2bcj\nYVW8xQSeM6YmN+dWkO5hSxJET7XkxvLXusLl+hWgzXZuX9rVhxb/KPR6Nm5mC2a6\nC+s7QAAGUPQCdDut+tClIgLzpBRm/CaPWQKCAQALA0sxfE6vRcipiiRFfY/eiJtb\nzt0RpbT8Rsej0uAX8kNPh7f76oHHCQsZ2I9mddrcrOwLqHkQ+2OnFHaHpla28Gcn\nPIXxelHusVWgvPFytTArpxbonEvwwHwQcEQ72TpOaNpOJ3YO6A+/eV7M28IyNfFb\nhUH+NzEKfaPDnNC6NQAFAn0sxRq8Yv59gzwrvE8T9oGrOZFpsmCX4qgOOO8hLaib\n/JGdsuvFIRh3qLW3exDPi/c8lRlkkpnL8Qbbfuj9F1nhEEV2PNg7ABh6orEaoHys\nOlDinVvHmcih0hZN4ky6pPfNhvRJQmFYX9WGJDAzddJLWGzCnmiC4OuP1vmX\n-----END RSA PRIVATE KEY-----\n","content_base64":null,"content_base64sha256":"ZOqK4rBxzJvihypR012zxwI/tfd7JORNVaaE5yzZOm4=","content_base64sha512":"OFBMLIbN/jKAbJdeQwukn2BERwzJ2PaUQgKmddOB4dk68dmn+Ij+Nryf1qiK6NVkkvgDB2fbjldFvQbcjqWVxA==","content_md5":"3a7b97bdd57c5fc0c6c1a05200ee84a3","content_sha1":"aa78c2b23b56192f13b659050af30c7e8286d7fa","content_sha256":"64ea8ae2b071cc9be2872a51d35db3c7023fb5f77b24e44d55a684e72cd93a6e","content_sha512":"38504c2c86cdfe32806c975e430ba49f6044470cc9d8f6944202a675d381e1d93af1d9a7f888fe36bc9fd6a88ae8d56492f8030767db8e5745bd06dc8ea595c4","directory_permission":"0777","file_permission":"0400","filename":"./cnd-prod-eks-jump-server-key.pem","id":"aa78c2b23b56192f13b659050af30c7e8286d7fa","sensitive_content":null,"source":null},"sensitive_attributes":[[{"type":"get_attr","value":"content"}],[{"type":"get_attr","value":"sensitive_content"}]],"dependencies":["tls_private_key.jump_server_key"]}]},{"mode":"managed","type":"null_resource","name":"root_app","provider":"provider[\"registry.opentofu.org/hashicorp/null\"]","instances":[{"index_key":0,"schema_version":0,"attributes":{"id":"7706203337132493164","triggers":{"namespace":"argocd","repo_revision":"main","repo_url":"https://github.com/CloudNativeDevelopmentTeamH/infra-k8s.git","root_path":"argocd/apps"}},"sensitive_attributes":[],"dependencies":["data.aws_eks_cluster.this","helm_release.argocd","kubernetes_namespace.argocd","null_resource.wait_for_argocd_crds"]}]},{"mode":"managed","type":"null_resource","name":"wait_for_argocd_crds","provider":"provider[\"registry.opentofu.org/hashicorp/null\"]","instances":[{"index_key":0,"schema_version":0,"attributes":{"id":"6469551253366301228","triggers":{"helm_release_chart":"argo-cd","helm_release_version":"6.7.18"}},"sensitive_attributes":[],"dependencies":["data.aws_eks_cluster.this","helm_release.argocd","kubernetes_namespace.argocd"]}]},{"mode":"managed","type":"tls_private_key","name":"jump_server_key","provider":"provider[\"registry.opentofu.org/opentofu/tls\"]","instances":[{"schema_version":1,"attributes":{"algorithm":"RSA","ecdsa_curve":"P224","id":"a1b80cb976016c6a9cece72b0751e78f374a1229","private_key_openssh":"-----BEGIN OPENSSH PRIVATE KEY-----\nb3BlbnNzaC1rZXktdjEAAAAABG5vbmUAAAAEbm9uZQAAAAAAAAABAAACFwAAAAdz\nc2gtcnNhAAAAAwEAAQAAAgEA1auU1A1eXyBVYtmo1PYUgk9ia7WSa5hoRhHUG3iX\n/bp59XxbZ2AiEEiuFSUcZs42M+j6TYFWTQJOWitf2lqGRhc/fkRuC6LYS2H2vJh/\nQlGl0OznvmXHbkonXOotbE20bl4LIMf/cE3xxwr96+xwVI2AgNg6pxxD7Vp8r19B\nAJacxuTIDVzzdtKe/Fcbos4lkzixHsInOH5A5afxHMtK/6jUHfzyMCejoXtEJMxG\nArb2QJGV7lXLuSy+XbXkhTE/+b6VWwXHd+Uj2Bn85kXraObRf72/Xk9brkJuQBX0\ncs/aFemC9QsWaPjGRqYCbuTd832FeU+a+0EBSkHsV2QtICpIZRd8QYT0pudzKGXV\n+gyfUjrWZgVx4GsLfad6ElaTOQnclYcobERx+3Bc9BZyjPcuCRrN5OB/eQPzEnfr\nOJcYcsWT84MSgPDMd8XB6TPI4GU0gudhkAbmiJuQiTU/tfD655F2/R+yJY62bLwF\ny3Mea3U/cr2hzyKHwYxYsQDurkY/Q+BGFTqSxZ7Vtr7A5SPhS6MeV8OGQzJw3I6y\n6bF757EXnrhGYS6COgBc7lQzXcHmNf+2QszHFZ49igRLe/Xu4/Ui7kz8u7ZIRP7K\n5YTnf1Wa3R+w8pNE2hHX+bpvd7SuI0qjE/vso7tjDr/8+yaeLA46qDQVFGhC1hhS\n7nsAAAc4YvAk/2LwJP8AAAAHc3NoLXJzYQAAAgEA1auU1A1eXyBVYtmo1PYUgk9i\na7WSa5hoRhHUG3iX/bp59XxbZ2AiEEiuFSUcZs42M+j6TYFWTQJOWitf2lqGRhc/\nfkRuC6LYS2H2vJh/QlGl0OznvmXHbkonXOotbE20bl4LIMf/cE3xxwr96+xwVI2A\ngNg6pxxD7Vp8r19BAJacxuTIDVzzdtKe/Fcbos4lkzixHsInOH5A5afxHMtK/6jU\nHfzyMCejoXtEJMxGArb2QJGV7lXLuSy+XbXkhTE/+b6VWwXHd+Uj2Bn85kXraObR\nf72/Xk9brkJuQBX0cs/aFemC9QsWaPjGRqYCbuTd832FeU+a+0EBSkHsV2QtICpI\nZRd8QYT0pudzKGXV+gyfUjrWZgVx4GsLfad6ElaTOQnclYcobERx+3Bc9BZyjPcu\nCRrN5OB/eQPzEnfrOJcYcsWT84MSgPDMd8XB6TPI4GU0gudhkAbmiJuQiTU/tfD6\n55F2/R+yJY62bLwFy3Mea3U/cr2hzyKHwYxYsQDurkY/Q+BGFTqSxZ7Vtr7A5SPh\nS6MeV8OGQzJw3I6y6bF757EXnrhGYS6COgBc7lQzXcHmNf+2QszHFZ49igRLe/Xu\n4/Ui7kz8u7ZIRP7K5YTnf1Wa3R+w8pNE2hHX+bpvd7SuI0qjE/vso7tjDr/8+yae\nLA46qDQVFGhC1hhS7nsAAAADAQABAAACAAEBfENdRr7y44QCG0nZWLJeVkvEgIpy\nHreJuPJiKHEA0jcmHTYI3VAvT2Z5FL+lI9stsxPvUm0tYBoLjzlzaKNm050wDEaQ\nvyznqqYrn5m70aiAnPyn9P7faX0F+y3B1eIZHjtKxbiNHWC+/AACzmqPefXhTrFf\nsDArV1/p9l/e1aEYDZsGf3zlM+tjK5WiG8osH6VR66ZX7c1G85sbl+BJNqpneOpi\nHWKStnjn30J/Avy90rNbAwj9nW3Kf+dimnb9/yz9A3ncgcUwJiEdXiTRxVWxGngC\nrp9M38D8eXia4t9siHnH0hSvaxuFB4jnGeZeBmVSSxv4q91iHw8wQQgeBv1cqNEl\nEWxfCKQwp/oWuDVc3WxFm4pG+ceQnIa1Q500gVXoIlGFcbps74HTY3nM1kh7Plp7\nmB8ijL4ldKjTl6AAhuul82jUSXMav4dPuEoGRx0IhTdi0jVeJy8LOYp3BhU4KATM\n4EDphM3tFAWtkdXcRr3aRCppGqdvaelpF7GdjacostpeYjsmO97JkPiIvROO9qiU\nHSOt8hyXLJTPo87u4ZqIjh2p8HJrcghoYgNpi5WVDQ6k9iE6POGZSHI8rcVlHu/C\nRFW8gkgIyPg4C+qKtad2YLbAGLZzmeVS1TZbGbr7+lfBP+5SqD3E5RziWXa/rPed\nssDU3MXWeNwBAAABAAsDSzF8Tq9FyKmKJEV9j96Im1vO3RGltPxGx6PS4BfyQ0+H\nt/vqgccJCxnYj2Z12tys7AuoeRD7Y6cUdoemVrbwZyc8hfF6Ue6xVaC88XK1MCun\nFuicS/DAfBBwRDvZOk5o2k4ndg7oD795XszbwjI18VuFQf43MQp9o8Oc0Lo1AAUC\nfSzFGrxi/n2DPCu8TxP2gas5kWmyYJfiqA447yEtqJv8kZ2y68UhGHeotbd7EM+L\n9zyVGWSSmcvxBtt+6P0XWeEQRXY82DsAGHqisRqgfKw6UOKdW8eZyKHSFk3iTLqk\n982G9ElCYVhf1YYkMDN10ktYbMKeaILg64/W+ZcAAAEBAO+J/HSZ/HxmA85siHLy\nXfra8N2Tltgo7drP0R6oJKQPVToC0iZMfb8inaRVXzhU+YmpTTO7/gdjIcrX6V1t\n49Cvy5EGnQBaFOvmgE557lAyWXJ5fhor+AlRXurfC0UOXs21Gov4D8b+DX0Qy2Hx\nZ4z5mC2uXxymZ4KckPCnSXVR7PIebqLiz/L2YBPxMTsLSVOAZEHCFHtkAfPk2QAR\nePjLYd3RUTf3BvEdf+EJNc5AeFvYSiA+8Te0E1ddYii5Nax9BLyH1Y/gJuDJZrKc\nTbpgcuw4O0LpHkpAKW/076I0mhEC7+PH0s1tvRQXcKmwBcM6G30WW7sgmWz9a8Ll\nLAEAAAEBAORagdJzPGpra4kKlpLn+G515NSEqqOwxVMxrrMQutZYWYwvuQfhnJC4\ncmgXi9N+F/CPrB0lNvgkcuE/GFekg3N3gvtb0W5Xg+vFsZjHTujl/LowLi6BmZ59\nWy30IRL5lbxVx9gSq+C/4yY2etzRyrh+FtE7f3/GJkKCmYY+nrmUswQ+HY6zSuRd\nTYG/k6ySQgT7ARJY6JrvZHDsqHRZQhFhoQ1U5ToQ7yWm0J3qClSj0W8vbGIMHAsY\nqS5OPiBoxFDoD3DCMrWQwPGx3dPaxxPayYGzz+QaSkb5cozaY4aRArjB81UoplfV\nJGbuUuALlf1y64YsxRL+1BdmBvd+ynsAAAAAAQID\n-----END OPENSSH PRIVATE KEY-----\n","private_key_pem":"-----BEGIN RSA PRIVATE KEY-----\nMIIJKQIBAAKCAgEA1auU1A1eXyBVYtmo1PYUgk9ia7WSa5hoRhHUG3iX/bp59Xxb\nZ2AiEEiuFSUcZs42M+j6TYFWTQJOWitf2lqGRhc/fkRuC6LYS2H2vJh/QlGl0Ozn\nvmXHbkonXOotbE20bl4LIMf/cE3xxwr96+xwVI2AgNg6pxxD7Vp8r19BAJacxuTI\nDVzzdtKe/Fcbos4lkzixHsInOH5A5afxHMtK/6jUHfzyMCejoXtEJMxGArb2QJGV\n7lXLuSy+XbXkhTE/+b6VWwXHd+Uj2Bn85kXraObRf72/Xk9brkJuQBX0cs/aFemC\n9QsWaPjGRqYCbuTd832FeU+a+0EBSkHsV2QtICpIZRd8QYT0pudzKGXV+gyfUjrW\nZgVx4GsLfad6ElaTOQnclYcobERx+3Bc9BZyjPcuCRrN5OB/eQPzEnfrOJcYcsWT\n84MSgPDMd8XB6TPI4GU0gudhkAbmiJuQiTU/tfD655F2/R+yJY62bLwFy3Mea3U/\ncr2hzyKHwYxYsQDurkY/Q+BGFTqSxZ7Vtr7A5SPhS6MeV8OGQzJw3I6y6bF757EX\nnrhGYS6COgBc7lQzXcHmNf+2QszHFZ49igRLe/Xu4/Ui7kz8u7ZIRP7K5YTnf1Wa\n3R+w8pNE2hHX+bpvd7SuI0qjE/vso7tjDr/8+yaeLA46qDQVFGhC1hhS7nsCAwEA\nAQKCAgABAXxDXUa+8uOEAhtJ2ViyXlZLxICKch63ibjyYihxANI3Jh02CN1QL09m\neRS/pSPbLbMT71JtLWAaC485c2ijZtOdMAxGkL8s56qmK5+Zu9GogJz8p/T+32l9\nBfstwdXiGR47SsW4jR1gvvwAAs5qj3n14U6xX7AwK1df6fZf3tWhGA2bBn985TPr\nYyuVohvKLB+lUeumV+3NRvObG5fgSTaqZ3jqYh1ikrZ4599CfwL8vdKzWwMI/Z1t\nyn/nYpp2/f8s/QN53IHFMCYhHV4k0cVVsRp4Aq6fTN/A/Hl4muLfbIh5x9IUr2sb\nhQeI5xnmXgZlUksb+KvdYh8PMEEIHgb9XKjRJRFsXwikMKf6Frg1XN1sRZuKRvnH\nkJyGtUOdNIFV6CJRhXG6bO+B02N5zNZIez5ae5gfIoy+JXSo05egAIbrpfNo1Elz\nGr+HT7hKBkcdCIU3YtI1XicvCzmKdwYVOCgEzOBA6YTN7RQFrZHV3Ea92kQqaRqn\nb2npaRexnY2nKLLaXmI7JjveyZD4iL0TjvaolB0jrfIclyyUz6PO7uGaiI4dqfBy\na3IIaGIDaYuVlQ0OpPYhOjzhmUhyPK3FZR7vwkRVvIJICMj4OAvqirWndmC2wBi2\nc5nlUtU2Wxm6+/pXwT/uUqg9xOUc4ll2v6z3nbLA1NzF1njcAQKCAQEA74n8dJn8\nfGYDzmyIcvJd+trw3ZOW2Cjt2s/RHqgkpA9VOgLSJkx9vyKdpFVfOFT5ialNM7v+\nB2MhytfpXW3j0K/LkQadAFoU6+aATnnuUDJZcnl+Giv4CVFe6t8LRQ5ezbUai/gP\nxv4NfRDLYfFnjPmYLa5fHKZngpyQ8KdJdVHs8h5uouLP8vZgE/ExOwtJU4BkQcIU\ne2QB8+TZABF4+Mth3dFRN/cG8R1/4Qk1zkB4W9hKID7xN7QTV11iKLk1rH0EvIfV\nj+Am4MlmspxNumBy7Dg7QukeSkApb/TvojSaEQLv48fSzW29FBdwqbAFwzobfRZb\nuyCZbP1rwuUsAQKCAQEA5FqB0nM8amtriQqWkuf4bnXk1ISqo7DFUzGusxC61lhZ\njC+5B+GckLhyaBeL034X8I+sHSU2+CRy4T8YV6SDc3eC+1vRbleD68WxmMdO6OX8\nujAuLoGZnn1bLfQhEvmVvFXH2BKr4L/jJjZ63NHKuH4W0Tt/f8YmQoKZhj6euZSz\nBD4djrNK5F1Ngb+TrJJCBPsBEljomu9kcOyodFlCEWGhDVTlOhDvJabQneoKVKPR\nby9sYgwcCxipLk4+IGjEUOgPcMIytZDA8bHd09rHE9rJgbPP5BpKRvlyjNpjhpEC\nuMHzVSimV9UkZu5S4AuV/XLrhizFEv7UF2YG937KewKCAQEA3UR/OU5M1rR9a58B\n4/xSJ7k6qdL9kissm+U/7KuxPQMU3QNiEBK0TWyyZeyeirCj2S/UqqdLHpPJ0U/k\nt3Mc79aTmiGbwYl0rfw8JUGoi9gWnBHyFEbtVd4eaaMjC+UcWbSjEwxPtqdS2mY7\nGPwfhS/CDOB350UndJUfpc1Bo+fLklPeKwSMxogjdAhmS34/e6yr77pRpTFaRGru\nsItzTY7Bll8WQTYk6XEwgTU6yIzxIRYIUwURWT00aI1QcQG0vOK3D1gCRGbwQtCH\n1xFfE3yoa9/9je89FaVzIYIGIbWpY3FtGuGori5ibD7CyVxZ1l7EqaWPkqmoT+9A\nLcX4AQKCAQEAwajwSKZqKmaHgGV2ZYhNbICXXJRWkxQrhO6xljMuAPJUn0spxMFV\nonaKsDSn5OkfLGjsMpuJDtD6jISSBGIFCTvl3X51EvstahrzDvqYtXO27cBGqjJH\nMd5mIYbVNd5tWpf1MA5FrgmOfq3dbMCPCAAHIdMvwhEuCWHxCaS5v/GYEJUNRCRR\n83IddVgfyU8QpmCo/AJi4mL777kE9AduvIbrqv7AmIocBvZ+Hi6KLFXyHDU/2bcj\nYVW8xQSeM6YmN+dWkO5hSxJET7XkxvLXusLl+hWgzXZuX9rVhxb/KPR6Nm5mC2a6\nC+s7QAAGUPQCdDut+tClIgLzpBRm/CaPWQKCAQALA0sxfE6vRcipiiRFfY/eiJtb\nzt0RpbT8Rsej0uAX8kNPh7f76oHHCQsZ2I9mddrcrOwLqHkQ+2OnFHaHpla28Gcn\nPIXxelHusVWgvPFytTArpxbonEvwwHwQcEQ72TpOaNpOJ3YO6A+/eV7M28IyNfFb\nhUH+NzEKfaPDnNC6NQAFAn0sxRq8Yv59gzwrvE8T9oGrOZFpsmCX4qgOOO8hLaib\n/JGdsuvFIRh3qLW3exDPi/c8lRlkkpnL8Qbbfuj9F1nhEEV2PNg7ABh6orEaoHys\nOlDinVvHmcih0hZN4ky6pPfNhvRJQmFYX9WGJDAzddJLWGzCnmiC4OuP1vmX\n-----END RSA PRIVATE KEY-----\n","private_key_pem_pkcs8":"-----BEGIN PRIVATE KEY-----\nMIIJQwIBADANBgkqhkiG9w0BAQEFAASCCS0wggkpAgEAAoICAQDVq5TUDV5fIFVi\n2ajU9hSCT2JrtZJrmGhGEdQbeJf9unn1fFtnYCIQSK4VJRxmzjYz6PpNgVZNAk5a\nK1/aWoZGFz9+RG4LothLYfa8mH9CUaXQ7Oe+ZcduSidc6i1sTbRuXgsgx/9wTfHH\nCv3r7HBUjYCA2DqnHEPtWnyvX0EAlpzG5MgNXPN20p78VxuiziWTOLEewic4fkDl\np/Ecy0r/qNQd/PIwJ6Ohe0QkzEYCtvZAkZXuVcu5LL5dteSFMT/5vpVbBcd35SPY\nGfzmReto5tF/vb9eT1uuQm5AFfRyz9oV6YL1CxZo+MZGpgJu5N3zfYV5T5r7QQFK\nQexXZC0gKkhlF3xBhPSm53MoZdX6DJ9SOtZmBXHgawt9p3oSVpM5CdyVhyhsRHH7\ncFz0FnKM9y4JGs3k4H95A/MSd+s4lxhyxZPzgxKA8Mx3xcHpM8jgZTSC52GQBuaI\nm5CJNT+18PrnkXb9H7IljrZsvAXLcx5rdT9yvaHPIofBjFixAO6uRj9D4EYVOpLF\nntW2vsDlI+FLox5Xw4ZDMnDcjrLpsXvnsReeuEZhLoI6AFzuVDNdweY1/7ZCzMcV\nnj2KBEt79e7j9SLuTPy7tkhE/srlhOd/VZrdH7Dyk0TaEdf5um93tK4jSqMT++yj\nu2MOv/z7Jp4sDjqoNBUUaELWGFLuewIDAQABAoICAAEBfENdRr7y44QCG0nZWLJe\nVkvEgIpyHreJuPJiKHEA0jcmHTYI3VAvT2Z5FL+lI9stsxPvUm0tYBoLjzlzaKNm\n050wDEaQvyznqqYrn5m70aiAnPyn9P7faX0F+y3B1eIZHjtKxbiNHWC+/AACzmqP\nefXhTrFfsDArV1/p9l/e1aEYDZsGf3zlM+tjK5WiG8osH6VR66ZX7c1G85sbl+BJ\nNqpneOpiHWKStnjn30J/Avy90rNbAwj9nW3Kf+dimnb9/yz9A3ncgcUwJiEdXiTR\nxVWxGngCrp9M38D8eXia4t9siHnH0hSvaxuFB4jnGeZeBmVSSxv4q91iHw8wQQge\nBv1cqNElEWxfCKQwp/oWuDVc3WxFm4pG+ceQnIa1Q500gVXoIlGFcbps74HTY3nM\n1kh7Plp7mB8ijL4ldKjTl6AAhuul82jUSXMav4dPuEoGRx0IhTdi0jVeJy8LOYp3\nBhU4KATM4EDphM3tFAWtkdXcRr3aRCppGqdvaelpF7GdjacostpeYjsmO97JkPiI\nvROO9qiUHSOt8hyXLJTPo87u4ZqIjh2p8HJrcghoYgNpi5WVDQ6k9iE6POGZSHI8\nrcVlHu/CRFW8gkgIyPg4C+qKtad2YLbAGLZzmeVS1TZbGbr7+lfBP+5SqD3E5Rzi\nWXa/rPedssDU3MXWeNwBAoIBAQDvifx0mfx8ZgPObIhy8l362vDdk5bYKO3az9Ee\nqCSkD1U6AtImTH2/Ip2kVV84VPmJqU0zu/4HYyHK1+ldbePQr8uRBp0AWhTr5oBO\nee5QMllyeX4aK/gJUV7q3wtFDl7NtRqL+A/G/g19EMth8WeM+Zgtrl8cpmeCnJDw\np0l1UezyHm6i4s/y9mAT8TE7C0lTgGRBwhR7ZAHz5NkAEXj4y2Hd0VE39wbxHX/h\nCTXOQHhb2EogPvE3tBNXXWIouTWsfQS8h9WP4CbgyWaynE26YHLsODtC6R5KQClv\n9O+iNJoRAu/jx9LNbb0UF3CpsAXDOht9Flu7IJls/WvC5SwBAoIBAQDkWoHSczxq\na2uJCpaS5/hudeTUhKqjsMVTMa6zELrWWFmML7kH4ZyQuHJoF4vTfhfwj6wdJTb4\nJHLhPxhXpINzd4L7W9FuV4PrxbGYx07o5fy6MC4ugZmefVst9CES+ZW8VcfYEqvg\nv+MmNnrc0cq4fhbRO39/xiZCgpmGPp65lLMEPh2Os0rkXU2Bv5OskkIE+wESWOia\n72Rw7Kh0WUIRYaENVOU6EO8lptCd6gpUo9FvL2xiDBwLGKkuTj4gaMRQ6A9wwjK1\nkMDxsd3T2scT2smBs8/kGkpG+XKM2mOGkQK4wfNVKKZX1SRm7lLgC5X9cuuGLMUS\n/tQXZgb3fsp7AoIBAQDdRH85TkzWtH1rnwHj/FInuTqp0v2SKyyb5T/sq7E9AxTd\nA2IQErRNbLJl7J6KsKPZL9Sqp0sek8nRT+S3cxzv1pOaIZvBiXSt/DwlQaiL2Bac\nEfIURu1V3h5poyML5RxZtKMTDE+2p1LaZjsY/B+FL8IM4HfnRSd0lR+lzUGj58uS\nU94rBIzGiCN0CGZLfj97rKvvulGlMVpEau6wi3NNjsGWXxZBNiTpcTCBNTrIjPEh\nFghTBRFZPTRojVBxAbS84rcPWAJEZvBC0IfXEV8TfKhr3/2N7z0VpXMhggYhtalj\ncW0a4aiuLmJsPsLJXFnWXsSppY+SqahP70AtxfgBAoIBAQDBqPBIpmoqZoeAZXZl\niE1sgJdclFaTFCuE7rGWMy4A8lSfSynEwVWidoqwNKfk6R8saOwym4kO0PqMhJIE\nYgUJO+XdfnUS+y1qGvMO+pi1c7btwEaqMkcx3mYhhtU13m1al/UwDkWuCY5+rd1s\nwI8IAAch0y/CES4JYfEJpLm/8ZgQlQ1EJFHzch11WB/JTxCmYKj8AmLiYvvvuQT0\nB268huuq/sCYihwG9n4eLoosVfIcNT/ZtyNhVbzFBJ4zpiY351aQ7mFLEkRPteTG\n8te6wuX6FaDNdm5f2tWHFv8o9Ho2bmYLZroL6ztAAAZQ9AJ0O6360KUiAvOkFGb8\nJo9ZAoIBAAsDSzF8Tq9FyKmKJEV9j96Im1vO3RGltPxGx6PS4BfyQ0+Ht/vqgccJ\nCxnYj2Z12tys7AuoeRD7Y6cUdoemVrbwZyc8hfF6Ue6xVaC88XK1MCunFuicS/DA\nfBBwRDvZOk5o2k4ndg7oD795XszbwjI18VuFQf43MQp9o8Oc0Lo1AAUCfSzFGrxi\n/n2DPCu8TxP2gas5kWmyYJfiqA447yEtqJv8kZ2y68UhGHeotbd7EM+L9zyVGWSS\nmcvxBtt+6P0XWeEQRXY82DsAGHqisRqgfKw6UOKdW8eZyKHSFk3iTLqk982G9ElC\nYVhf1YYkMDN10ktYbMKeaILg64/W+Zc=\n-----END PRIVATE KEY-----\n","public_key_fingerprint_md5":"39:36:58:5b:0d:30:c4:05:6a:94:97:f2:9b:ce:65:2b","public_key_fingerprint_sha256":"SHA256:k8CfG1KM2xBtfAdY6b9CIy0pJIKPw9HC9X6MGTo2mho","public_key_openssh":"ssh-rsa AAAAB3NzaC1yc2EAAAADAQABAAACAQDVq5TUDV5fIFVi2ajU9hSCT2JrtZJrmGhGEdQbeJf9unn1fFtnYCIQSK4VJRxmzjYz6PpNgVZNAk5aK1/aWoZGFz9+RG4LothLYfa8mH9CUaXQ7Oe+ZcduSidc6i1sTbRuXgsgx/9wTfHHCv3r7HBUjYCA2DqnHEPtWnyvX0EAlpzG5MgNXPN20p78VxuiziWTOLEewic4fkDlp/Ecy0r/qNQd/PIwJ6Ohe0QkzEYCtvZAkZXuVcu5LL5dteSFMT/5vpVbBcd35SPYGfzmReto5tF/vb9eT1uuQm5AFfRyz9oV6YL1CxZo+MZGpgJu5N3zfYV5T5r7QQFKQexXZC0gKkhlF3xBhPSm53MoZdX6DJ9SOtZmBXHgawt9p3oSVpM5CdyVhyhsRHH7cFz0FnKM9y4JGs3k4H95A/MSd+s4lxhyxZPzgxKA8Mx3xcHpM8jgZTSC52GQBuaIm5CJNT+18PrnkXb9H7IljrZsvAXLcx5rdT9yvaHPIofBjFixAO6uRj9D4EYVOpLFntW2vsDlI+FLox5Xw4ZDMnDcjrLpsXvnsReeuEZhLoI6AFzuVDNdweY1/7ZCzMcVnj2KBEt79e7j9SLuTPy7tkhE/srlhOd/VZrdH7Dyk0TaEdf5um93tK4jSqMT++yju2MOv/z7Jp4sDjqoNBUUaELWGFLuew==\n","public_key_pem":"-----BEGIN PUBLIC KEY-----\nMIICIjANBgkqhkiG9w0BAQEFAAOCAg8AMIICCgKCAgEA1auU1A1eXyBVYtmo1PYU\ngk9ia7WSa5hoRhHUG3iX/bp59XxbZ2AiEEiuFSUcZs42M+j6TYFWTQJOWitf2lqG\nRhc/fkRuC6LYS2H2vJh/QlGl0OznvmXHbkonXOotbE20bl4LIMf/cE3xxwr96+xw\nVI2AgNg6pxxD7Vp8r19BAJacxuTIDVzzdtKe/Fcbos4lkzixHsInOH5A5afxHMtK\n/6jUHfzyMCejoXtEJMxGArb2QJGV7lXLuSy+XbXkhTE/+b6VWwXHd+Uj2Bn85kXr\naObRf72/Xk9brkJuQBX0cs/aFemC9QsWaPjGRqYCbuTd832FeU+a+0EBSkHsV2Qt\nICpIZRd8QYT0pudzKGXV+gyfUjrWZgVx4GsLfad6ElaTOQnclYcobERx+3Bc9BZy\njPcuCRrN5OB/eQPzEnfrOJcYcsWT84MSgPDMd8XB6TPI4GU0gudhkAbmiJuQiTU/\ntfD655F2/R+yJY62bLwFy3Mea3U/cr2hzyKHwYxYsQDurkY/Q+BGFTqSxZ7Vtr7A\n5SPhS6MeV8OGQzJw3I6y6bF757EXnrhGYS6COgBc7lQzXcHmNf+2QszHFZ49igRL\ne/Xu4/Ui7kz8u7ZIRP7K5YTnf1Wa3R+w8pNE2hHX+bpvd7SuI0qjE/vso7tjDr/8\n+yaeLA46qDQVFGhC1hhS7nsCAwEAAQ==\n-----END PUBLIC KEY-----\n","rsa_bits":4096},"sensitive_attributes":[[{"type":"get_attr","value":"private_key_openssh"}],[{"type":"get_attr","value":"private_key_pem"}],[{"type":"get_attr","value":"private_key_pem_pkcs8"}]]}]}],"check_results":null}
