{"version":4,"terraform_version":"1.11.3","serial":72,"lineage":"a257bf3b-03bd-4a1d-a382-188631baae12","outputs":{},"resources":[{"mode":"managed","type":"aws_vpc","name":"vpc","provider":"provider[\"registry.opentofu.org/hashicorp/aws\"]","instances":[{"schema_version":1,"attributes":{"arn":"arn:aws:ec2:eu-central-1:758280076486:vpc/vpc-0e5aaec7c5afa57bc","assign_generated_ipv6_cidr_block":false,"cidr_block":"10.0.0.0/16","default_network_acl_id":"acl-0e2dee79389903bea","default_route_table_id":"rtb-09125a23a5c435ec2","default_security_group_id":"sg-0d8826f8c703c67fc","dhcp_options_id":"dopt-0ef792c9a7131d7b8","enable_dns_hostnames":false,"enable_dns_support":true,"enable_network_address_usage_metrics":false,"id":"vpc-0e5aaec7c5afa57bc","instance_tenancy":"default","ipv4_ipam_pool_id":null,"ipv4_netmask_length":null,"ipv6_association_id":"","ipv6_cidr_block":"","ipv6_cidr_block_network_border_group":"","ipv6_ipam_pool_id":"","ipv6_netmask_length":0,"main_route_table_id":"rtb-09125a23a5c435ec2","owner_id":"758280076486","region":"eu-central-1","tags":{"Name":"cnd-prod-eks-vpc","kubernetes.io/cluster/cnd-prod-eks":"shared"},"tags_all":{"Name":"cnd-prod-eks-vpc","kubernetes.io/cluster/cnd-prod-eks":"shared"}},"sensitive_attributes":[],"private":"eyJzY2hlbWFfdmVyc2lvbiI6IjEifQ=="}]}],"check_results":null}
